// !$*UTF8*$!
{
	archiveVersion = 1;
	classes = {
	};
	objectVersion = 46;
	objects = {

/* Begin PBXBuildFile section */
		36ADF7FE1BF13E1E0021ED2F /* AppDelegate.swift in Sources */ = {isa = PBXBuildFile; fileRef = 36ADF7FD1BF13E1E0021ED2F /* AppDelegate.swift */; };
		36ADF8001BF13E1E0021ED2F /* ViewController.swift in Sources */ = {isa = PBXBuildFile; fileRef = 36ADF7FF1BF13E1E0021ED2F /* ViewController.swift */; };
		36ADF8031BF13E1E0021ED2F /* Main.storyboard in Resources */ = {isa = PBXBuildFile; fileRef = 36ADF8011BF13E1E0021ED2F /* Main.storyboard */; };
		36ADF8051BF13E1E0021ED2F /* Assets.xcassets in Resources */ = {isa = PBXBuildFile; fileRef = 36ADF8041BF13E1E0021ED2F /* Assets.xcassets */; };
		36ADF8081BF13E1E0021ED2F /* LaunchScreen.storyboard in Resources */ = {isa = PBXBuildFile; fileRef = 36ADF8061BF13E1E0021ED2F /* LaunchScreen.storyboard */; };
		36ADF8131BF13E1E0021ED2F /* DroneSpikeTests.swift in Sources */ = {isa = PBXBuildFile; fileRef = 36ADF8121BF13E1E0021ED2F /* DroneSpikeTests.swift */; };
		36ADF81E1BF13E1E0021ED2F /* DroneSpikeUITests.swift in Sources */ = {isa = PBXBuildFile; fileRef = 36ADF81D1BF13E1E0021ED2F /* DroneSpikeUITests.swift */; };
		36ADF82C1BF13E2F0021ED2F /* DJISDK.framework in Frameworks */ = {isa = PBXBuildFile; fileRef = 36ADF82B1BF13E2F0021ED2F /* DJISDK.framework */; };
		36ADF82E1BF13E3E0021ED2F /* libz.tbd in Frameworks */ = {isa = PBXBuildFile; fileRef = 36ADF82D1BF13E3E0021ED2F /* libz.tbd */; };
		36ADF8321BF13E700021ED2F /* libstdc++.6.0.9.tbd in Frameworks */ = {isa = PBXBuildFile; fileRef = 36ADF8311BF13E700021ED2F /* libstdc++.6.0.9.tbd */; };
/* End PBXBuildFile section */

/* Begin PBXContainerItemProxy section */
		36ADF80F1BF13E1E0021ED2F /* PBXContainerItemProxy */ = {
			isa = PBXContainerItemProxy;
			containerPortal = 36ADF7F21BF13E1E0021ED2F /* Project object */;
			proxyType = 1;
			remoteGlobalIDString = 36ADF7F91BF13E1E0021ED2F;
			remoteInfo = DroneSpike;
		};
		36ADF81A1BF13E1E0021ED2F /* PBXContainerItemProxy */ = {
			isa = PBXContainerItemProxy;
			containerPortal = 36ADF7F21BF13E1E0021ED2F /* Project object */;
			proxyType = 1;
			remoteGlobalIDString = 36ADF7F91BF13E1E0021ED2F;
			remoteInfo = DroneSpike;
		};
/* End PBXContainerItemProxy section */

/* Begin PBXFileReference section */
		36ADF7FA1BF13E1E0021ED2F /* DroneSpike.app */ = {isa = PBXFileReference; explicitFileType = wrapper.application; includeInIndex = 0; path = DroneSpike.app; sourceTree = BUILT_PRODUCTS_DIR; };
		36ADF7FD1BF13E1E0021ED2F /* AppDelegate.swift */ = {isa = PBXFileReference; lastKnownFileType = sourcecode.swift; path = AppDelegate.swift; sourceTree = "<group>"; };
		36ADF7FF1BF13E1E0021ED2F /* ViewController.swift */ = {isa = PBXFileReference; lastKnownFileType = sourcecode.swift; path = ViewController.swift; sourceTree = "<group>"; };
		36ADF8021BF13E1E0021ED2F /* Base */ = {isa = PBXFileReference; lastKnownFileType = file.storyboard; name = Base; path = Base.lproj/Main.storyboard; sourceTree = "<group>"; };
		36ADF8041BF13E1E0021ED2F /* Assets.xcassets */ = {isa = PBXFileReference; lastKnownFileType = folder.assetcatalog; path = Assets.xcassets; sourceTree = "<group>"; };
		36ADF8071BF13E1E0021ED2F /* Base */ = {isa = PBXFileReference; lastKnownFileType = file.storyboard; name = Base; path = Base.lproj/LaunchScreen.storyboard; sourceTree = "<group>"; };
		36ADF8091BF13E1E0021ED2F /* Info.plist */ = {isa = PBXFileReference; lastKnownFileType = text.plist.xml; path = Info.plist; sourceTree = "<group>"; };
		36ADF80E1BF13E1E0021ED2F /* DroneSpikeTests.xctest */ = {isa = PBXFileReference; explicitFileType = wrapper.cfbundle; includeInIndex = 0; path = DroneSpikeTests.xctest; sourceTree = BUILT_PRODUCTS_DIR; };
		36ADF8121BF13E1E0021ED2F /* DroneSpikeTests.swift */ = {isa = PBXFileReference; lastKnownFileType = sourcecode.swift; path = DroneSpikeTests.swift; sourceTree = "<group>"; };
		36ADF8141BF13E1E0021ED2F /* Info.plist */ = {isa = PBXFileReference; lastKnownFileType = text.plist.xml; path = Info.plist; sourceTree = "<group>"; };
		36ADF8191BF13E1E0021ED2F /* DroneSpikeUITests.xctest */ = {isa = PBXFileReference; explicitFileType = wrapper.cfbundle; includeInIndex = 0; path = DroneSpikeUITests.xctest; sourceTree = BUILT_PRODUCTS_DIR; };
		36ADF81D1BF13E1E0021ED2F /* DroneSpikeUITests.swift */ = {isa = PBXFileReference; lastKnownFileType = sourcecode.swift; path = DroneSpikeUITests.swift; sourceTree = "<group>"; };
		36ADF81F1BF13E1E0021ED2F /* Info.plist */ = {isa = PBXFileReference; lastKnownFileType = text.plist.xml; path = Info.plist; sourceTree = "<group>"; };
		36ADF82B1BF13E2F0021ED2F /* DJISDK.framework */ = {isa = PBXFileReference; lastKnownFileType = wrapper.framework; path = DJISDK.framework; sourceTree = "<group>"; };
		36ADF82D1BF13E3E0021ED2F /* libz.tbd */ = {isa = PBXFileReference; lastKnownFileType = "sourcecode.text-based-dylib-definition"; name = libz.tbd; path = usr/lib/libz.tbd; sourceTree = SDKROOT; };
		36ADF82F1BF13E4F0021ED2F /* libstdc++.tbd */ = {isa = PBXFileReference; lastKnownFileType = "sourcecode.text-based-dylib-definition"; name = "libstdc++.tbd"; path = "usr/lib/libstdc++.tbd"; sourceTree = SDKROOT; };
		36ADF8311BF13E700021ED2F /* libstdc++.6.0.9.tbd */ = {isa = PBXFileReference; lastKnownFileType = "sourcecode.text-based-dylib-definition"; name = "libstdc++.6.0.9.tbd"; path = "usr/lib/libstdc++.6.0.9.tbd"; sourceTree = SDKROOT; };
		36ADF8331BF214FA0021ED2F /* DroneSpike-Bridging-Header.h */ = {isa = PBXFileReference; lastKnownFileType = sourcecode.c.h; path = "DroneSpike-Bridging-Header.h"; sourceTree = "<group>"; };
/* End PBXFileReference section */

/* Begin PBXFrameworksBuildPhase section */
		36ADF7F71BF13E1E0021ED2F /* Frameworks */ = {
			isa = PBXFrameworksBuildPhase;
			buildActionMask = 2147483647;
			files = (
				36ADF8321BF13E700021ED2F /* libstdc++.6.0.9.tbd in Frameworks */,
				36ADF82E1BF13E3E0021ED2F /* libz.tbd in Frameworks */,
				36ADF82C1BF13E2F0021ED2F /* DJISDK.framework in Frameworks */,
			);
			runOnlyForDeploymentPostprocessing = 0;
		};
		36ADF80B1BF13E1E0021ED2F /* Frameworks */ = {
			isa = PBXFrameworksBuildPhase;
			buildActionMask = 2147483647;
			files = (
			);
			runOnlyForDeploymentPostprocessing = 0;
		};
		36ADF8161BF13E1E0021ED2F /* Frameworks */ = {
			isa = PBXFrameworksBuildPhase;
			buildActionMask = 2147483647;
			files = (
			);
			runOnlyForDeploymentPostprocessing = 0;
		};
/* End PBXFrameworksBuildPhase section */

/* Begin PBXGroup section */
		36ADF7F11BF13E1E0021ED2F = {
			isa = PBXGroup;
			children = (
				36ADF8311BF13E700021ED2F /* libstdc++.6.0.9.tbd */,
				36ADF82F1BF13E4F0021ED2F /* libstdc++.tbd */,
				36ADF82D1BF13E3E0021ED2F /* libz.tbd */,
				36ADF7FC1BF13E1E0021ED2F /* DroneSpike */,
				36ADF8111BF13E1E0021ED2F /* DroneSpikeTests */,
				36ADF81C1BF13E1E0021ED2F /* DroneSpikeUITests */,
				36ADF7FB1BF13E1E0021ED2F /* Products */,
			);
			sourceTree = "<group>";
		};
		36ADF7FB1BF13E1E0021ED2F /* Products */ = {
			isa = PBXGroup;
			children = (
				36ADF7FA1BF13E1E0021ED2F /* DroneSpike.app */,
				36ADF80E1BF13E1E0021ED2F /* DroneSpikeTests.xctest */,
				36ADF8191BF13E1E0021ED2F /* DroneSpikeUITests.xctest */,
			);
			name = Products;
			sourceTree = "<group>";
		};
		36ADF7FC1BF13E1E0021ED2F /* DroneSpike */ = {
			isa = PBXGroup;
			children = (
				36ADF82B1BF13E2F0021ED2F /* DJISDK.framework */,
				36ADF7FD1BF13E1E0021ED2F /* AppDelegate.swift */,
				36ADF7FF1BF13E1E0021ED2F /* ViewController.swift */,
				36ADF8011BF13E1E0021ED2F /* Main.storyboard */,
				36ADF8041BF13E1E0021ED2F /* Assets.xcassets */,
				36ADF8061BF13E1E0021ED2F /* LaunchScreen.storyboard */,
				36ADF8091BF13E1E0021ED2F /* Info.plist */,
				36ADF8331BF214FA0021ED2F /* DroneSpike-Bridging-Header.h */,
			);
			path = DroneSpike;
			sourceTree = "<group>";
		};
		36ADF8111BF13E1E0021ED2F /* DroneSpikeTests */ = {
			isa = PBXGroup;
			children = (
				36ADF8121BF13E1E0021ED2F /* DroneSpikeTests.swift */,
				36ADF8141BF13E1E0021ED2F /* Info.plist */,
			);
			path = DroneSpikeTests;
			sourceTree = "<group>";
		};
		36ADF81C1BF13E1E0021ED2F /* DroneSpikeUITests */ = {
			isa = PBXGroup;
			children = (
				36ADF81D1BF13E1E0021ED2F /* DroneSpikeUITests.swift */,
				36ADF81F1BF13E1E0021ED2F /* Info.plist */,
			);
			path = DroneSpikeUITests;
			sourceTree = "<group>";
		};
/* End PBXGroup section */

/* Begin PBXNativeTarget section */
		36ADF7F91BF13E1E0021ED2F /* DroneSpike */ = {
			isa = PBXNativeTarget;
			buildConfigurationList = 36ADF8221BF13E1E0021ED2F /* Build configuration list for PBXNativeTarget "DroneSpike" */;
			buildPhases = (
				36ADF7F61BF13E1E0021ED2F /* Sources */,
				36ADF7F71BF13E1E0021ED2F /* Frameworks */,
				36ADF7F81BF13E1E0021ED2F /* Resources */,
			);
			buildRules = (
			);
			dependencies = (
			);
			name = DroneSpike;
			productName = DroneSpike;
			productReference = 36ADF7FA1BF13E1E0021ED2F /* DroneSpike.app */;
			productType = "com.apple.product-type.application";
		};
		36ADF80D1BF13E1E0021ED2F /* DroneSpikeTests */ = {
			isa = PBXNativeTarget;
			buildConfigurationList = 36ADF8251BF13E1E0021ED2F /* Build configuration list for PBXNativeTarget "DroneSpikeTests" */;
			buildPhases = (
				36ADF80A1BF13E1E0021ED2F /* Sources */,
				36ADF80B1BF13E1E0021ED2F /* Frameworks */,
				36ADF80C1BF13E1E0021ED2F /* Resources */,
			);
			buildRules = (
			);
			dependencies = (
				36ADF8101BF13E1E0021ED2F /* PBXTargetDependency */,
			);
			name = DroneSpikeTests;
			productName = DroneSpikeTests;
			productReference = 36ADF80E1BF13E1E0021ED2F /* DroneSpikeTests.xctest */;
			productType = "com.apple.product-type.bundle.unit-test";
		};
		36ADF8181BF13E1E0021ED2F /* DroneSpikeUITests */ = {
			isa = PBXNativeTarget;
			buildConfigurationList = 36ADF8281BF13E1E0021ED2F /* Build configuration list for PBXNativeTarget "DroneSpikeUITests" */;
			buildPhases = (
				36ADF8151BF13E1E0021ED2F /* Sources */,
				36ADF8161BF13E1E0021ED2F /* Frameworks */,
				36ADF8171BF13E1E0021ED2F /* Resources */,
			);
			buildRules = (
			);
			dependencies = (
				36ADF81B1BF13E1E0021ED2F /* PBXTargetDependency */,
			);
			name = DroneSpikeUITests;
			productName = DroneSpikeUITests;
			productReference = 36ADF8191BF13E1E0021ED2F /* DroneSpikeUITests.xctest */;
			productType = "com.apple.product-type.bundle.ui-testing";
		};
/* End PBXNativeTarget section */

/* Begin PBXProject section */
		36ADF7F21BF13E1E0021ED2F /* Project object */ = {
			isa = PBXProject;
			attributes = {
				LastSwiftUpdateCheck = 0710;
				LastUpgradeCheck = 0710;
				ORGANIZATIONNAME = "Bearch Inc";
				TargetAttributes = {
					36ADF7F91BF13E1E0021ED2F = {
						CreatedOnToolsVersion = 7.1;
					};
					36ADF80D1BF13E1E0021ED2F = {
						CreatedOnToolsVersion = 7.1;
						TestTargetID = 36ADF7F91BF13E1E0021ED2F;
					};
					36ADF8181BF13E1E0021ED2F = {
						CreatedOnToolsVersion = 7.1;
						TestTargetID = 36ADF7F91BF13E1E0021ED2F;
					};
				};
			};
			buildConfigurationList = 36ADF7F51BF13E1E0021ED2F /* Build configuration list for PBXProject "DroneSpike" */;
			compatibilityVersion = "Xcode 3.2";
			developmentRegion = English;
			hasScannedForEncodings = 0;
			knownRegions = (
				en,
				Base,
			);
			mainGroup = 36ADF7F11BF13E1E0021ED2F;
			productRefGroup = 36ADF7FB1BF13E1E0021ED2F /* Products */;
			projectDirPath = "";
			projectRoot = "";
			targets = (
				36ADF7F91BF13E1E0021ED2F /* DroneSpike */,
				36ADF80D1BF13E1E0021ED2F /* DroneSpikeTests */,
				36ADF8181BF13E1E0021ED2F /* DroneSpikeUITests */,
			);
		};
/* End PBXProject section */

/* Begin PBXResourcesBuildPhase section */
		36ADF7F81BF13E1E0021ED2F /* Resources */ = {
			isa = PBXResourcesBuildPhase;
			buildActionMask = 2147483647;
			files = (
				36ADF8081BF13E1E0021ED2F /* LaunchScreen.storyboard in Resources */,
				36ADF8051BF13E1E0021ED2F /* Assets.xcassets in Resources */,
				36ADF8031BF13E1E0021ED2F /* Main.storyboard in Resources */,
			);
			runOnlyForDeploymentPostprocessing = 0;
		};
		36ADF80C1BF13E1E0021ED2F /* Resources */ = {
			isa = PBXResourcesBuildPhase;
			buildActionMask = 2147483647;
			files = (
			);
			runOnlyForDeploymentPostprocessing = 0;
		};
		36ADF8171BF13E1E0021ED2F /* Resources */ = {
			isa = PBXResourcesBuildPhase;
			buildActionMask = 2147483647;
			files = (
			);
			runOnlyForDeploymentPostprocessing = 0;
		};
/* End PBXResourcesBuildPhase section */

/* Begin PBXSourcesBuildPhase section */
		36ADF7F61BF13E1E0021ED2F /* Sources */ = {
			isa = PBXSourcesBuildPhase;
			buildActionMask = 2147483647;
			files = (
				36ADF8001BF13E1E0021ED2F /* ViewController.swift in Sources */,
				36ADF7FE1BF13E1E0021ED2F /* AppDelegate.swift in Sources */,
			);
			runOnlyForDeploymentPostprocessing = 0;
		};
		36ADF80A1BF13E1E0021ED2F /* Sources */ = {
			isa = PBXSourcesBuildPhase;
			buildActionMask = 2147483647;
			files = (
				36ADF8131BF13E1E0021ED2F /* DroneSpikeTests.swift in Sources */,
			);
			runOnlyForDeploymentPostprocessing = 0;
		};
		36ADF8151BF13E1E0021ED2F /* Sources */ = {
			isa = PBXSourcesBuildPhase;
			buildActionMask = 2147483647;
			files = (
				36ADF81E1BF13E1E0021ED2F /* DroneSpikeUITests.swift in Sources */,
			);
			runOnlyForDeploymentPostprocessing = 0;
		};
/* End PBXSourcesBuildPhase section */

/* Begin PBXTargetDependency section */
		36ADF8101BF13E1E0021ED2F /* PBXTargetDependency */ = {
			isa = PBXTargetDependency;
			target = 36ADF7F91BF13E1E0021ED2F /* DroneSpike */;
			targetProxy = 36ADF80F1BF13E1E0021ED2F /* PBXContainerItemProxy */;
		};
		36ADF81B1BF13E1E0021ED2F /* PBXTargetDependency */ = {
			isa = PBXTargetDependency;
			target = 36ADF7F91BF13E1E0021ED2F /* DroneSpike */;
			targetProxy = 36ADF81A1BF13E1E0021ED2F /* PBXContainerItemProxy */;
		};
/* End PBXTargetDependency section */

/* Begin PBXVariantGroup section */
		36ADF8011BF13E1E0021ED2F /* Main.storyboard */ = {
			isa = PBXVariantGroup;
			children = (
				36ADF8021BF13E1E0021ED2F /* Base */,
			);
			name = Main.storyboard;
			sourceTree = "<group>";
		};
		36ADF8061BF13E1E0021ED2F /* LaunchScreen.storyboard */ = {
			isa = PBXVariantGroup;
			children = (
				36ADF8071BF13E1E0021ED2F /* Base */,
			);
			name = LaunchScreen.storyboard;
			sourceTree = "<group>";
		};
/* End PBXVariantGroup section */

/* Begin XCBuildConfiguration section */
		36ADF8201BF13E1E0021ED2F /* Debug */ = {
			isa = XCBuildConfiguration;
			buildSettings = {
				ALWAYS_SEARCH_USER_PATHS = NO;
				CLANG_CXX_LANGUAGE_STANDARD = "gnu++0x";
				CLANG_CXX_LIBRARY = "libc++";
				CLANG_ENABLE_MODULES = YES;
				CLANG_ENABLE_OBJC_ARC = YES;
				CLANG_WARN_BOOL_CONVERSION = YES;
				CLANG_WARN_CONSTANT_CONVERSION = YES;
				CLANG_WARN_DIRECT_OBJC_ISA_USAGE = YES_ERROR;
				CLANG_WARN_EMPTY_BODY = YES;
				CLANG_WARN_ENUM_CONVERSION = YES;
				CLANG_WARN_INT_CONVERSION = YES;
				CLANG_WARN_OBJC_ROOT_CLASS = YES_ERROR;
				CLANG_WARN_UNREACHABLE_CODE = YES;
				CLANG_WARN__DUPLICATE_METHOD_MATCH = YES;
				"CODE_SIGN_IDENTITY[sdk=iphoneos*]" = "iPhone Developer";
				COPY_PHASE_STRIP = NO;
				DEBUG_INFORMATION_FORMAT = dwarf;
				ENABLE_STRICT_OBJC_MSGSEND = YES;
				ENABLE_TESTABILITY = YES;
				GCC_C_LANGUAGE_STANDARD = gnu99;
				GCC_DYNAMIC_NO_PIC = NO;
				GCC_NO_COMMON_BLOCKS = YES;
				GCC_OPTIMIZATION_LEVEL = 0;
				GCC_PREPROCESSOR_DEFINITIONS = (
					"DEBUG=1",
					"$(inherited)",
				);
				GCC_WARN_64_TO_32_BIT_CONVERSION = YES;
				GCC_WARN_ABOUT_RETURN_TYPE = YES_ERROR;
				GCC_WARN_UNDECLARED_SELECTOR = YES;
				GCC_WARN_UNINITIALIZED_AUTOS = YES_AGGRESSIVE;
				GCC_WARN_UNUSED_FUNCTION = YES;
				GCC_WARN_UNUSED_VARIABLE = YES;
				IPHONEOS_DEPLOYMENT_TARGET = 9.1;
				MTL_ENABLE_DEBUG_INFO = YES;
				ONLY_ACTIVE_ARCH = YES;
				SDKROOT = iphoneos;
				SWIFT_OPTIMIZATION_LEVEL = "-Onone";
				TARGETED_DEVICE_FAMILY = "1,2";
			};
			name = Debug;
		};
		36ADF8211BF13E1E0021ED2F /* Release */ = {
			isa = XCBuildConfiguration;
			buildSettings = {
				ALWAYS_SEARCH_USER_PATHS = NO;
				CLANG_CXX_LANGUAGE_STANDARD = "gnu++0x";
				CLANG_CXX_LIBRARY = "libc++";
				CLANG_ENABLE_MODULES = YES;
				CLANG_ENABLE_OBJC_ARC = YES;
				CLANG_WARN_BOOL_CONVERSION = YES;
				CLANG_WARN_CONSTANT_CONVERSION = YES;
				CLANG_WARN_DIRECT_OBJC_ISA_USAGE = YES_ERROR;
				CLANG_WARN_EMPTY_BODY = YES;
				CLANG_WARN_ENUM_CONVERSION = YES;
				CLANG_WARN_INT_CONVERSION = YES;
				CLANG_WARN_OBJC_ROOT_CLASS = YES_ERROR;
				CLANG_WARN_UNREACHABLE_CODE = YES;
				CLANG_WARN__DUPLICATE_METHOD_MATCH = YES;
				"CODE_SIGN_IDENTITY[sdk=iphoneos*]" = "iPhone Developer";
				COPY_PHASE_STRIP = NO;
				DEBUG_INFORMATION_FORMAT = "dwarf-with-dsym";
				ENABLE_NS_ASSERTIONS = NO;
				ENABLE_STRICT_OBJC_MSGSEND = YES;
				GCC_C_LANGUAGE_STANDARD = gnu99;
				GCC_NO_COMMON_BLOCKS = YES;
				GCC_WARN_64_TO_32_BIT_CONVERSION = YES;
				GCC_WARN_ABOUT_RETURN_TYPE = YES_ERROR;
				GCC_WARN_UNDECLARED_SELECTOR = YES;
				GCC_WARN_UNINITIALIZED_AUTOS = YES_AGGRESSIVE;
				GCC_WARN_UNUSED_FUNCTION = YES;
				GCC_WARN_UNUSED_VARIABLE = YES;
				IPHONEOS_DEPLOYMENT_TARGET = 9.1;
				MTL_ENABLE_DEBUG_INFO = NO;
				SDKROOT = iphoneos;
				TARGETED_DEVICE_FAMILY = "1,2";
				VALIDATE_PRODUCT = YES;
			};
			name = Release;
		};
		36ADF8231BF13E1E0021ED2F /* Debug */ = {
			isa = XCBuildConfiguration;
			buildSettings = {
				ASSETCATALOG_COMPILER_APPICON_NAME = AppIcon;
				CLANG_ENABLE_MODULES = YES;
				ENABLE_BITCODE = NO;
				FRAMEWORK_SEARCH_PATHS = (
					"$(inherited)",
					"$(PROJECT_DIR)/DroneSpike",
				);
				INFOPLIST_FILE = DroneSpike/Info.plist;
				LD_RUNPATH_SEARCH_PATHS = "$(inherited) @executable_path/Frameworks";
				PRODUCT_BUNDLE_IDENTIFIER = com.bearch.DroneSpike;
				PRODUCT_NAME = "$(TARGET_NAME)";
				SWIFT_OBJC_BRIDGING_HEADER = "DroneSpike/DroneSpike-Bridging-Header.h";
				SWIFT_OPTIMIZATION_LEVEL = "-Onone";
			};
			name = Debug;
		};
		36ADF8241BF13E1E0021ED2F /* Release */ = {
			isa = XCBuildConfiguration;
			buildSettings = {
				ASSETCATALOG_COMPILER_APPICON_NAME = AppIcon;
				CLANG_ENABLE_MODULES = YES;
				ENABLE_BITCODE = NO;
				FRAMEWORK_SEARCH_PATHS = (
					"$(inherited)",
					"$(PROJECT_DIR)/DroneSpike",
				);
				INFOPLIST_FILE = DroneSpike/Info.plist;
				LD_RUNPATH_SEARCH_PATHS = "$(inherited) @executable_path/Frameworks";
				PRODUCT_BUNDLE_IDENTIFIER = com.bearch.DroneSpike;
				PRODUCT_NAME = "$(TARGET_NAME)";
				SWIFT_OBJC_BRIDGING_HEADER = "DroneSpike/DroneSpike-Bridging-Header.h";
			};
			name = Release;
		};
		36ADF8261BF13E1E0021ED2F /* Debug */ = {
			isa = XCBuildConfiguration;
			buildSettings = {
				BUNDLE_LOADER = "$(TEST_HOST)";
				INFOPLIST_FILE = DroneSpikeTests/Info.plist;
				LD_RUNPATH_SEARCH_PATHS = "$(inherited) @executable_path/Frameworks @loader_path/Frameworks";
				PRODUCT_BUNDLE_IDENTIFIER = com.bearch.DroneSpikeTests;
				PRODUCT_NAME = "$(TARGET_NAME)";
				TEST_HOST = "$(BUILT_PRODUCTS_DIR)/DroneSpike.app/DroneSpike";
			};
			name = Debug;
		};
		36ADF8271BF13E1E0021ED2F /* Release */ = {
			isa = XCBuildConfiguration;
			buildSettings = {
				BUNDLE_LOADER = "$(TEST_HOST)";
				INFOPLIST_FILE = DroneSpikeTests/Info.plist;
				LD_RUNPATH_SEARCH_PATHS = "$(inherited) @executable_path/Frameworks @loader_path/Frameworks";
				PRODUCT_BUNDLE_IDENTIFIER = com.bearch.DroneSpikeTests;
				PRODUCT_NAME = "$(TARGET_NAME)";
				TEST_HOST = "$(BUILT_PRODUCTS_DIR)/DroneSpike.app/DroneSpike";
			};
			name = Release;
		};
		36ADF8291BF13E1E0021ED2F /* Debug */ = {
			isa = XCBuildConfiguration;
			buildSettings = {
				INFOPLIST_FILE = DroneSpikeUITests/Info.plist;
				LD_RUNPATH_SEARCH_PATHS = "$(inherited) @executable_path/Frameworks @loader_path/Frameworks";
				PRODUCT_BUNDLE_IDENTIFIER = com.bearch.DroneSpikeUITests;
				PRODUCT_NAME = "$(TARGET_NAME)";
				TEST_TARGET_NAME = DroneSpike;
				USES_XCTRUNNER = YES;
			};
			name = Debug;
		};
		36ADF82A1BF13E1E0021ED2F /* Release */ = {
			isa = XCBuildConfiguration;
			buildSettings = {
				INFOPLIST_FILE = DroneSpikeUITests/Info.plist;
				LD_RUNPATH_SEARCH_PATHS = "$(inherited) @executable_path/Frameworks @loader_path/Frameworks";
				PRODUCT_BUNDLE_IDENTIFIER = com.bearch.DroneSpikeUITests;
				PRODUCT_NAME = "$(TARGET_NAME)";
				TEST_TARGET_NAME = DroneSpike;
				USES_XCTRUNNER = YES;
			};
			name = Release;
		};
/* End XCBuildConfiguration section */

/* Begin XCConfigurationList section */
		36ADF7F51BF13E1E0021ED2F /* Build configuration list for PBXProject "DroneSpike" */ = {
			isa = XCConfigurationList;
			buildConfigurations = (
				36ADF8201BF13E1E0021ED2F /* Debug */,
				36ADF8211BF13E1E0021ED2F /* Release */,
			);
			defaultConfigurationIsVisible = 0;
			defaultConfigurationName = Release;
		};
		36ADF8221BF13E1E0021ED2F /* Build configuration list for PBXNativeTarget "DroneSpike" */ = {
			isa = XCConfigurationList;
			buildConfigurations = (
				36ADF8231BF13E1E0021ED2F /* Debug */,
				36ADF8241BF13E1E0021ED2F /* Release */,
			);
			defaultConfigurationIsVisible = 0;
		};
		36ADF8251BF13E1E0021ED2F /* Build configuration list for PBXNativeTarget "DroneSpikeTests" */ = {
			isa = XCConfigurationList;
			buildConfigurations = (
				36ADF8261BF13E1E0021ED2F /* Debug */,
				36ADF8271BF13E1E0021ED2F /* Release */,
			);
			defaultConfigurationIsVisible = 0;
		};
		36ADF8281BF13E1E0021ED2F /* Build configuration list for PBXNativeTarget "DroneSpikeUITests" */ = {
			isa = XCConfigurationList;
			buildConfigurations = (
				36ADF8291BF13E1E0021ED2F /* Debug */,
				36ADF82A1BF13E1E0021ED2F /* Release */,
			);
			defaultConfigurationIsVisible = 0;
		};
/* End XCConfigurationList section */
	};
	rootObject = 36ADF7F21BF13E1E0021ED2F /* Project object */;
}
