// !$*UTF8*$!
{
	archiveVersion = 1;
	classes = {
	};
	objectVersion = 46;
	objects = {

/* Begin PBXBuildFile section */
		2B52EB78768152F60E487539 /* Pods_DroneSpike.framework in Frameworks */ = {isa = PBXBuildFile; fileRef = 48B4C80D6368851034BE59B1 /* Pods_DroneSpike.framework */; };
		36ADF7FE1BF13E1E0021ED2F /* AppDelegate.swift in Sources */ = {isa = PBXBuildFile; fileRef = 36ADF7FD1BF13E1E0021ED2F /* AppDelegate.swift */; };
		36ADF8001BF13E1E0021ED2F /* WaypointViewController.swift in Sources */ = {isa = PBXBuildFile; fileRef = 36ADF7FF1BF13E1E0021ED2F /* WaypointViewController.swift */; };
		36ADF8031BF13E1E0021ED2F /* Main.storyboard in Resources */ = {isa = PBXBuildFile; fileRef = 36ADF8011BF13E1E0021ED2F /* Main.storyboard */; };
		36ADF8051BF13E1E0021ED2F /* Assets.xcassets in Resources */ = {isa = PBXBuildFile; fileRef = 36ADF8041BF13E1E0021ED2F /* Assets.xcassets */; };
		36ADF8081BF13E1E0021ED2F /* LaunchScreen.storyboard in Resources */ = {isa = PBXBuildFile; fileRef = 36ADF8061BF13E1E0021ED2F /* LaunchScreen.storyboard */; };
		36ADF8131BF13E1E0021ED2F /* DroneSpikeTests.swift in Sources */ = {isa = PBXBuildFile; fileRef = 36ADF8121BF13E1E0021ED2F /* DroneSpikeTests.swift */; };
		36ADF81E1BF13E1E0021ED2F /* DroneSpikeUITests.swift in Sources */ = {isa = PBXBuildFile; fileRef = 36ADF81D1BF13E1E0021ED2F /* DroneSpikeUITests.swift */; };
		36ADF82E1BF13E3E0021ED2F /* libz.tbd in Frameworks */ = {isa = PBXBuildFile; fileRef = 36ADF82D1BF13E3E0021ED2F /* libz.tbd */; };
		36ADF8321BF13E700021ED2F /* libstdc++.6.0.9.tbd in Frameworks */ = {isa = PBXBuildFile; fileRef = 36ADF8311BF13E700021ED2F /* libstdc++.6.0.9.tbd */; };
		36ADF8371BF21A980021ED2F /* CoreLocation.framework in Frameworks */ = {isa = PBXBuildFile; fileRef = 36ADF8361BF21A980021ED2F /* CoreLocation.framework */; };
		36BF2A4D1BF533C200154F78 /* libDJIVTH264Decoder.a in Frameworks */ = {isa = PBXBuildFile; fileRef = 36BF2A411BF533C200154F78 /* libDJIVTH264Decoder.a */; };
		36BF2A4E1BF533C200154F78 /* h264_i_1_720_30.264 in Resources */ = {isa = PBXBuildFile; fileRef = 36BF2A451BF533C200154F78 /* h264_i_1_720_30.264 */; };
		36BF2A4F1BF533C200154F78 /* h264_i_4_1280_720_24.264 in Resources */ = {isa = PBXBuildFile; fileRef = 36BF2A471BF533C200154F78 /* h264_i_4_1280_720_24.264 */; };
		36BF2A501BF533C200154F78 /* h264_i_4_1280_720_25.264 in Resources */ = {isa = PBXBuildFile; fileRef = 36BF2A481BF533C200154F78 /* h264_i_4_1280_720_25.264 */; };
		36BF2A511BF533C200154F78 /* h264_i_4_1280_720_30.264 in Resources */ = {isa = PBXBuildFile; fileRef = 36BF2A491BF533C200154F78 /* h264_i_4_1280_720_30.264 */; };
		36BF2A521BF533C200154F78 /* h264_i_4_960_720_24.264 in Resources */ = {isa = PBXBuildFile; fileRef = 36BF2A4A1BF533C200154F78 /* h264_i_4_960_720_24.264 */; };
		36BF2A531BF533C200154F78 /* h264_i_4_960_720_25.264 in Resources */ = {isa = PBXBuildFile; fileRef = 36BF2A4B1BF533C200154F78 /* h264_i_4_960_720_25.264 */; };
		36BF2A541BF533C200154F78 /* h264_i_4_960_720_30.264 in Resources */ = {isa = PBXBuildFile; fileRef = 36BF2A4C1BF533C200154F78 /* h264_i_4_960_720_30.264 */; };
		36D889B41BF3874700457A2A /* MissionControl.swift in Sources */ = {isa = PBXBuildFile; fileRef = 36D889B31BF3874700457A2A /* MissionControl.swift */; };
		36D889B61BF3879900457A2A /* Waypoint.swift in Sources */ = {isa = PBXBuildFile; fileRef = 36D889B51BF3879900457A2A /* Waypoint.swift */; };
		550291641BF21DA6002F7FD1 /* JoystickViewController.swift in Sources */ = {isa = PBXBuildFile; fileRef = 550291631BF21DA6002F7FD1 /* JoystickViewController.swift */; };
		5541385C1BF39DDE0081183C /* Fabric.framework in Frameworks */ = {isa = PBXBuildFile; fileRef = 550291721BF26580002F7FD1 /* Fabric.framework */; };
		5541385D1BF39DE90081183C /* Crashlytics.framework in Frameworks */ = {isa = PBXBuildFile; fileRef = 550291731BF26580002F7FD1 /* Crashlytics.framework */; };
		8202A1091BF4F1F300234FB9 /* AudioToolbox.framework in Frameworks */ = {isa = PBXBuildFile; fileRef = 8202A1081BF4F1F300234FB9 /* AudioToolbox.framework */; };
		82483A201BF4F296007CBC2C /* libstdc++.tbd in Frameworks */ = {isa = PBXBuildFile; fileRef = 36ADF82F1BF13E4F0021ED2F /* libstdc++.tbd */; };
		82483A221BF4F406007CBC2C /* libjpeg.a in Frameworks */ = {isa = PBXBuildFile; fileRef = 82483A211BF4F406007CBC2C /* libjpeg.a */; };
		82483A261BF4FA90007CBC2C /* DetectVideoViewController.mm in Sources */ = {isa = PBXBuildFile; fileRef = 82483A251BF4FA90007CBC2C /* DetectVideoViewController.mm */; };
		962FB20A1BF236D2004FD44C /* DJISDK.framework in Frameworks */ = {isa = PBXBuildFile; fileRef = 36ADF82B1BF13E2F0021ED2F /* DJISDK.framework */; };
		962FB20C1BF23B6B004FD44C /* HomeViewController.swift in Sources */ = {isa = PBXBuildFile; fileRef = 962FB20B1BF23B6B004FD44C /* HomeViewController.swift */; };
		96524F371BF4EA9900C1A364 /* PlaybackViewController.swift in Sources */ = {isa = PBXBuildFile; fileRef = 96524F361BF4EA9900C1A364 /* PlaybackViewController.swift */; };
		96524FA11BF4EE5500C1A364 /* DJILinkQueues.m in Sources */ = {isa = PBXBuildFile; fileRef = 96524F3B1BF4EE5500C1A364 /* DJILinkQueues.m */; };
		96524FA21BF4EE5500C1A364 /* libavcodec.a in Frameworks */ = {isa = PBXBuildFile; fileRef = 96524F921BF4EE5500C1A364 /* libavcodec.a */; };
		96524FA31BF4EE5500C1A364 /* libavdevice.a in Frameworks */ = {isa = PBXBuildFile; fileRef = 96524F931BF4EE5500C1A364 /* libavdevice.a */; };
		96524FA41BF4EE5500C1A364 /* libavfilter.a in Frameworks */ = {isa = PBXBuildFile; fileRef = 96524F941BF4EE5500C1A364 /* libavfilter.a */; };
		96524FA51BF4EE5500C1A364 /* libavformat.a in Frameworks */ = {isa = PBXBuildFile; fileRef = 96524F951BF4EE5500C1A364 /* libavformat.a */; };
		96524FA61BF4EE5500C1A364 /* libavresample.a in Frameworks */ = {isa = PBXBuildFile; fileRef = 96524F961BF4EE5500C1A364 /* libavresample.a */; };
		96524FA71BF4EE5500C1A364 /* libavutil.a in Frameworks */ = {isa = PBXBuildFile; fileRef = 96524F971BF4EE5500C1A364 /* libavutil.a */; };
		96524FA81BF4EE5500C1A364 /* libpostproc.a in Frameworks */ = {isa = PBXBuildFile; fileRef = 96524F981BF4EE5500C1A364 /* libpostproc.a */; };
		96524FA91BF4EE5500C1A364 /* libswresample.a in Frameworks */ = {isa = PBXBuildFile; fileRef = 96524F991BF4EE5500C1A364 /* libswresample.a */; };
		96524FAA1BF4EE5500C1A364 /* libswscale.a in Frameworks */ = {isa = PBXBuildFile; fileRef = 96524F9A1BF4EE5500C1A364 /* libswscale.a */; };
		96524FAB1BF4EE5500C1A364 /* MovieGLView.m in Sources */ = {isa = PBXBuildFile; fileRef = 96524F9C1BF4EE5500C1A364 /* MovieGLView.m */; };
		96524FAC1BF4EE5500C1A364 /* VideoFrameExtractor.m in Sources */ = {isa = PBXBuildFile; fileRef = 96524F9E1BF4EE5500C1A364 /* VideoFrameExtractor.m */; };
		96524FAD1BF4EE5500C1A364 /* VideoPreviewer.m in Sources */ = {isa = PBXBuildFile; fileRef = 96524FA01BF4EE5500C1A364 /* VideoPreviewer.m */; };
/* End PBXBuildFile section */

/* Begin PBXContainerItemProxy section */
		36ADF80F1BF13E1E0021ED2F /* PBXContainerItemProxy */ = {
			isa = PBXContainerItemProxy;
			containerPortal = 36ADF7F21BF13E1E0021ED2F /* Project object */;
			proxyType = 1;
			remoteGlobalIDString = 36ADF7F91BF13E1E0021ED2F;
			remoteInfo = DroneSpike;
		};
		36ADF81A1BF13E1E0021ED2F /* PBXContainerItemProxy */ = {
			isa = PBXContainerItemProxy;
			containerPortal = 36ADF7F21BF13E1E0021ED2F /* Project object */;
			proxyType = 1;
			remoteGlobalIDString = 36ADF7F91BF13E1E0021ED2F;
			remoteInfo = DroneSpike;
		};
/* End PBXContainerItemProxy section */

/* Begin PBXFileReference section */
		36ADF7FA1BF13E1E0021ED2F /* DroneSpike.app */ = {isa = PBXFileReference; explicitFileType = wrapper.application; includeInIndex = 0; path = DroneSpike.app; sourceTree = BUILT_PRODUCTS_DIR; };
		36ADF7FD1BF13E1E0021ED2F /* AppDelegate.swift */ = {isa = PBXFileReference; lastKnownFileType = sourcecode.swift; path = AppDelegate.swift; sourceTree = "<group>"; };
		36ADF7FF1BF13E1E0021ED2F /* WaypointViewController.swift */ = {isa = PBXFileReference; lastKnownFileType = sourcecode.swift; path = WaypointViewController.swift; sourceTree = "<group>"; };
		36ADF8021BF13E1E0021ED2F /* Base */ = {isa = PBXFileReference; lastKnownFileType = file.storyboard; name = Base; path = Base.lproj/Main.storyboard; sourceTree = "<group>"; };
		36ADF8041BF13E1E0021ED2F /* Assets.xcassets */ = {isa = PBXFileReference; lastKnownFileType = folder.assetcatalog; path = Assets.xcassets; sourceTree = "<group>"; };
		36ADF8071BF13E1E0021ED2F /* Base */ = {isa = PBXFileReference; lastKnownFileType = file.storyboard; name = Base; path = Base.lproj/LaunchScreen.storyboard; sourceTree = "<group>"; };
		36ADF8091BF13E1E0021ED2F /* Info.plist */ = {isa = PBXFileReference; lastKnownFileType = text.plist.xml; path = Info.plist; sourceTree = "<group>"; };
		36ADF80E1BF13E1E0021ED2F /* DroneSpikeTests.xctest */ = {isa = PBXFileReference; explicitFileType = wrapper.cfbundle; includeInIndex = 0; path = DroneSpikeTests.xctest; sourceTree = BUILT_PRODUCTS_DIR; };
		36ADF8121BF13E1E0021ED2F /* DroneSpikeTests.swift */ = {isa = PBXFileReference; lastKnownFileType = sourcecode.swift; path = DroneSpikeTests.swift; sourceTree = "<group>"; };
		36ADF8141BF13E1E0021ED2F /* Info.plist */ = {isa = PBXFileReference; lastKnownFileType = text.plist.xml; path = Info.plist; sourceTree = "<group>"; };
		36ADF8191BF13E1E0021ED2F /* DroneSpikeUITests.xctest */ = {isa = PBXFileReference; explicitFileType = wrapper.cfbundle; includeInIndex = 0; path = DroneSpikeUITests.xctest; sourceTree = BUILT_PRODUCTS_DIR; };
		36ADF81D1BF13E1E0021ED2F /* DroneSpikeUITests.swift */ = {isa = PBXFileReference; lastKnownFileType = sourcecode.swift; path = DroneSpikeUITests.swift; sourceTree = "<group>"; };
		36ADF81F1BF13E1E0021ED2F /* Info.plist */ = {isa = PBXFileReference; lastKnownFileType = text.plist.xml; path = Info.plist; sourceTree = "<group>"; };
		36ADF82B1BF13E2F0021ED2F /* DJISDK.framework */ = {isa = PBXFileReference; lastKnownFileType = wrapper.framework; path = DJISDK.framework; sourceTree = "<group>"; };
		36ADF82D1BF13E3E0021ED2F /* libz.tbd */ = {isa = PBXFileReference; lastKnownFileType = "sourcecode.text-based-dylib-definition"; name = libz.tbd; path = usr/lib/libz.tbd; sourceTree = SDKROOT; };
		36ADF82F1BF13E4F0021ED2F /* libstdc++.tbd */ = {isa = PBXFileReference; lastKnownFileType = "sourcecode.text-based-dylib-definition"; name = "libstdc++.tbd"; path = "usr/lib/libstdc++.tbd"; sourceTree = SDKROOT; };
		36ADF8311BF13E700021ED2F /* libstdc++.6.0.9.tbd */ = {isa = PBXFileReference; lastKnownFileType = "sourcecode.text-based-dylib-definition"; name = "libstdc++.6.0.9.tbd"; path = "usr/lib/libstdc++.6.0.9.tbd"; sourceTree = SDKROOT; };
		36ADF8331BF214FA0021ED2F /* DroneSpike-Bridging-Header.h */ = {isa = PBXFileReference; lastKnownFileType = sourcecode.c.h; path = "DroneSpike-Bridging-Header.h"; sourceTree = "<group>"; };
		36ADF8361BF21A980021ED2F /* CoreLocation.framework */ = {isa = PBXFileReference; lastKnownFileType = wrapper.framework; name = CoreLocation.framework; path = System/Library/Frameworks/CoreLocation.framework; sourceTree = SDKROOT; };
		36BF2A401BF533C200154F78 /* DJIVTH264DecoderPublic.h */ = {isa = PBXFileReference; fileEncoding = 4; lastKnownFileType = sourcecode.c.h; path = DJIVTH264DecoderPublic.h; sourceTree = "<group>"; };
		36BF2A411BF533C200154F78 /* libDJIVTH264Decoder.a */ = {isa = PBXFileReference; lastKnownFileType = archive.ar; path = libDJIVTH264Decoder.a; sourceTree = "<group>"; };
		36BF2A451BF533C200154F78 /* h264_i_1_720_30.264 */ = {isa = PBXFileReference; lastKnownFileType = file; path = h264_i_1_720_30.264; sourceTree = "<group>"; };
		36BF2A471BF533C200154F78 /* h264_i_4_1280_720_24.264 */ = {isa = PBXFileReference; lastKnownFileType = file; path = h264_i_4_1280_720_24.264; sourceTree = "<group>"; };
		36BF2A481BF533C200154F78 /* h264_i_4_1280_720_25.264 */ = {isa = PBXFileReference; lastKnownFileType = file; path = h264_i_4_1280_720_25.264; sourceTree = "<group>"; };
		36BF2A491BF533C200154F78 /* h264_i_4_1280_720_30.264 */ = {isa = PBXFileReference; lastKnownFileType = file; path = h264_i_4_1280_720_30.264; sourceTree = "<group>"; };
		36BF2A4A1BF533C200154F78 /* h264_i_4_960_720_24.264 */ = {isa = PBXFileReference; lastKnownFileType = file; path = h264_i_4_960_720_24.264; sourceTree = "<group>"; };
		36BF2A4B1BF533C200154F78 /* h264_i_4_960_720_25.264 */ = {isa = PBXFileReference; lastKnownFileType = file; path = h264_i_4_960_720_25.264; sourceTree = "<group>"; };
		36BF2A4C1BF533C200154F78 /* h264_i_4_960_720_30.264 */ = {isa = PBXFileReference; lastKnownFileType = file; path = h264_i_4_960_720_30.264; sourceTree = "<group>"; };
		36D889B31BF3874700457A2A /* MissionControl.swift */ = {isa = PBXFileReference; fileEncoding = 4; lastKnownFileType = sourcecode.swift; path = MissionControl.swift; sourceTree = "<group>"; };
		36D889B51BF3879900457A2A /* Waypoint.swift */ = {isa = PBXFileReference; fileEncoding = 4; lastKnownFileType = sourcecode.swift; path = Waypoint.swift; sourceTree = "<group>"; };
		48B4C80D6368851034BE59B1 /* Pods_DroneSpike.framework */ = {isa = PBXFileReference; explicitFileType = wrapper.framework; includeInIndex = 0; path = Pods_DroneSpike.framework; sourceTree = BUILT_PRODUCTS_DIR; };
		550291631BF21DA6002F7FD1 /* JoystickViewController.swift */ = {isa = PBXFileReference; fileEncoding = 4; lastKnownFileType = sourcecode.swift; path = JoystickViewController.swift; sourceTree = "<group>"; };
		550291721BF26580002F7FD1 /* Fabric.framework */ = {isa = PBXFileReference; lastKnownFileType = wrapper.framework; path = Fabric.framework; sourceTree = "<group>"; };
		550291731BF26580002F7FD1 /* Crashlytics.framework */ = {isa = PBXFileReference; lastKnownFileType = wrapper.framework; path = Crashlytics.framework; sourceTree = "<group>"; };
		6679D6583CBEA7DF0A007FD1 /* Pods-DroneSpike.debug.xcconfig */ = {isa = PBXFileReference; includeInIndex = 1; lastKnownFileType = text.xcconfig; name = "Pods-DroneSpike.debug.xcconfig"; path = "Pods/Target Support Files/Pods-DroneSpike/Pods-DroneSpike.debug.xcconfig"; sourceTree = "<group>"; };
		8202A1081BF4F1F300234FB9 /* AudioToolbox.framework */ = {isa = PBXFileReference; lastKnownFileType = wrapper.framework; name = AudioToolbox.framework; path = System/Library/Frameworks/AudioToolbox.framework; sourceTree = SDKROOT; };
		82483A211BF4F406007CBC2C /* libjpeg.a */ = {isa = PBXFileReference; lastKnownFileType = archive.ar; path = libjpeg.a; sourceTree = "<group>"; };
		82483A231BF4F674007CBC2C /* DroneSpike-Prefix.pch */ = {isa = PBXFileReference; lastKnownFileType = sourcecode.c.h; path = "DroneSpike-Prefix.pch"; sourceTree = SOURCE_ROOT; };
		82483A241BF4FA90007CBC2C /* DetectVideoViewController.h */ = {isa = PBXFileReference; fileEncoding = 4; lastKnownFileType = sourcecode.c.h; path = DetectVideoViewController.h; sourceTree = "<group>"; };
		82483A251BF4FA90007CBC2C /* DetectVideoViewController.mm */ = {isa = PBXFileReference; fileEncoding = 4; lastKnownFileType = sourcecode.cpp.objcpp; path = DetectVideoViewController.mm; sourceTree = "<group>"; };
		962FB20B1BF23B6B004FD44C /* HomeViewController.swift */ = {isa = PBXFileReference; fileEncoding = 4; lastKnownFileType = sourcecode.swift; path = HomeViewController.swift; sourceTree = "<group>"; };
		96524F361BF4EA9900C1A364 /* PlaybackViewController.swift */ = {isa = PBXFileReference; fileEncoding = 4; lastKnownFileType = sourcecode.swift; path = PlaybackViewController.swift; sourceTree = "<group>"; };
		96524F3A1BF4EE5500C1A364 /* DJILinkQueues.h */ = {isa = PBXFileReference; fileEncoding = 4; lastKnownFileType = sourcecode.c.h; path = DJILinkQueues.h; sourceTree = "<group>"; };
		96524F3B1BF4EE5500C1A364 /* DJILinkQueues.m */ = {isa = PBXFileReference; fileEncoding = 4; lastKnownFileType = sourcecode.c.objc; path = DJILinkQueues.m; sourceTree = "<group>"; };
		96524F3F1BF4EE5500C1A364 /* avcodec.h */ = {isa = PBXFileReference; fileEncoding = 4; lastKnownFileType = sourcecode.c.h; path = avcodec.h; sourceTree = "<group>"; };
		96524F401BF4EE5500C1A364 /* avfft.h */ = {isa = PBXFileReference; fileEncoding = 4; lastKnownFileType = sourcecode.c.h; path = avfft.h; sourceTree = "<group>"; };
		96524F411BF4EE5500C1A364 /* dxva2.h */ = {isa = PBXFileReference; fileEncoding = 4; lastKnownFileType = sourcecode.c.h; path = dxva2.h; sourceTree = "<group>"; };
		96524F421BF4EE5500C1A364 /* old_codec_ids.h */ = {isa = PBXFileReference; fileEncoding = 4; lastKnownFileType = sourcecode.c.h; path = old_codec_ids.h; sourceTree = "<group>"; };
		96524F431BF4EE5500C1A364 /* vaapi.h */ = {isa = PBXFileReference; fileEncoding = 4; lastKnownFileType = sourcecode.c.h; path = vaapi.h; sourceTree = "<group>"; };
		96524F441BF4EE5500C1A364 /* vda.h */ = {isa = PBXFileReference; fileEncoding = 4; lastKnownFileType = sourcecode.c.h; path = vda.h; sourceTree = "<group>"; };
		96524F451BF4EE5500C1A364 /* vdpau.h */ = {isa = PBXFileReference; fileEncoding = 4; lastKnownFileType = sourcecode.c.h; path = vdpau.h; sourceTree = "<group>"; };
		96524F461BF4EE5500C1A364 /* version.h */ = {isa = PBXFileReference; fileEncoding = 4; lastKnownFileType = sourcecode.c.h; path = version.h; sourceTree = "<group>"; };
		96524F471BF4EE5500C1A364 /* xvmc.h */ = {isa = PBXFileReference; fileEncoding = 4; lastKnownFileType = sourcecode.c.h; path = xvmc.h; sourceTree = "<group>"; };
		96524F491BF4EE5500C1A364 /* avdevice.h */ = {isa = PBXFileReference; fileEncoding = 4; lastKnownFileType = sourcecode.c.h; path = avdevice.h; sourceTree = "<group>"; };
		96524F4A1BF4EE5500C1A364 /* version.h */ = {isa = PBXFileReference; fileEncoding = 4; lastKnownFileType = sourcecode.c.h; path = version.h; sourceTree = "<group>"; };
		96524F4C1BF4EE5500C1A364 /* asrc_abuffer.h */ = {isa = PBXFileReference; fileEncoding = 4; lastKnownFileType = sourcecode.c.h; path = asrc_abuffer.h; sourceTree = "<group>"; };
		96524F4D1BF4EE5500C1A364 /* avcodec.h */ = {isa = PBXFileReference; fileEncoding = 4; lastKnownFileType = sourcecode.c.h; path = avcodec.h; sourceTree = "<group>"; };
		96524F4E1BF4EE5500C1A364 /* avfilter.h */ = {isa = PBXFileReference; fileEncoding = 4; lastKnownFileType = sourcecode.c.h; path = avfilter.h; sourceTree = "<group>"; };
		96524F4F1BF4EE5500C1A364 /* avfiltergraph.h */ = {isa = PBXFileReference; fileEncoding = 4; lastKnownFileType = sourcecode.c.h; path = avfiltergraph.h; sourceTree = "<group>"; };
		96524F501BF4EE5500C1A364 /* buffersink.h */ = {isa = PBXFileReference; fileEncoding = 4; lastKnownFileType = sourcecode.c.h; path = buffersink.h; sourceTree = "<group>"; };
		96524F511BF4EE5500C1A364 /* buffersrc.h */ = {isa = PBXFileReference; fileEncoding = 4; lastKnownFileType = sourcecode.c.h; path = buffersrc.h; sourceTree = "<group>"; };
		96524F521BF4EE5500C1A364 /* version.h */ = {isa = PBXFileReference; fileEncoding = 4; lastKnownFileType = sourcecode.c.h; path = version.h; sourceTree = "<group>"; };
		96524F541BF4EE5500C1A364 /* avformat.h */ = {isa = PBXFileReference; fileEncoding = 4; lastKnownFileType = sourcecode.c.h; path = avformat.h; sourceTree = "<group>"; };
		96524F551BF4EE5500C1A364 /* avio.h */ = {isa = PBXFileReference; fileEncoding = 4; lastKnownFileType = sourcecode.c.h; path = avio.h; sourceTree = "<group>"; };
		96524F561BF4EE5500C1A364 /* version.h */ = {isa = PBXFileReference; fileEncoding = 4; lastKnownFileType = sourcecode.c.h; path = version.h; sourceTree = "<group>"; };
		96524F581BF4EE5500C1A364 /* avresample.h */ = {isa = PBXFileReference; fileEncoding = 4; lastKnownFileType = sourcecode.c.h; path = avresample.h; sourceTree = "<group>"; };
		96524F591BF4EE5500C1A364 /* version.h */ = {isa = PBXFileReference; fileEncoding = 4; lastKnownFileType = sourcecode.c.h; path = version.h; sourceTree = "<group>"; };
		96524F5B1BF4EE5500C1A364 /* adler32.h */ = {isa = PBXFileReference; fileEncoding = 4; lastKnownFileType = sourcecode.c.h; path = adler32.h; sourceTree = "<group>"; };
		96524F5C1BF4EE5500C1A364 /* aes.h */ = {isa = PBXFileReference; fileEncoding = 4; lastKnownFileType = sourcecode.c.h; path = aes.h; sourceTree = "<group>"; };
		96524F5D1BF4EE5500C1A364 /* attributes.h */ = {isa = PBXFileReference; fileEncoding = 4; lastKnownFileType = sourcecode.c.h; path = attributes.h; sourceTree = "<group>"; };
		96524F5E1BF4EE5500C1A364 /* audio_fifo.h */ = {isa = PBXFileReference; fileEncoding = 4; lastKnownFileType = sourcecode.c.h; path = audio_fifo.h; sourceTree = "<group>"; };
		96524F5F1BF4EE5500C1A364 /* audioconvert.h */ = {isa = PBXFileReference; fileEncoding = 4; lastKnownFileType = sourcecode.c.h; path = audioconvert.h; sourceTree = "<group>"; };
		96524F601BF4EE5500C1A364 /* avassert.h */ = {isa = PBXFileReference; fileEncoding = 4; lastKnownFileType = sourcecode.c.h; path = avassert.h; sourceTree = "<group>"; };
		96524F611BF4EE5500C1A364 /* avconfig.h */ = {isa = PBXFileReference; fileEncoding = 4; lastKnownFileType = sourcecode.c.h; path = avconfig.h; sourceTree = "<group>"; };
		96524F621BF4EE5500C1A364 /* avstring.h */ = {isa = PBXFileReference; fileEncoding = 4; lastKnownFileType = sourcecode.c.h; path = avstring.h; sourceTree = "<group>"; };
		96524F631BF4EE5500C1A364 /* avutil.h */ = {isa = PBXFileReference; fileEncoding = 4; lastKnownFileType = sourcecode.c.h; path = avutil.h; sourceTree = "<group>"; };
		96524F641BF4EE5500C1A364 /* base64.h */ = {isa = PBXFileReference; fileEncoding = 4; lastKnownFileType = sourcecode.c.h; path = base64.h; sourceTree = "<group>"; };
		96524F651BF4EE5500C1A364 /* blowfish.h */ = {isa = PBXFileReference; fileEncoding = 4; lastKnownFileType = sourcecode.c.h; path = blowfish.h; sourceTree = "<group>"; };
		96524F661BF4EE5500C1A364 /* bprint.h */ = {isa = PBXFileReference; fileEncoding = 4; lastKnownFileType = sourcecode.c.h; path = bprint.h; sourceTree = "<group>"; };
		96524F671BF4EE5500C1A364 /* bswap.h */ = {isa = PBXFileReference; fileEncoding = 4; lastKnownFileType = sourcecode.c.h; path = bswap.h; sourceTree = "<group>"; };
		96524F681BF4EE5500C1A364 /* channel_layout.h */ = {isa = PBXFileReference; fileEncoding = 4; lastKnownFileType = sourcecode.c.h; path = channel_layout.h; sourceTree = "<group>"; };
		96524F691BF4EE5500C1A364 /* common.h */ = {isa = PBXFileReference; fileEncoding = 4; lastKnownFileType = sourcecode.c.h; path = common.h; sourceTree = "<group>"; };
		96524F6A1BF4EE5500C1A364 /* cpu.h */ = {isa = PBXFileReference; fileEncoding = 4; lastKnownFileType = sourcecode.c.h; path = cpu.h; sourceTree = "<group>"; };
		96524F6B1BF4EE5500C1A364 /* crc.h */ = {isa = PBXFileReference; fileEncoding = 4; lastKnownFileType = sourcecode.c.h; path = crc.h; sourceTree = "<group>"; };
		96524F6C1BF4EE5500C1A364 /* dict.h */ = {isa = PBXFileReference; fileEncoding = 4; lastKnownFileType = sourcecode.c.h; path = dict.h; sourceTree = "<group>"; };
		96524F6D1BF4EE5500C1A364 /* error.h */ = {isa = PBXFileReference; fileEncoding = 4; lastKnownFileType = sourcecode.c.h; path = error.h; sourceTree = "<group>"; };
		96524F6E1BF4EE5500C1A364 /* eval.h */ = {isa = PBXFileReference; fileEncoding = 4; lastKnownFileType = sourcecode.c.h; path = eval.h; sourceTree = "<group>"; };
		96524F6F1BF4EE5500C1A364 /* fifo.h */ = {isa = PBXFileReference; fileEncoding = 4; lastKnownFileType = sourcecode.c.h; path = fifo.h; sourceTree = "<group>"; };
		96524F701BF4EE5500C1A364 /* file.h */ = {isa = PBXFileReference; fileEncoding = 4; lastKnownFileType = sourcecode.c.h; path = file.h; sourceTree = "<group>"; };
		96524F711BF4EE5500C1A364 /* hmac.h */ = {isa = PBXFileReference; fileEncoding = 4; lastKnownFileType = sourcecode.c.h; path = hmac.h; sourceTree = "<group>"; };
		96524F721BF4EE5500C1A364 /* imgutils.h */ = {isa = PBXFileReference; fileEncoding = 4; lastKnownFileType = sourcecode.c.h; path = imgutils.h; sourceTree = "<group>"; };
		96524F731BF4EE5500C1A364 /* intfloat.h */ = {isa = PBXFileReference; fileEncoding = 4; lastKnownFileType = sourcecode.c.h; path = intfloat.h; sourceTree = "<group>"; };
		96524F741BF4EE5500C1A364 /* intfloat_readwrite.h */ = {isa = PBXFileReference; fileEncoding = 4; lastKnownFileType = sourcecode.c.h; path = intfloat_readwrite.h; sourceTree = "<group>"; };
		96524F751BF4EE5500C1A364 /* intreadwrite.h */ = {isa = PBXFileReference; fileEncoding = 4; lastKnownFileType = sourcecode.c.h; path = intreadwrite.h; sourceTree = "<group>"; };
		96524F761BF4EE5500C1A364 /* lfg.h */ = {isa = PBXFileReference; fileEncoding = 4; lastKnownFileType = sourcecode.c.h; path = lfg.h; sourceTree = "<group>"; };
		96524F771BF4EE5500C1A364 /* log.h */ = {isa = PBXFileReference; fileEncoding = 4; lastKnownFileType = sourcecode.c.h; path = log.h; sourceTree = "<group>"; };
		96524F781BF4EE5500C1A364 /* mathematics.h */ = {isa = PBXFileReference; fileEncoding = 4; lastKnownFileType = sourcecode.c.h; path = mathematics.h; sourceTree = "<group>"; };
		96524F791BF4EE5500C1A364 /* md5.h */ = {isa = PBXFileReference; fileEncoding = 4; lastKnownFileType = sourcecode.c.h; path = md5.h; sourceTree = "<group>"; };
		96524F7A1BF4EE5500C1A364 /* mem.h */ = {isa = PBXFileReference; fileEncoding = 4; lastKnownFileType = sourcecode.c.h; path = mem.h; sourceTree = "<group>"; };
		96524F7B1BF4EE5500C1A364 /* old_pix_fmts.h */ = {isa = PBXFileReference; fileEncoding = 4; lastKnownFileType = sourcecode.c.h; path = old_pix_fmts.h; sourceTree = "<group>"; };
		96524F7C1BF4EE5500C1A364 /* opt.h */ = {isa = PBXFileReference; fileEncoding = 4; lastKnownFileType = sourcecode.c.h; path = opt.h; sourceTree = "<group>"; };
		96524F7D1BF4EE5500C1A364 /* parseutils.h */ = {isa = PBXFileReference; fileEncoding = 4; lastKnownFileType = sourcecode.c.h; path = parseutils.h; sourceTree = "<group>"; };
		96524F7E1BF4EE5500C1A364 /* pixdesc.h */ = {isa = PBXFileReference; fileEncoding = 4; lastKnownFileType = sourcecode.c.h; path = pixdesc.h; sourceTree = "<group>"; };
		96524F7F1BF4EE5500C1A364 /* pixfmt.h */ = {isa = PBXFileReference; fileEncoding = 4; lastKnownFileType = sourcecode.c.h; path = pixfmt.h; sourceTree = "<group>"; };
		96524F801BF4EE5500C1A364 /* random_seed.h */ = {isa = PBXFileReference; fileEncoding = 4; lastKnownFileType = sourcecode.c.h; path = random_seed.h; sourceTree = "<group>"; };
		96524F811BF4EE5500C1A364 /* rational.h */ = {isa = PBXFileReference; fileEncoding = 4; lastKnownFileType = sourcecode.c.h; path = rational.h; sourceTree = "<group>"; };
		96524F821BF4EE5500C1A364 /* samplefmt.h */ = {isa = PBXFileReference; fileEncoding = 4; lastKnownFileType = sourcecode.c.h; path = samplefmt.h; sourceTree = "<group>"; };
		96524F831BF4EE5500C1A364 /* sha.h */ = {isa = PBXFileReference; fileEncoding = 4; lastKnownFileType = sourcecode.c.h; path = sha.h; sourceTree = "<group>"; };
		96524F841BF4EE5500C1A364 /* timecode.h */ = {isa = PBXFileReference; fileEncoding = 4; lastKnownFileType = sourcecode.c.h; path = timecode.h; sourceTree = "<group>"; };
		96524F851BF4EE5500C1A364 /* timestamp.h */ = {isa = PBXFileReference; fileEncoding = 4; lastKnownFileType = sourcecode.c.h; path = timestamp.h; sourceTree = "<group>"; };
		96524F861BF4EE5500C1A364 /* version.h */ = {isa = PBXFileReference; fileEncoding = 4; lastKnownFileType = sourcecode.c.h; path = version.h; sourceTree = "<group>"; };
		96524F871BF4EE5500C1A364 /* xtea.h */ = {isa = PBXFileReference; fileEncoding = 4; lastKnownFileType = sourcecode.c.h; path = xtea.h; sourceTree = "<group>"; };
		96524F891BF4EE5500C1A364 /* postprocess.h */ = {isa = PBXFileReference; fileEncoding = 4; lastKnownFileType = sourcecode.c.h; path = postprocess.h; sourceTree = "<group>"; };
		96524F8A1BF4EE5500C1A364 /* version.h */ = {isa = PBXFileReference; fileEncoding = 4; lastKnownFileType = sourcecode.c.h; path = version.h; sourceTree = "<group>"; };
		96524F8C1BF4EE5500C1A364 /* swresample.h */ = {isa = PBXFileReference; fileEncoding = 4; lastKnownFileType = sourcecode.c.h; path = swresample.h; sourceTree = "<group>"; };
		96524F8D1BF4EE5500C1A364 /* version.h */ = {isa = PBXFileReference; fileEncoding = 4; lastKnownFileType = sourcecode.c.h; path = version.h; sourceTree = "<group>"; };
		96524F8F1BF4EE5500C1A364 /* swscale.h */ = {isa = PBXFileReference; fileEncoding = 4; lastKnownFileType = sourcecode.c.h; path = swscale.h; sourceTree = "<group>"; };
		96524F901BF4EE5500C1A364 /* version.h */ = {isa = PBXFileReference; fileEncoding = 4; lastKnownFileType = sourcecode.c.h; path = version.h; sourceTree = "<group>"; };
		96524F921BF4EE5500C1A364 /* libavcodec.a */ = {isa = PBXFileReference; lastKnownFileType = archive.ar; path = libavcodec.a; sourceTree = "<group>"; };
		96524F931BF4EE5500C1A364 /* libavdevice.a */ = {isa = PBXFileReference; lastKnownFileType = archive.ar; path = libavdevice.a; sourceTree = "<group>"; };
		96524F941BF4EE5500C1A364 /* libavfilter.a */ = {isa = PBXFileReference; lastKnownFileType = archive.ar; path = libavfilter.a; sourceTree = "<group>"; };
		96524F951BF4EE5500C1A364 /* libavformat.a */ = {isa = PBXFileReference; lastKnownFileType = archive.ar; path = libavformat.a; sourceTree = "<group>"; };
		96524F961BF4EE5500C1A364 /* libavresample.a */ = {isa = PBXFileReference; lastKnownFileType = archive.ar; path = libavresample.a; sourceTree = "<group>"; };
		96524F971BF4EE5500C1A364 /* libavutil.a */ = {isa = PBXFileReference; lastKnownFileType = archive.ar; path = libavutil.a; sourceTree = "<group>"; };
		96524F981BF4EE5500C1A364 /* libpostproc.a */ = {isa = PBXFileReference; lastKnownFileType = archive.ar; path = libpostproc.a; sourceTree = "<group>"; };
		96524F991BF4EE5500C1A364 /* libswresample.a */ = {isa = PBXFileReference; lastKnownFileType = archive.ar; path = libswresample.a; sourceTree = "<group>"; };
		96524F9A1BF4EE5500C1A364 /* libswscale.a */ = {isa = PBXFileReference; lastKnownFileType = archive.ar; path = libswscale.a; sourceTree = "<group>"; };
		96524F9B1BF4EE5500C1A364 /* MovieGLView.h */ = {isa = PBXFileReference; fileEncoding = 4; lastKnownFileType = sourcecode.c.h; path = MovieGLView.h; sourceTree = "<group>"; };
		96524F9C1BF4EE5500C1A364 /* MovieGLView.m */ = {isa = PBXFileReference; fileEncoding = 4; lastKnownFileType = sourcecode.c.objc; path = MovieGLView.m; sourceTree = "<group>"; };
		96524F9D1BF4EE5500C1A364 /* VideoFrameExtractor.h */ = {isa = PBXFileReference; fileEncoding = 4; lastKnownFileType = sourcecode.c.h; path = VideoFrameExtractor.h; sourceTree = "<group>"; };
		96524F9E1BF4EE5500C1A364 /* VideoFrameExtractor.m */ = {isa = PBXFileReference; fileEncoding = 4; lastKnownFileType = sourcecode.c.objc; path = VideoFrameExtractor.m; sourceTree = "<group>"; };
		96524F9F1BF4EE5500C1A364 /* VideoPreviewer.h */ = {isa = PBXFileReference; fileEncoding = 4; lastKnownFileType = sourcecode.c.h; path = VideoPreviewer.h; sourceTree = "<group>"; };
		96524FA01BF4EE5500C1A364 /* VideoPreviewer.m */ = {isa = PBXFileReference; fileEncoding = 4; lastKnownFileType = sourcecode.c.objc; path = VideoPreviewer.m; sourceTree = "<group>"; };
		F4BFB78E6ED95170A1C64597 /* Pods-DroneSpike.release.xcconfig */ = {isa = PBXFileReference; includeInIndex = 1; lastKnownFileType = text.xcconfig; name = "Pods-DroneSpike.release.xcconfig"; path = "Pods/Target Support Files/Pods-DroneSpike/Pods-DroneSpike.release.xcconfig"; sourceTree = "<group>"; };
/* End PBXFileReference section */

/* Begin PBXFrameworksBuildPhase section */
		36ADF7F71BF13E1E0021ED2F /* Frameworks */ = {
			isa = PBXFrameworksBuildPhase;
			buildActionMask = 2147483647;
			files = (
				36BF2A4D1BF533C200154F78 /* libDJIVTH264Decoder.a in Frameworks */,
				96524FA41BF4EE5500C1A364 /* libavfilter.a in Frameworks */,
				82483A221BF4F406007CBC2C /* libjpeg.a in Frameworks */,
				82483A201BF4F296007CBC2C /* libstdc++.tbd in Frameworks */,
				8202A1091BF4F1F300234FB9 /* AudioToolbox.framework in Frameworks */,
				5541385D1BF39DE90081183C /* Crashlytics.framework in Frameworks */,
				5541385C1BF39DDE0081183C /* Fabric.framework in Frameworks */,
				96524FA51BF4EE5500C1A364 /* libavformat.a in Frameworks */,
				96524FA31BF4EE5500C1A364 /* libavdevice.a in Frameworks */,
				96524FA81BF4EE5500C1A364 /* libpostproc.a in Frameworks */,
				96524FAA1BF4EE5500C1A364 /* libswscale.a in Frameworks */,
				962FB20A1BF236D2004FD44C /* DJISDK.framework in Frameworks */,
				96524FA71BF4EE5500C1A364 /* libavutil.a in Frameworks */,
				96524FA61BF4EE5500C1A364 /* libavresample.a in Frameworks */,
				36ADF8371BF21A980021ED2F /* CoreLocation.framework in Frameworks */,
				36ADF8321BF13E700021ED2F /* libstdc++.6.0.9.tbd in Frameworks */,
				96524FA21BF4EE5500C1A364 /* libavcodec.a in Frameworks */,
				96524FA91BF4EE5500C1A364 /* libswresample.a in Frameworks */,
				36ADF82E1BF13E3E0021ED2F /* libz.tbd in Frameworks */,
				2B52EB78768152F60E487539 /* Pods_DroneSpike.framework in Frameworks */,
			);
			runOnlyForDeploymentPostprocessing = 0;
		};
		36ADF80B1BF13E1E0021ED2F /* Frameworks */ = {
			isa = PBXFrameworksBuildPhase;
			buildActionMask = 2147483647;
			files = (
			);
			runOnlyForDeploymentPostprocessing = 0;
		};
		36ADF8161BF13E1E0021ED2F /* Frameworks */ = {
			isa = PBXFrameworksBuildPhase;
			buildActionMask = 2147483647;
			files = (
			);
			runOnlyForDeploymentPostprocessing = 0;
		};
/* End PBXFrameworksBuildPhase section */

/* Begin PBXGroup section */
		36ADF7F11BF13E1E0021ED2F = {
			isa = PBXGroup;
			children = (
				8202A1081BF4F1F300234FB9 /* AudioToolbox.framework */,
				36ADF7FC1BF13E1E0021ED2F /* DroneSpike */,
				36ADF8111BF13E1E0021ED2F /* DroneSpikeTests */,
				36ADF81C1BF13E1E0021ED2F /* DroneSpikeUITests */,
				36ADF7FB1BF13E1E0021ED2F /* Products */,
				36B5C9B41BF51A3C000047E8 /* Recovered References */,
				827543E2FADEF679994BB8A8 /* Pods */,
				9A6928EE8704BC9C136F7721 /* Frameworks */,
			);
			sourceTree = "<group>";
		};
		36ADF7FB1BF13E1E0021ED2F /* Products */ = {
			isa = PBXGroup;
			children = (
				36ADF7FA1BF13E1E0021ED2F /* DroneSpike.app */,
				36ADF80E1BF13E1E0021ED2F /* DroneSpikeTests.xctest */,
				36ADF8191BF13E1E0021ED2F /* DroneSpikeUITests.xctest */,
			);
			name = Products;
			sourceTree = "<group>";
		};
		36ADF7FC1BF13E1E0021ED2F /* DroneSpike */ = {
			isa = PBXGroup;
			children = (
				36D889B21BF3873C00457A2A /* Models */,
				962FB2061BF23620004FD44C /* Frameworks */,
				962FB2071BF23634004FD44C /* ProjectFiles */,
				96524F381BF4EE5500C1A364 /* Vendor */,
				962FB2091BF2363F004FD44C /* ViewControllers */,
				962FB2081BF2363B004FD44C /* Views */,
			);
			path = DroneSpike;
			sourceTree = "<group>";
		};
		36ADF8111BF13E1E0021ED2F /* DroneSpikeTests */ = {
			isa = PBXGroup;
			children = (
				36ADF8121BF13E1E0021ED2F /* DroneSpikeTests.swift */,
				36ADF8141BF13E1E0021ED2F /* Info.plist */,
			);
			path = DroneSpikeTests;
			sourceTree = "<group>";
		};
		36ADF81C1BF13E1E0021ED2F /* DroneSpikeUITests */ = {
			isa = PBXGroup;
			children = (
				36ADF81D1BF13E1E0021ED2F /* DroneSpikeUITests.swift */,
				36ADF81F1BF13E1E0021ED2F /* Info.plist */,
			);
			path = DroneSpikeUITests;
			sourceTree = "<group>";
		};
		36B5C9B41BF51A3C000047E8 /* Recovered References */ = {
			isa = PBXGroup;
			children = (
				F4BFB78E6ED95170A1C64597 /* Pods-DroneSpike.release.xcconfig */,
			);
			name = "Recovered References";
			sourceTree = "<group>";
		};
		36BF2A3E1BF533C200154F78 /* H264Decoder */ = {
			isa = PBXGroup;
			children = (
				36BF2A3F1BF533C200154F78 /* include */,
				36BF2A411BF533C200154F78 /* libDJIVTH264Decoder.a */,
				36BF2A421BF533C200154F78 /* Resource */,
			);
			path = H264Decoder;
			sourceTree = "<group>";
		};
		36BF2A3F1BF533C200154F78 /* include */ = {
			isa = PBXGroup;
			children = (
				36BF2A401BF533C200154F78 /* DJIVTH264DecoderPublic.h */,
			);
			path = include;
			sourceTree = "<group>";
		};
		36BF2A421BF533C200154F78 /* Resource */ = {
			isa = PBXGroup;
			children = (
				36BF2A431BF533C200154F78 /* sps_pps */,
			);
			path = Resource;
			sourceTree = "<group>";
		};
		36BF2A431BF533C200154F78 /* sps_pps */ = {
			isa = PBXGroup;
			children = (
				36BF2A441BF533C200154F78 /* Inspire&P3 PRO */,
				36BF2A461BF533C200154F78 /* Phantom3Advanced */,
			);
			path = sps_pps;
			sourceTree = "<group>";
		};
		36BF2A441BF533C200154F78 /* Inspire&P3 PRO */ = {
			isa = PBXGroup;
			children = (
				36BF2A451BF533C200154F78 /* h264_i_1_720_30.264 */,
			);
			path = "Inspire&P3 PRO";
			sourceTree = "<group>";
		};
		36BF2A461BF533C200154F78 /* Phantom3Advanced */ = {
			isa = PBXGroup;
			children = (
				36BF2A471BF533C200154F78 /* h264_i_4_1280_720_24.264 */,
				36BF2A481BF533C200154F78 /* h264_i_4_1280_720_25.264 */,
				36BF2A491BF533C200154F78 /* h264_i_4_1280_720_30.264 */,
				36BF2A4A1BF533C200154F78 /* h264_i_4_960_720_24.264 */,
				36BF2A4B1BF533C200154F78 /* h264_i_4_960_720_25.264 */,
				36BF2A4C1BF533C200154F78 /* h264_i_4_960_720_30.264 */,
			);
			path = Phantom3Advanced;
			sourceTree = "<group>";
		};
		36D889B21BF3873C00457A2A /* Models */ = {
			isa = PBXGroup;
			children = (
				36D889B31BF3874700457A2A /* MissionControl.swift */,
				36D889B51BF3879900457A2A /* Waypoint.swift */,
			);
			name = Models;
			sourceTree = "<group>";
		};
		827543E2FADEF679994BB8A8 /* Pods */ = {
			isa = PBXGroup;
			children = (
				6679D6583CBEA7DF0A007FD1 /* Pods-DroneSpike.debug.xcconfig */,
			);
			name = Pods;
			sourceTree = "<group>";
		};
		962FB2061BF23620004FD44C /* Frameworks */ = {
			isa = PBXGroup;
			children = (
				82483A211BF4F406007CBC2C /* libjpeg.a */,
				36ADF8361BF21A980021ED2F /* CoreLocation.framework */,
				550291731BF26580002F7FD1 /* Crashlytics.framework */,
				36ADF82B1BF13E2F0021ED2F /* DJISDK.framework */,
				550291721BF26580002F7FD1 /* Fabric.framework */,
				36ADF8311BF13E700021ED2F /* libstdc++.6.0.9.tbd */,
				36ADF82F1BF13E4F0021ED2F /* libstdc++.tbd */,
				36ADF82D1BF13E3E0021ED2F /* libz.tbd */,
			);
			path = Frameworks;
			sourceTree = "<group>";
		};
		962FB2071BF23634004FD44C /* ProjectFiles */ = {
			isa = PBXGroup;
			children = (
				82483A231BF4F674007CBC2C /* DroneSpike-Prefix.pch */,
				36ADF7FD1BF13E1E0021ED2F /* AppDelegate.swift */,
				36ADF8041BF13E1E0021ED2F /* Assets.xcassets */,
				36ADF8331BF214FA0021ED2F /* DroneSpike-Bridging-Header.h */,
				36ADF8091BF13E1E0021ED2F /* Info.plist */,
			);
			path = ProjectFiles;
			sourceTree = "<group>";
		};
		962FB2081BF2363B004FD44C /* Views */ = {
			isa = PBXGroup;
			children = (
				36ADF8061BF13E1E0021ED2F /* LaunchScreen.storyboard */,
				36ADF8011BF13E1E0021ED2F /* Main.storyboard */,
			);
			path = Views;
			sourceTree = "<group>";
		};
		962FB2091BF2363F004FD44C /* ViewControllers */ = {
			isa = PBXGroup;
			children = (
				82483A241BF4FA90007CBC2C /* DetectVideoViewController.h */,
				82483A251BF4FA90007CBC2C /* DetectVideoViewController.mm */,
				962FB20B1BF23B6B004FD44C /* HomeViewController.swift */,
				550291631BF21DA6002F7FD1 /* JoystickViewController.swift */,
				96524F361BF4EA9900C1A364 /* PlaybackViewController.swift */,
				36ADF7FF1BF13E1E0021ED2F /* WaypointViewController.swift */,
			);
			path = ViewControllers;
			sourceTree = "<group>";
		};
		96524F381BF4EE5500C1A364 /* Vendor */ = {
			isa = PBXGroup;
			children = (
				36BF2A3E1BF533C200154F78 /* H264Decoder */,
				96524F391BF4EE5500C1A364 /* VideoPreviewer */,
			);
			path = Vendor;
			sourceTree = "<group>";
		};
		96524F391BF4EE5500C1A364 /* VideoPreviewer */ = {
			isa = PBXGroup;
			children = (
				96524F3A1BF4EE5500C1A364 /* DJILinkQueues.h */,
				96524F3B1BF4EE5500C1A364 /* DJILinkQueues.m */,
				96524F3C1BF4EE5500C1A364 /* ffmpeg */,
				96524F9B1BF4EE5500C1A364 /* MovieGLView.h */,
				96524F9C1BF4EE5500C1A364 /* MovieGLView.m */,
				96524F9D1BF4EE5500C1A364 /* VideoFrameExtractor.h */,
				96524F9E1BF4EE5500C1A364 /* VideoFrameExtractor.m */,
				96524F9F1BF4EE5500C1A364 /* VideoPreviewer.h */,
				96524FA01BF4EE5500C1A364 /* VideoPreviewer.m */,
			);
			path = VideoPreviewer;
			sourceTree = "<group>";
		};
		96524F3C1BF4EE5500C1A364 /* ffmpeg */ = {
			isa = PBXGroup;
			children = (
				96524F3D1BF4EE5500C1A364 /* include */,
				96524F911BF4EE5500C1A364 /* lib */,
			);
			path = ffmpeg;
			sourceTree = "<group>";
		};
		96524F3D1BF4EE5500C1A364 /* include */ = {
			isa = PBXGroup;
			children = (
				96524F3E1BF4EE5500C1A364 /* libavcodec */,
				96524F481BF4EE5500C1A364 /* libavdevice */,
				96524F4B1BF4EE5500C1A364 /* libavfilter */,
				96524F531BF4EE5500C1A364 /* libavformat */,
				96524F571BF4EE5500C1A364 /* libavresample */,
				96524F5A1BF4EE5500C1A364 /* libavutil */,
				96524F881BF4EE5500C1A364 /* libpostproc */,
				96524F8B1BF4EE5500C1A364 /* libswresample */,
				96524F8E1BF4EE5500C1A364 /* libswscale */,
			);
			path = include;
			sourceTree = "<group>";
		};
		96524F3E1BF4EE5500C1A364 /* libavcodec */ = {
			isa = PBXGroup;
			children = (
				96524F3F1BF4EE5500C1A364 /* avcodec.h */,
				96524F401BF4EE5500C1A364 /* avfft.h */,
				96524F411BF4EE5500C1A364 /* dxva2.h */,
				96524F421BF4EE5500C1A364 /* old_codec_ids.h */,
				96524F431BF4EE5500C1A364 /* vaapi.h */,
				96524F441BF4EE5500C1A364 /* vda.h */,
				96524F451BF4EE5500C1A364 /* vdpau.h */,
				96524F461BF4EE5500C1A364 /* version.h */,
				96524F471BF4EE5500C1A364 /* xvmc.h */,
			);
			path = libavcodec;
			sourceTree = "<group>";
		};
		96524F481BF4EE5500C1A364 /* libavdevice */ = {
			isa = PBXGroup;
			children = (
				96524F491BF4EE5500C1A364 /* avdevice.h */,
				96524F4A1BF4EE5500C1A364 /* version.h */,
			);
			path = libavdevice;
			sourceTree = "<group>";
		};
		96524F4B1BF4EE5500C1A364 /* libavfilter */ = {
			isa = PBXGroup;
			children = (
				96524F4C1BF4EE5500C1A364 /* asrc_abuffer.h */,
				96524F4D1BF4EE5500C1A364 /* avcodec.h */,
				96524F4E1BF4EE5500C1A364 /* avfilter.h */,
				96524F4F1BF4EE5500C1A364 /* avfiltergraph.h */,
				96524F501BF4EE5500C1A364 /* buffersink.h */,
				96524F511BF4EE5500C1A364 /* buffersrc.h */,
				96524F521BF4EE5500C1A364 /* version.h */,
			);
			path = libavfilter;
			sourceTree = "<group>";
		};
		96524F531BF4EE5500C1A364 /* libavformat */ = {
			isa = PBXGroup;
			children = (
				96524F541BF4EE5500C1A364 /* avformat.h */,
				96524F551BF4EE5500C1A364 /* avio.h */,
				96524F561BF4EE5500C1A364 /* version.h */,
			);
			path = libavformat;
			sourceTree = "<group>";
		};
		96524F571BF4EE5500C1A364 /* libavresample */ = {
			isa = PBXGroup;
			children = (
				96524F581BF4EE5500C1A364 /* avresample.h */,
				96524F591BF4EE5500C1A364 /* version.h */,
			);
			path = libavresample;
			sourceTree = "<group>";
		};
		96524F5A1BF4EE5500C1A364 /* libavutil */ = {
			isa = PBXGroup;
			children = (
				96524F5B1BF4EE5500C1A364 /* adler32.h */,
				96524F5C1BF4EE5500C1A364 /* aes.h */,
				96524F5D1BF4EE5500C1A364 /* attributes.h */,
				96524F5E1BF4EE5500C1A364 /* audio_fifo.h */,
				96524F5F1BF4EE5500C1A364 /* audioconvert.h */,
				96524F601BF4EE5500C1A364 /* avassert.h */,
				96524F611BF4EE5500C1A364 /* avconfig.h */,
				96524F621BF4EE5500C1A364 /* avstring.h */,
				96524F631BF4EE5500C1A364 /* avutil.h */,
				96524F641BF4EE5500C1A364 /* base64.h */,
				96524F651BF4EE5500C1A364 /* blowfish.h */,
				96524F661BF4EE5500C1A364 /* bprint.h */,
				96524F671BF4EE5500C1A364 /* bswap.h */,
				96524F681BF4EE5500C1A364 /* channel_layout.h */,
				96524F691BF4EE5500C1A364 /* common.h */,
				96524F6A1BF4EE5500C1A364 /* cpu.h */,
				96524F6B1BF4EE5500C1A364 /* crc.h */,
				96524F6C1BF4EE5500C1A364 /* dict.h */,
				96524F6D1BF4EE5500C1A364 /* error.h */,
				96524F6E1BF4EE5500C1A364 /* eval.h */,
				96524F6F1BF4EE5500C1A364 /* fifo.h */,
				96524F701BF4EE5500C1A364 /* file.h */,
				96524F711BF4EE5500C1A364 /* hmac.h */,
				96524F721BF4EE5500C1A364 /* imgutils.h */,
				96524F731BF4EE5500C1A364 /* intfloat.h */,
				96524F741BF4EE5500C1A364 /* intfloat_readwrite.h */,
				96524F751BF4EE5500C1A364 /* intreadwrite.h */,
				96524F761BF4EE5500C1A364 /* lfg.h */,
				96524F771BF4EE5500C1A364 /* log.h */,
				96524F781BF4EE5500C1A364 /* mathematics.h */,
				96524F791BF4EE5500C1A364 /* md5.h */,
				96524F7A1BF4EE5500C1A364 /* mem.h */,
				96524F7B1BF4EE5500C1A364 /* old_pix_fmts.h */,
				96524F7C1BF4EE5500C1A364 /* opt.h */,
				96524F7D1BF4EE5500C1A364 /* parseutils.h */,
				96524F7E1BF4EE5500C1A364 /* pixdesc.h */,
				96524F7F1BF4EE5500C1A364 /* pixfmt.h */,
				96524F801BF4EE5500C1A364 /* random_seed.h */,
				96524F811BF4EE5500C1A364 /* rational.h */,
				96524F821BF4EE5500C1A364 /* samplefmt.h */,
				96524F831BF4EE5500C1A364 /* sha.h */,
				96524F841BF4EE5500C1A364 /* timecode.h */,
				96524F851BF4EE5500C1A364 /* timestamp.h */,
				96524F861BF4EE5500C1A364 /* version.h */,
				96524F871BF4EE5500C1A364 /* xtea.h */,
			);
			path = libavutil;
			sourceTree = "<group>";
		};
		96524F881BF4EE5500C1A364 /* libpostproc */ = {
			isa = PBXGroup;
			children = (
				96524F891BF4EE5500C1A364 /* postprocess.h */,
				96524F8A1BF4EE5500C1A364 /* version.h */,
			);
			path = libpostproc;
			sourceTree = "<group>";
		};
		96524F8B1BF4EE5500C1A364 /* libswresample */ = {
			isa = PBXGroup;
			children = (
				96524F8C1BF4EE5500C1A364 /* swresample.h */,
				96524F8D1BF4EE5500C1A364 /* version.h */,
			);
			path = libswresample;
			sourceTree = "<group>";
		};
		96524F8E1BF4EE5500C1A364 /* libswscale */ = {
			isa = PBXGroup;
			children = (
				96524F8F1BF4EE5500C1A364 /* swscale.h */,
				96524F901BF4EE5500C1A364 /* version.h */,
			);
			path = libswscale;
			sourceTree = "<group>";
		};
		96524F911BF4EE5500C1A364 /* lib */ = {
			isa = PBXGroup;
			children = (
				96524F921BF4EE5500C1A364 /* libavcodec.a */,
				96524F931BF4EE5500C1A364 /* libavdevice.a */,
				96524F941BF4EE5500C1A364 /* libavfilter.a */,
				96524F951BF4EE5500C1A364 /* libavformat.a */,
				96524F961BF4EE5500C1A364 /* libavresample.a */,
				96524F971BF4EE5500C1A364 /* libavutil.a */,
				96524F981BF4EE5500C1A364 /* libpostproc.a */,
				96524F991BF4EE5500C1A364 /* libswresample.a */,
				96524F9A1BF4EE5500C1A364 /* libswscale.a */,
			);
			path = lib;
			sourceTree = "<group>";
		};
		9A6928EE8704BC9C136F7721 /* Frameworks */ = {
			isa = PBXGroup;
			children = (
				48B4C80D6368851034BE59B1 /* Pods_DroneSpike.framework */,
			);
			name = Frameworks;
			sourceTree = "<group>";
		};
/* End PBXGroup section */

/* Begin PBXNativeTarget section */
		36ADF7F91BF13E1E0021ED2F /* DroneSpike */ = {
			isa = PBXNativeTarget;
			buildConfigurationList = 36ADF8221BF13E1E0021ED2F /* Build configuration list for PBXNativeTarget "DroneSpike" */;
			buildPhases = (
				88B424107B142E534E961C0A /* Check Pods Manifest.lock */,
				36ADF7F61BF13E1E0021ED2F /* Sources */,
				36ADF7F71BF13E1E0021ED2F /* Frameworks */,
				36ADF7F81BF13E1E0021ED2F /* Resources */,
				550291711BF2654E002F7FD1 /* Run Script */,
				5024A1585DF78445EFF28B59 /* Embed Pods Frameworks */,
				C0D518462E093AF102A5A40E /* Copy Pods Resources */,
			);
			buildRules = (
			);
			dependencies = (
			);
			name = DroneSpike;
			productName = DroneSpike;
			productReference = 36ADF7FA1BF13E1E0021ED2F /* DroneSpike.app */;
			productType = "com.apple.product-type.application";
		};
		36ADF80D1BF13E1E0021ED2F /* DroneSpikeTests */ = {
			isa = PBXNativeTarget;
			buildConfigurationList = 36ADF8251BF13E1E0021ED2F /* Build configuration list for PBXNativeTarget "DroneSpikeTests" */;
			buildPhases = (
				36ADF80A1BF13E1E0021ED2F /* Sources */,
				36ADF80B1BF13E1E0021ED2F /* Frameworks */,
				36ADF80C1BF13E1E0021ED2F /* Resources */,
			);
			buildRules = (
			);
			dependencies = (
				36ADF8101BF13E1E0021ED2F /* PBXTargetDependency */,
			);
			name = DroneSpikeTests;
			productName = DroneSpikeTests;
			productReference = 36ADF80E1BF13E1E0021ED2F /* DroneSpikeTests.xctest */;
			productType = "com.apple.product-type.bundle.unit-test";
		};
		36ADF8181BF13E1E0021ED2F /* DroneSpikeUITests */ = {
			isa = PBXNativeTarget;
			buildConfigurationList = 36ADF8281BF13E1E0021ED2F /* Build configuration list for PBXNativeTarget "DroneSpikeUITests" */;
			buildPhases = (
				36ADF8151BF13E1E0021ED2F /* Sources */,
				36ADF8161BF13E1E0021ED2F /* Frameworks */,
				36ADF8171BF13E1E0021ED2F /* Resources */,
			);
			buildRules = (
			);
			dependencies = (
				36ADF81B1BF13E1E0021ED2F /* PBXTargetDependency */,
			);
			name = DroneSpikeUITests;
			productName = DroneSpikeUITests;
			productReference = 36ADF8191BF13E1E0021ED2F /* DroneSpikeUITests.xctest */;
			productType = "com.apple.product-type.bundle.ui-testing";
		};
/* End PBXNativeTarget section */

/* Begin PBXProject section */
		36ADF7F21BF13E1E0021ED2F /* Project object */ = {
			isa = PBXProject;
			attributes = {
				LastSwiftUpdateCheck = 0710;
				LastUpgradeCheck = 0710;
				ORGANIZATIONNAME = "Bearch Inc";
				TargetAttributes = {
					36ADF7F91BF13E1E0021ED2F = {
						CreatedOnToolsVersion = 7.1;
					};
					36ADF80D1BF13E1E0021ED2F = {
						CreatedOnToolsVersion = 7.1;
						TestTargetID = 36ADF7F91BF13E1E0021ED2F;
					};
					36ADF8181BF13E1E0021ED2F = {
						CreatedOnToolsVersion = 7.1;
						TestTargetID = 36ADF7F91BF13E1E0021ED2F;
					};
				};
			};
			buildConfigurationList = 36ADF7F51BF13E1E0021ED2F /* Build configuration list for PBXProject "DroneSpike" */;
			compatibilityVersion = "Xcode 3.2";
			developmentRegion = English;
			hasScannedForEncodings = 0;
			knownRegions = (
				en,
				Base,
			);
			mainGroup = 36ADF7F11BF13E1E0021ED2F;
			productRefGroup = 36ADF7FB1BF13E1E0021ED2F /* Products */;
			projectDirPath = "";
			projectRoot = "";
			targets = (
				36ADF7F91BF13E1E0021ED2F /* DroneSpike */,
				36ADF80D1BF13E1E0021ED2F /* DroneSpikeTests */,
				36ADF8181BF13E1E0021ED2F /* DroneSpikeUITests */,
			);
		};
/* End PBXProject section */

/* Begin PBXResourcesBuildPhase section */
		36ADF7F81BF13E1E0021ED2F /* Resources */ = {
			isa = PBXResourcesBuildPhase;
			buildActionMask = 2147483647;
			files = (
				36ADF8081BF13E1E0021ED2F /* LaunchScreen.storyboard in Resources */,
				36BF2A501BF533C200154F78 /* h264_i_4_1280_720_25.264 in Resources */,
				36BF2A531BF533C200154F78 /* h264_i_4_960_720_25.264 in Resources */,
				36ADF8051BF13E1E0021ED2F /* Assets.xcassets in Resources */,
				36BF2A521BF533C200154F78 /* h264_i_4_960_720_24.264 in Resources */,
				36ADF8031BF13E1E0021ED2F /* Main.storyboard in Resources */,
				36BF2A541BF533C200154F78 /* h264_i_4_960_720_30.264 in Resources */,
				36BF2A511BF533C200154F78 /* h264_i_4_1280_720_30.264 in Resources */,
				36BF2A4F1BF533C200154F78 /* h264_i_4_1280_720_24.264 in Resources */,
				36BF2A4E1BF533C200154F78 /* h264_i_1_720_30.264 in Resources */,
			);
			runOnlyForDeploymentPostprocessing = 0;
		};
		36ADF80C1BF13E1E0021ED2F /* Resources */ = {
			isa = PBXResourcesBuildPhase;
			buildActionMask = 2147483647;
			files = (
			);
			runOnlyForDeploymentPostprocessing = 0;
		};
		36ADF8171BF13E1E0021ED2F /* Resources */ = {
			isa = PBXResourcesBuildPhase;
			buildActionMask = 2147483647;
			files = (
			);
			runOnlyForDeploymentPostprocessing = 0;
		};
/* End PBXResourcesBuildPhase section */

/* Begin PBXShellScriptBuildPhase section */
		5024A1585DF78445EFF28B59 /* Embed Pods Frameworks */ = {
			isa = PBXShellScriptBuildPhase;
			buildActionMask = 2147483647;
			files = (
			);
			inputPaths = (
			);
			name = "Embed Pods Frameworks";
			outputPaths = (
			);
			runOnlyForDeploymentPostprocessing = 0;
			shellPath = /bin/sh;
			shellScript = "\"${SRCROOT}/Pods/Target Support Files/Pods-DroneSpike/Pods-DroneSpike-frameworks.sh\"\n";
			showEnvVarsInLog = 0;
		};
		550291711BF2654E002F7FD1 /* Run Script */ = {
			isa = PBXShellScriptBuildPhase;
			buildActionMask = 2147483647;
			files = (
			);
			inputPaths = (
			);
			name = "Run Script";
			outputPaths = (
			);
			runOnlyForDeploymentPostprocessing = 0;
			shellPath = /bin/sh;
			shellScript = "./DroneSpike/Frameworks/Fabric.framework/run d755fc6afce425dd611af6e6129b210edaa514ba 8cc8bb27b7b0cca83f23953ccd681dea7a61dc8e36791ce88768da1c16b4042b";
		};
		88B424107B142E534E961C0A /* Check Pods Manifest.lock */ = {
			isa = PBXShellScriptBuildPhase;
			buildActionMask = 2147483647;
			files = (
			);
			inputPaths = (
			);
			name = "Check Pods Manifest.lock";
			outputPaths = (
			);
			runOnlyForDeploymentPostprocessing = 0;
			shellPath = /bin/sh;
			shellScript = "diff \"${PODS_ROOT}/../Podfile.lock\" \"${PODS_ROOT}/Manifest.lock\" > /dev/null\nif [[ $? != 0 ]] ; then\n    cat << EOM\nerror: The sandbox is not in sync with the Podfile.lock. Run 'pod install' or update your CocoaPods installation.\nEOM\n    exit 1\nfi\n";
			showEnvVarsInLog = 0;
		};
		C0D518462E093AF102A5A40E /* Copy Pods Resources */ = {
			isa = PBXShellScriptBuildPhase;
			buildActionMask = 2147483647;
			files = (
			);
			inputPaths = (
			);
			name = "Copy Pods Resources";
			outputPaths = (
			);
			runOnlyForDeploymentPostprocessing = 0;
			shellPath = /bin/sh;
			shellScript = "\"${SRCROOT}/Pods/Target Support Files/Pods-DroneSpike/Pods-DroneSpike-resources.sh\"\n";
			showEnvVarsInLog = 0;
		};
/* End PBXShellScriptBuildPhase section */

/* Begin PBXSourcesBuildPhase section */
		36ADF7F61BF13E1E0021ED2F /* Sources */ = {
			isa = PBXSourcesBuildPhase;
			buildActionMask = 2147483647;
			files = (
				36D889B41BF3874700457A2A /* MissionControl.swift in Sources */,
				36ADF8001BF13E1E0021ED2F /* WaypointViewController.swift in Sources */,
				96524F371BF4EA9900C1A364 /* PlaybackViewController.swift in Sources */,
				36D889B61BF3879900457A2A /* Waypoint.swift in Sources */,
				550291641BF21DA6002F7FD1 /* JoystickViewController.swift in Sources */,
				96524FAB1BF4EE5500C1A364 /* MovieGLView.m in Sources */,
				96524FA11BF4EE5500C1A364 /* DJILinkQueues.m in Sources */,
				96524FAD1BF4EE5500C1A364 /* VideoPreviewer.m in Sources */,
				36ADF7FE1BF13E1E0021ED2F /* AppDelegate.swift in Sources */,
				96524FAC1BF4EE5500C1A364 /* VideoFrameExtractor.m in Sources */,
				82483A261BF4FA90007CBC2C /* DetectVideoViewController.mm in Sources */,
				962FB20C1BF23B6B004FD44C /* HomeViewController.swift in Sources */,
			);
			runOnlyForDeploymentPostprocessing = 0;
		};
		36ADF80A1BF13E1E0021ED2F /* Sources */ = {
			isa = PBXSourcesBuildPhase;
			buildActionMask = 2147483647;
			files = (
				36ADF8131BF13E1E0021ED2F /* DroneSpikeTests.swift in Sources */,
			);
			runOnlyForDeploymentPostprocessing = 0;
		};
		36ADF8151BF13E1E0021ED2F /* Sources */ = {
			isa = PBXSourcesBuildPhase;
			buildActionMask = 2147483647;
			files = (
				36ADF81E1BF13E1E0021ED2F /* DroneSpikeUITests.swift in Sources */,
			);
			runOnlyForDeploymentPostprocessing = 0;
		};
/* End PBXSourcesBuildPhase section */

/* Begin PBXTargetDependency section */
		36ADF8101BF13E1E0021ED2F /* PBXTargetDependency */ = {
			isa = PBXTargetDependency;
			target = 36ADF7F91BF13E1E0021ED2F /* DroneSpike */;
			targetProxy = 36ADF80F1BF13E1E0021ED2F /* PBXContainerItemProxy */;
		};
		36ADF81B1BF13E1E0021ED2F /* PBXTargetDependency */ = {
			isa = PBXTargetDependency;
			target = 36ADF7F91BF13E1E0021ED2F /* DroneSpike */;
			targetProxy = 36ADF81A1BF13E1E0021ED2F /* PBXContainerItemProxy */;
		};
/* End PBXTargetDependency section */

/* Begin PBXVariantGroup section */
		36ADF8011BF13E1E0021ED2F /* Main.storyboard */ = {
			isa = PBXVariantGroup;
			children = (
				36ADF8021BF13E1E0021ED2F /* Base */,
			);
			name = Main.storyboard;
			path = .;
			sourceTree = "<group>";
		};
		36ADF8061BF13E1E0021ED2F /* LaunchScreen.storyboard */ = {
			isa = PBXVariantGroup;
			children = (
				36ADF8071BF13E1E0021ED2F /* Base */,
			);
			name = LaunchScreen.storyboard;
			path = .;
			sourceTree = "<group>";
		};
/* End PBXVariantGroup section */

/* Begin XCBuildConfiguration section */
		36ADF8201BF13E1E0021ED2F /* Debug */ = {
			isa = XCBuildConfiguration;
			buildSettings = {
				ALWAYS_SEARCH_USER_PATHS = NO;
				CLANG_CXX_LANGUAGE_STANDARD = "gnu++0x";
				CLANG_CXX_LIBRARY = "libc++";
				CLANG_ENABLE_MODULES = YES;
				CLANG_ENABLE_OBJC_ARC = YES;
				CLANG_WARN_BOOL_CONVERSION = YES;
				CLANG_WARN_CONSTANT_CONVERSION = YES;
				CLANG_WARN_DIRECT_OBJC_ISA_USAGE = YES_ERROR;
				CLANG_WARN_EMPTY_BODY = YES;
				CLANG_WARN_ENUM_CONVERSION = YES;
				CLANG_WARN_INT_CONVERSION = YES;
				CLANG_WARN_OBJC_ROOT_CLASS = YES_ERROR;
				CLANG_WARN_UNREACHABLE_CODE = YES;
				CLANG_WARN__DUPLICATE_METHOD_MATCH = YES;
				"CODE_SIGN_IDENTITY[sdk=iphoneos*]" = "iPhone Developer";
				COPY_PHASE_STRIP = NO;
				DEBUG_INFORMATION_FORMAT = "dwarf-with-dsym";
				ENABLE_STRICT_OBJC_MSGSEND = YES;
				ENABLE_TESTABILITY = YES;
				GCC_C_LANGUAGE_STANDARD = gnu99;
				GCC_DYNAMIC_NO_PIC = NO;
				GCC_NO_COMMON_BLOCKS = YES;
				GCC_OPTIMIZATION_LEVEL = 0;
				GCC_PREPROCESSOR_DEFINITIONS = (
					"DEBUG=1",
					"$(inherited)",
				);
				GCC_WARN_64_TO_32_BIT_CONVERSION = YES;
				GCC_WARN_ABOUT_RETURN_TYPE = YES_ERROR;
				GCC_WARN_UNDECLARED_SELECTOR = YES;
				GCC_WARN_UNINITIALIZED_AUTOS = YES_AGGRESSIVE;
				GCC_WARN_UNUSED_FUNCTION = YES;
				GCC_WARN_UNUSED_VARIABLE = YES;
				IPHONEOS_DEPLOYMENT_TARGET = 9.1;
				MTL_ENABLE_DEBUG_INFO = YES;
				ONLY_ACTIVE_ARCH = YES;
				SDKROOT = iphoneos;
				SWIFT_OPTIMIZATION_LEVEL = "-Onone";
				TARGETED_DEVICE_FAMILY = "1,2";
			};
			name = Debug;
		};
		36ADF8211BF13E1E0021ED2F /* Release */ = {
			isa = XCBuildConfiguration;
			buildSettings = {
				ALWAYS_SEARCH_USER_PATHS = NO;
				CLANG_CXX_LANGUAGE_STANDARD = "gnu++0x";
				CLANG_CXX_LIBRARY = "libc++";
				CLANG_ENABLE_MODULES = YES;
				CLANG_ENABLE_OBJC_ARC = YES;
				CLANG_WARN_BOOL_CONVERSION = YES;
				CLANG_WARN_CONSTANT_CONVERSION = YES;
				CLANG_WARN_DIRECT_OBJC_ISA_USAGE = YES_ERROR;
				CLANG_WARN_EMPTY_BODY = YES;
				CLANG_WARN_ENUM_CONVERSION = YES;
				CLANG_WARN_INT_CONVERSION = YES;
				CLANG_WARN_OBJC_ROOT_CLASS = YES_ERROR;
				CLANG_WARN_UNREACHABLE_CODE = YES;
				CLANG_WARN__DUPLICATE_METHOD_MATCH = YES;
				"CODE_SIGN_IDENTITY[sdk=iphoneos*]" = "iPhone Developer";
				COPY_PHASE_STRIP = NO;
				DEBUG_INFORMATION_FORMAT = "dwarf-with-dsym";
				ENABLE_NS_ASSERTIONS = NO;
				ENABLE_STRICT_OBJC_MSGSEND = YES;
				GCC_C_LANGUAGE_STANDARD = gnu99;
				GCC_NO_COMMON_BLOCKS = YES;
				GCC_WARN_64_TO_32_BIT_CONVERSION = YES;
				GCC_WARN_ABOUT_RETURN_TYPE = YES_ERROR;
				GCC_WARN_UNDECLARED_SELECTOR = YES;
				GCC_WARN_UNINITIALIZED_AUTOS = YES_AGGRESSIVE;
				GCC_WARN_UNUSED_FUNCTION = YES;
				GCC_WARN_UNUSED_VARIABLE = YES;
				IPHONEOS_DEPLOYMENT_TARGET = 9.1;
				MTL_ENABLE_DEBUG_INFO = NO;
				SDKROOT = iphoneos;
				TARGETED_DEVICE_FAMILY = "1,2";
				VALIDATE_PRODUCT = YES;
			};
			name = Release;
		};
		36ADF8231BF13E1E0021ED2F /* Debug */ = {
			isa = XCBuildConfiguration;
			baseConfigurationReference = 6679D6583CBEA7DF0A007FD1 /* Pods-DroneSpike.debug.xcconfig */;
			buildSettings = {
				ASSETCATALOG_COMPILER_APPICON_NAME = AppIcon;
				CLANG_ENABLE_MODULES = YES;
				ENABLE_BITCODE = NO;
				FRAMEWORK_SEARCH_PATHS = (
					"$(inherited)",
					"$(PROJECT_DIR)/DroneSpike",
					"$(PROJECT_DIR)/DroneSpike/Frameworks",
					"$(PROJECT_DIR)",
				);
				INFOPLIST_FILE = DroneSpike/ProjectFiles/Info.plist;
				LD_RUNPATH_SEARCH_PATHS = "$(inherited) @executable_path/Frameworks";
				LIBRARY_SEARCH_PATHS = (
					"$(inherited)",
					"$(PROJECT_DIR)/DroneSpike/Vendor/VideoPreviewer/ffmpeg/lib",
					"$(PROJECT_DIR)/DroneSpike/Frameworks",
					"$(PROJECT_DIR)/DroneSpike/Vendor/H264Decoder",
				);
				PRODUCT_BUNDLE_IDENTIFIER = com.bearch.DroneSpike;
				PRODUCT_NAME = "$(TARGET_NAME)";
				SWIFT_OBJC_BRIDGING_HEADER = "DroneSpike/ProjectFiles/DroneSpike-Bridging-Header.h";
				SWIFT_OPTIMIZATION_LEVEL = "-Onone";
				USER_HEADER_SEARCH_PATHS = "$(PROJECT_DIR)/DroneSpike/Vendor/VideoPreviewer/ffmpeg/include";
			};
			name = Debug;
		};
		36ADF8241BF13E1E0021ED2F /* Release */ = {
			isa = XCBuildConfiguration;
			baseConfigurationReference = F4BFB78E6ED95170A1C64597 /* Pods-DroneSpike.release.xcconfig */;
			buildSettings = {
				ASSETCATALOG_COMPILER_APPICON_NAME = AppIcon;
				CLANG_ENABLE_MODULES = YES;
				ENABLE_BITCODE = NO;
				FRAMEWORK_SEARCH_PATHS = (
					"$(inherited)",
					"$(PROJECT_DIR)/DroneSpike",
					"$(PROJECT_DIR)/DroneSpike/Frameworks",
					"$(PROJECT_DIR)",
				);
				INFOPLIST_FILE = DroneSpike/ProjectFiles/Info.plist;
				LD_RUNPATH_SEARCH_PATHS = "$(inherited) @executable_path/Frameworks";
				LIBRARY_SEARCH_PATHS = (
					"$(inherited)",
					"$(PROJECT_DIR)/DroneSpike/Vendor/VideoPreviewer/ffmpeg/lib",
					"$(PROJECT_DIR)/DroneSpike/Frameworks",
					"$(PROJECT_DIR)/DroneSpike/Vendor/H264Decoder",
				);
				PRODUCT_BUNDLE_IDENTIFIER = com.bearch.DroneSpike;
				PRODUCT_NAME = "$(TARGET_NAME)";
				SWIFT_OBJC_BRIDGING_HEADER = "DroneSpike/ProjectFiles/DroneSpike-Bridging-Header.h";
				USER_HEADER_SEARCH_PATHS = "$(PROJECT_DIR)/DroneSpike/Vendor/VideoPreviewer/ffmpeg/include";
			};
			name = Release;
		};
		36ADF8261BF13E1E0021ED2F /* Debug */ = {
			isa = XCBuildConfiguration;
			buildSettings = {
				BUNDLE_LOADER = "$(TEST_HOST)";
				INFOPLIST_FILE = DroneSpikeTests/Info.plist;
				LD_RUNPATH_SEARCH_PATHS = "$(inherited) @executable_path/Frameworks @loader_path/Frameworks";
				PRODUCT_BUNDLE_IDENTIFIER = com.bearch.DroneSpikeTests;
				PRODUCT_NAME = "$(TARGET_NAME)";
				TEST_HOST = "$(BUILT_PRODUCTS_DIR)/DroneSpike.app/DroneSpike";
			};
			name = Debug;
		};
		36ADF8271BF13E1E0021ED2F /* Release */ = {
			isa = XCBuildConfiguration;
			buildSettings = {
				BUNDLE_LOADER = "$(TEST_HOST)";
				INFOPLIST_FILE = DroneSpikeTests/Info.plist;
				LD_RUNPATH_SEARCH_PATHS = "$(inherited) @executable_path/Frameworks @loader_path/Frameworks";
				PRODUCT_BUNDLE_IDENTIFIER = com.bearch.DroneSpikeTests;
				PRODUCT_NAME = "$(TARGET_NAME)";
				TEST_HOST = "$(BUILT_PRODUCTS_DIR)/DroneSpike.app/DroneSpike";
			};
			name = Release;
		};
		36ADF8291BF13E1E0021ED2F /* Debug */ = {
			isa = XCBuildConfiguration;
			buildSettings = {
				INFOPLIST_FILE = DroneSpikeUITests/Info.plist;
				LD_RUNPATH_SEARCH_PATHS = "$(inherited) @executable_path/Frameworks @loader_path/Frameworks";
				PRODUCT_BUNDLE_IDENTIFIER = com.bearch.DroneSpikeUITests;
				PRODUCT_NAME = "$(TARGET_NAME)";
				TEST_TARGET_NAME = DroneSpike;
				USES_XCTRUNNER = YES;
			};
			name = Debug;
		};
		36ADF82A1BF13E1E0021ED2F /* Release */ = {
			isa = XCBuildConfiguration;
			buildSettings = {
				INFOPLIST_FILE = DroneSpikeUITests/Info.plist;
				LD_RUNPATH_SEARCH_PATHS = "$(inherited) @executable_path/Frameworks @loader_path/Frameworks";
				PRODUCT_BUNDLE_IDENTIFIER = com.bearch.DroneSpikeUITests;
				PRODUCT_NAME = "$(TARGET_NAME)";
				TEST_TARGET_NAME = DroneSpike;
				USES_XCTRUNNER = YES;
			};
			name = Release;
		};
/* End XCBuildConfiguration section */

/* Begin XCConfigurationList section */
		36ADF7F51BF13E1E0021ED2F /* Build configuration list for PBXProject "DroneSpike" */ = {
			isa = XCConfigurationList;
			buildConfigurations = (
				36ADF8201BF13E1E0021ED2F /* Debug */,
				36ADF8211BF13E1E0021ED2F /* Release */,
			);
			defaultConfigurationIsVisible = 0;
			defaultConfigurationName = Release;
		};
		36ADF8221BF13E1E0021ED2F /* Build configuration list for PBXNativeTarget "DroneSpike" */ = {
			isa = XCConfigurationList;
			buildConfigurations = (
				36ADF8231BF13E1E0021ED2F /* Debug */,
				36ADF8241BF13E1E0021ED2F /* Release */,
			);
			defaultConfigurationIsVisible = 0;
			defaultConfigurationName = Release;
		};
		36ADF8251BF13E1E0021ED2F /* Build configuration list for PBXNativeTarget "DroneSpikeTests" */ = {
			isa = XCConfigurationList;
			buildConfigurations = (
				36ADF8261BF13E1E0021ED2F /* Debug */,
				36ADF8271BF13E1E0021ED2F /* Release */,
			);
			defaultConfigurationIsVisible = 0;
			defaultConfigurationName = Release;
		};
		36ADF8281BF13E1E0021ED2F /* Build configuration list for PBXNativeTarget "DroneSpikeUITests" */ = {
			isa = XCConfigurationList;
			buildConfigurations = (
				36ADF8291BF13E1E0021ED2F /* Debug */,
				36ADF82A1BF13E1E0021ED2F /* Release */,
			);
			defaultConfigurationIsVisible = 0;
			defaultConfigurationName = Release;
		};
/* End XCConfigurationList section */
	};
	rootObject = 36ADF7F21BF13E1E0021ED2F /* Project object */;
}
