// !$*UTF8*$!
{
	archiveVersion = 1;
	classes = {
	};
	objectVersion = 46;
	objects = {

/* Begin PBXBuildFile section */
		2B52EB78768152F60E487539 /* Pods_DroneSpike.framework in Frameworks */ = {isa = PBXBuildFile; fileRef = 48B4C80D6368851034BE59B1 /* Pods_DroneSpike.framework */; };
		361C09501BFCB74A001AE0D5 /* libbz2.tbd in Frameworks */ = {isa = PBXBuildFile; fileRef = 361C094F1BFCB74A001AE0D5 /* libbz2.tbd */; };
		361C09521BFCB752001AE0D5 /* libiconv.tbd in Frameworks */ = {isa = PBXBuildFile; fileRef = 361C09511BFCB752001AE0D5 /* libiconv.tbd */; };
		361C09551BFCD79A001AE0D5 /* MissionControl.swift in Sources */ = {isa = PBXBuildFile; fileRef = 361C09531BFCD79A001AE0D5 /* MissionControl.swift */; };
		361C09561BFCD79A001AE0D5 /* Waypoint.swift in Sources */ = {isa = PBXBuildFile; fileRef = 361C09541BFCD79A001AE0D5 /* Waypoint.swift */; };
		361C09591BFCD7A6001AE0D5 /* CVConverters.mm in Sources */ = {isa = PBXBuildFile; fileRef = 361C09581BFCD7A6001AE0D5 /* CVConverters.mm */; };
		36ADF7FE1BF13E1E0021ED2F /* AppDelegate.swift in Sources */ = {isa = PBXBuildFile; fileRef = 36ADF7FD1BF13E1E0021ED2F /* AppDelegate.swift */; };
		36ADF8001BF13E1E0021ED2F /* WaypointViewController.swift in Sources */ = {isa = PBXBuildFile; fileRef = 36ADF7FF1BF13E1E0021ED2F /* WaypointViewController.swift */; };
		36ADF8031BF13E1E0021ED2F /* Main.storyboard in Resources */ = {isa = PBXBuildFile; fileRef = 36ADF8011BF13E1E0021ED2F /* Main.storyboard */; };
		36ADF8051BF13E1E0021ED2F /* Assets.xcassets in Resources */ = {isa = PBXBuildFile; fileRef = 36ADF8041BF13E1E0021ED2F /* Assets.xcassets */; };
		36ADF8081BF13E1E0021ED2F /* LaunchScreen.storyboard in Resources */ = {isa = PBXBuildFile; fileRef = 36ADF8061BF13E1E0021ED2F /* LaunchScreen.storyboard */; };
		36ADF8131BF13E1E0021ED2F /* DroneSpikeTests.swift in Sources */ = {isa = PBXBuildFile; fileRef = 36ADF8121BF13E1E0021ED2F /* DroneSpikeTests.swift */; };
		36ADF81E1BF13E1E0021ED2F /* DroneSpikeUITests.swift in Sources */ = {isa = PBXBuildFile; fileRef = 36ADF81D1BF13E1E0021ED2F /* DroneSpikeUITests.swift */; };
		36ADF82E1BF13E3E0021ED2F /* libz.tbd in Frameworks */ = {isa = PBXBuildFile; fileRef = 36ADF82D1BF13E3E0021ED2F /* libz.tbd */; };
		36ADF8321BF13E700021ED2F /* libstdc++.6.0.9.tbd in Frameworks */ = {isa = PBXBuildFile; fileRef = 36ADF8311BF13E700021ED2F /* libstdc++.6.0.9.tbd */; };
		36ADF8371BF21A980021ED2F /* CoreLocation.framework in Frameworks */ = {isa = PBXBuildFile; fileRef = 36ADF8361BF21A980021ED2F /* CoreLocation.framework */; };
		36BF2B611BF6130700154F78 /* libDJIVTH264Decoder.a in Frameworks */ = {isa = PBXBuildFile; fileRef = 36BF2AE71BF6130700154F78 /* libDJIVTH264Decoder.a */; };
		36BF2B621BF6130700154F78 /* DJILinkQueues.m in Sources */ = {isa = PBXBuildFile; fileRef = 36BF2AE91BF6130700154F78 /* DJILinkQueues.m */; };
		36BF2B631BF6130700154F78 /* libavcodec.a in Frameworks */ = {isa = PBXBuildFile; fileRef = 36BF2B521BF6130700154F78 /* libavcodec.a */; };
		36BF2B641BF6130700154F78 /* libavdevice.a in Frameworks */ = {isa = PBXBuildFile; fileRef = 36BF2B531BF6130700154F78 /* libavdevice.a */; };
		36BF2B651BF6130700154F78 /* libavfilter.a in Frameworks */ = {isa = PBXBuildFile; fileRef = 36BF2B541BF6130700154F78 /* libavfilter.a */; };
		36BF2B661BF6130700154F78 /* libavformat.a in Frameworks */ = {isa = PBXBuildFile; fileRef = 36BF2B551BF6130700154F78 /* libavformat.a */; };
		36BF2B671BF6130700154F78 /* libavresample.a in Frameworks */ = {isa = PBXBuildFile; fileRef = 36BF2B561BF6130700154F78 /* libavresample.a */; };
		36BF2B681BF6130700154F78 /* libavutil.a in Frameworks */ = {isa = PBXBuildFile; fileRef = 36BF2B571BF6130700154F78 /* libavutil.a */; };
		36BF2B691BF6130700154F78 /* libpostproc.a in Frameworks */ = {isa = PBXBuildFile; fileRef = 36BF2B581BF6130700154F78 /* libpostproc.a */; };
		36BF2B6A1BF6130700154F78 /* libswresample.a in Frameworks */ = {isa = PBXBuildFile; fileRef = 36BF2B591BF6130700154F78 /* libswresample.a */; };
		36BF2B6B1BF6130700154F78 /* libswscale.a in Frameworks */ = {isa = PBXBuildFile; fileRef = 36BF2B5A1BF6130700154F78 /* libswscale.a */; };
		36BF2B6C1BF6130700154F78 /* MovieGLView.m in Sources */ = {isa = PBXBuildFile; fileRef = 36BF2B5C1BF6130700154F78 /* MovieGLView.m */; };
		36BF2B6D1BF6130700154F78 /* VideoFrameExtractor.m in Sources */ = {isa = PBXBuildFile; fileRef = 36BF2B5E1BF6130700154F78 /* VideoFrameExtractor.m */; };
		36BF2B6E1BF6130700154F78 /* VideoPreviewer.m in Sources */ = {isa = PBXBuildFile; fileRef = 36BF2B601BF6130700154F78 /* VideoPreviewer.m */; };
		550291641BF21DA6002F7FD1 /* JoystickViewController.swift in Sources */ = {isa = PBXBuildFile; fileRef = 550291631BF21DA6002F7FD1 /* JoystickViewController.swift */; };
		5541385C1BF39DDE0081183C /* Fabric.framework in Frameworks */ = {isa = PBXBuildFile; fileRef = 550291721BF26580002F7FD1 /* Fabric.framework */; };
		5541385D1BF39DE90081183C /* Crashlytics.framework in Frameworks */ = {isa = PBXBuildFile; fileRef = 550291731BF26580002F7FD1 /* Crashlytics.framework */; };
		8202A1091BF4F1F300234FB9 /* AudioToolbox.framework in Frameworks */ = {isa = PBXBuildFile; fileRef = 8202A1081BF4F1F300234FB9 /* AudioToolbox.framework */; };
		82101A101BFD0B8E00D9D3C6 /* test.mov in Resources */ = {isa = PBXBuildFile; fileRef = 82101A0F1BFD0B8E00D9D3C6 /* test.mov */; };
		82101A121BFD0F6300D9D3C6 /* test3.mov in Resources */ = {isa = PBXBuildFile; fileRef = 82101A111BFD0F6300D9D3C6 /* test3.mov */; };
		82101A1D1BFF5DF300D9D3C6 /* CamshiftUtil.mm in Sources */ = {isa = PBXBuildFile; fileRef = 82101A1C1BFF5DF300D9D3C6 /* CamshiftUtil.mm */; };
		82340B5A1BFA42EC0005565F /* VideoMotionViewController.mm in Sources */ = {isa = PBXBuildFile; fileRef = 82340B591BFA42EC0005565F /* VideoMotionViewController.mm */; };
		82483A201BF4F296007CBC2C /* libstdc++.tbd in Frameworks */ = {isa = PBXBuildFile; fileRef = 36ADF82F1BF13E4F0021ED2F /* libstdc++.tbd */; };
		82483A221BF4F406007CBC2C /* libjpeg.a in Frameworks */ = {isa = PBXBuildFile; fileRef = 82483A211BF4F406007CBC2C /* libjpeg.a */; };
		82483A261BF4FA90007CBC2C /* DetectVideoViewController.mm in Sources */ = {isa = PBXBuildFile; fileRef = 82483A251BF4FA90007CBC2C /* DetectVideoViewController.mm */; };
		82E9E2391BFB618900129800 /* ImageUtils.mm in Sources */ = {isa = PBXBuildFile; fileRef = 82E9E2381BFB618900129800 /* ImageUtils.mm */; };
		962FB20A1BF236D2004FD44C /* DJISDK.framework in Frameworks */ = {isa = PBXBuildFile; fileRef = 36ADF82B1BF13E2F0021ED2F /* DJISDK.framework */; };
		962FB20C1BF23B6B004FD44C /* HomeViewController.swift in Sources */ = {isa = PBXBuildFile; fileRef = 962FB20B1BF23B6B004FD44C /* HomeViewController.swift */; };
		96524F371BF4EA9900C1A364 /* PlaybackViewController.swift in Sources */ = {isa = PBXBuildFile; fileRef = 96524F361BF4EA9900C1A364 /* PlaybackViewController.swift */; };
/* End PBXBuildFile section */

/* Begin PBXContainerItemProxy section */
		36ADF80F1BF13E1E0021ED2F /* PBXContainerItemProxy */ = {
			isa = PBXContainerItemProxy;
			containerPortal = 36ADF7F21BF13E1E0021ED2F /* Project object */;
			proxyType = 1;
			remoteGlobalIDString = 36ADF7F91BF13E1E0021ED2F;
			remoteInfo = DroneSpike;
		};
		36ADF81A1BF13E1E0021ED2F /* PBXContainerItemProxy */ = {
			isa = PBXContainerItemProxy;
			containerPortal = 36ADF7F21BF13E1E0021ED2F /* Project object */;
			proxyType = 1;
			remoteGlobalIDString = 36ADF7F91BF13E1E0021ED2F;
			remoteInfo = DroneSpike;
		};
/* End PBXContainerItemProxy section */

/* Begin PBXFileReference section */
		361C094F1BFCB74A001AE0D5 /* libbz2.tbd */ = {isa = PBXFileReference; lastKnownFileType = "sourcecode.text-based-dylib-definition"; name = libbz2.tbd; path = usr/lib/libbz2.tbd; sourceTree = SDKROOT; };
		361C09511BFCB752001AE0D5 /* libiconv.tbd */ = {isa = PBXFileReference; lastKnownFileType = "sourcecode.text-based-dylib-definition"; name = libiconv.tbd; path = usr/lib/libiconv.tbd; sourceTree = SDKROOT; };
		361C09531BFCD79A001AE0D5 /* MissionControl.swift */ = {isa = PBXFileReference; fileEncoding = 4; lastKnownFileType = sourcecode.swift; name = MissionControl.swift; path = Models/MissionControl.swift; sourceTree = "<group>"; };
		361C09541BFCD79A001AE0D5 /* Waypoint.swift */ = {isa = PBXFileReference; fileEncoding = 4; lastKnownFileType = sourcecode.swift; name = Waypoint.swift; path = Models/Waypoint.swift; sourceTree = "<group>"; };
		361C09571BFCD7A6001AE0D5 /* CVConverters.h */ = {isa = PBXFileReference; fileEncoding = 4; lastKnownFileType = sourcecode.c.h; name = CVConverters.h; path = Opencv/CVConverters.h; sourceTree = "<group>"; };
		361C09581BFCD7A6001AE0D5 /* CVConverters.mm */ = {isa = PBXFileReference; fileEncoding = 4; lastKnownFileType = sourcecode.cpp.objcpp; name = CVConverters.mm; path = Opencv/CVConverters.mm; sourceTree = "<group>"; };
		366B68B01BFA3DB3003FE32F /* AssetsLibrary.framework */ = {isa = PBXFileReference; lastKnownFileType = wrapper.framework; name = AssetsLibrary.framework; path = System/Library/Frameworks/AssetsLibrary.framework; sourceTree = SDKROOT; };
		36ADF7FA1BF13E1E0021ED2F /* DroneSpike.app */ = {isa = PBXFileReference; explicitFileType = wrapper.application; includeInIndex = 0; path = DroneSpike.app; sourceTree = BUILT_PRODUCTS_DIR; };
		36ADF7FD1BF13E1E0021ED2F /* AppDelegate.swift */ = {isa = PBXFileReference; lastKnownFileType = sourcecode.swift; path = AppDelegate.swift; sourceTree = "<group>"; };
		36ADF7FF1BF13E1E0021ED2F /* WaypointViewController.swift */ = {isa = PBXFileReference; lastKnownFileType = sourcecode.swift; path = WaypointViewController.swift; sourceTree = "<group>"; };
		36ADF8021BF13E1E0021ED2F /* Base */ = {isa = PBXFileReference; lastKnownFileType = file.storyboard; name = Base; path = Base.lproj/Main.storyboard; sourceTree = "<group>"; };
		36ADF8041BF13E1E0021ED2F /* Assets.xcassets */ = {isa = PBXFileReference; lastKnownFileType = folder.assetcatalog; path = Assets.xcassets; sourceTree = "<group>"; };
		36ADF8071BF13E1E0021ED2F /* Base */ = {isa = PBXFileReference; lastKnownFileType = file.storyboard; name = Base; path = Base.lproj/LaunchScreen.storyboard; sourceTree = "<group>"; };
		36ADF8091BF13E1E0021ED2F /* Info.plist */ = {isa = PBXFileReference; lastKnownFileType = text.plist.xml; path = Info.plist; sourceTree = "<group>"; };
		36ADF80E1BF13E1E0021ED2F /* DroneSpikeTests.xctest */ = {isa = PBXFileReference; explicitFileType = wrapper.cfbundle; includeInIndex = 0; path = DroneSpikeTests.xctest; sourceTree = BUILT_PRODUCTS_DIR; };
		36ADF8121BF13E1E0021ED2F /* DroneSpikeTests.swift */ = {isa = PBXFileReference; lastKnownFileType = sourcecode.swift; path = DroneSpikeTests.swift; sourceTree = "<group>"; };
		36ADF8141BF13E1E0021ED2F /* Info.plist */ = {isa = PBXFileReference; lastKnownFileType = text.plist.xml; path = Info.plist; sourceTree = "<group>"; };
		36ADF8191BF13E1E0021ED2F /* DroneSpikeUITests.xctest */ = {isa = PBXFileReference; explicitFileType = wrapper.cfbundle; includeInIndex = 0; path = DroneSpikeUITests.xctest; sourceTree = BUILT_PRODUCTS_DIR; };
		36ADF81D1BF13E1E0021ED2F /* DroneSpikeUITests.swift */ = {isa = PBXFileReference; lastKnownFileType = sourcecode.swift; path = DroneSpikeUITests.swift; sourceTree = "<group>"; };
		36ADF81F1BF13E1E0021ED2F /* Info.plist */ = {isa = PBXFileReference; lastKnownFileType = text.plist.xml; path = Info.plist; sourceTree = "<group>"; };
		36ADF82B1BF13E2F0021ED2F /* DJISDK.framework */ = {isa = PBXFileReference; lastKnownFileType = wrapper.framework; path = DJISDK.framework; sourceTree = "<group>"; };
		36ADF82D1BF13E3E0021ED2F /* libz.tbd */ = {isa = PBXFileReference; lastKnownFileType = "sourcecode.text-based-dylib-definition"; name = libz.tbd; path = usr/lib/libz.tbd; sourceTree = SDKROOT; };
		36ADF82F1BF13E4F0021ED2F /* libstdc++.tbd */ = {isa = PBXFileReference; lastKnownFileType = "sourcecode.text-based-dylib-definition"; name = "libstdc++.tbd"; path = "usr/lib/libstdc++.tbd"; sourceTree = SDKROOT; };
		36ADF8311BF13E700021ED2F /* libstdc++.6.0.9.tbd */ = {isa = PBXFileReference; lastKnownFileType = "sourcecode.text-based-dylib-definition"; name = "libstdc++.6.0.9.tbd"; path = "usr/lib/libstdc++.6.0.9.tbd"; sourceTree = SDKROOT; };
		36ADF8331BF214FA0021ED2F /* DroneSpike-Bridging-Header.h */ = {isa = PBXFileReference; lastKnownFileType = sourcecode.c.h; path = "DroneSpike-Bridging-Header.h"; sourceTree = "<group>"; };
		36ADF8361BF21A980021ED2F /* CoreLocation.framework */ = {isa = PBXFileReference; lastKnownFileType = wrapper.framework; name = CoreLocation.framework; path = System/Library/Frameworks/CoreLocation.framework; sourceTree = SDKROOT; };
		36BF2AE51BF6130700154F78 /* DJIVTH264DecoderPublic.h */ = {isa = PBXFileReference; fileEncoding = 4; lastKnownFileType = sourcecode.c.h; path = DJIVTH264DecoderPublic.h; sourceTree = "<group>"; };
		36BF2AE71BF6130700154F78 /* libDJIVTH264Decoder.a */ = {isa = PBXFileReference; lastKnownFileType = archive.ar; path = libDJIVTH264Decoder.a; sourceTree = "<group>"; };
		36BF2AE81BF6130700154F78 /* DJILinkQueues.h */ = {isa = PBXFileReference; fileEncoding = 4; lastKnownFileType = sourcecode.c.h; path = DJILinkQueues.h; sourceTree = "<group>"; };
		36BF2AE91BF6130700154F78 /* DJILinkQueues.m */ = {isa = PBXFileReference; fileEncoding = 4; lastKnownFileType = sourcecode.c.objc; path = DJILinkQueues.m; sourceTree = "<group>"; };
		36BF2AED1BF6130700154F78 /* avcodec.h */ = {isa = PBXFileReference; fileEncoding = 4; lastKnownFileType = sourcecode.c.h; path = avcodec.h; sourceTree = "<group>"; };
		36BF2AEE1BF6130700154F78 /* avfft.h */ = {isa = PBXFileReference; fileEncoding = 4; lastKnownFileType = sourcecode.c.h; path = avfft.h; sourceTree = "<group>"; };
		36BF2AEF1BF6130700154F78 /* dv_profile.h */ = {isa = PBXFileReference; fileEncoding = 4; lastKnownFileType = sourcecode.c.h; path = dv_profile.h; sourceTree = "<group>"; };
		36BF2AF01BF6130700154F78 /* dxva2.h */ = {isa = PBXFileReference; fileEncoding = 4; lastKnownFileType = sourcecode.c.h; path = dxva2.h; sourceTree = "<group>"; };
		36BF2AF11BF6130700154F78 /* old_codec_ids.h */ = {isa = PBXFileReference; fileEncoding = 4; lastKnownFileType = sourcecode.c.h; path = old_codec_ids.h; sourceTree = "<group>"; };
		36BF2AF21BF6130700154F78 /* vaapi.h */ = {isa = PBXFileReference; fileEncoding = 4; lastKnownFileType = sourcecode.c.h; path = vaapi.h; sourceTree = "<group>"; };
		36BF2AF31BF6130700154F78 /* vda.h */ = {isa = PBXFileReference; fileEncoding = 4; lastKnownFileType = sourcecode.c.h; path = vda.h; sourceTree = "<group>"; };
		36BF2AF41BF6130700154F78 /* vdpau.h */ = {isa = PBXFileReference; fileEncoding = 4; lastKnownFileType = sourcecode.c.h; path = vdpau.h; sourceTree = "<group>"; };
		36BF2AF51BF6130700154F78 /* version.h */ = {isa = PBXFileReference; fileEncoding = 4; lastKnownFileType = sourcecode.c.h; path = version.h; sourceTree = "<group>"; };
		36BF2AF61BF6130700154F78 /* vorbis_parser.h */ = {isa = PBXFileReference; fileEncoding = 4; lastKnownFileType = sourcecode.c.h; path = vorbis_parser.h; sourceTree = "<group>"; };
		36BF2AF71BF6130700154F78 /* xvmc.h */ = {isa = PBXFileReference; fileEncoding = 4; lastKnownFileType = sourcecode.c.h; path = xvmc.h; sourceTree = "<group>"; };
		36BF2AF91BF6130700154F78 /* avdevice.h */ = {isa = PBXFileReference; fileEncoding = 4; lastKnownFileType = sourcecode.c.h; path = avdevice.h; sourceTree = "<group>"; };
		36BF2AFA1BF6130700154F78 /* version.h */ = {isa = PBXFileReference; fileEncoding = 4; lastKnownFileType = sourcecode.c.h; path = version.h; sourceTree = "<group>"; };
		36BF2AFC1BF6130700154F78 /* asrc_abuffer.h */ = {isa = PBXFileReference; fileEncoding = 4; lastKnownFileType = sourcecode.c.h; path = asrc_abuffer.h; sourceTree = "<group>"; };
		36BF2AFD1BF6130700154F78 /* avcodec.h */ = {isa = PBXFileReference; fileEncoding = 4; lastKnownFileType = sourcecode.c.h; path = avcodec.h; sourceTree = "<group>"; };
		36BF2AFE1BF6130700154F78 /* avfilter.h */ = {isa = PBXFileReference; fileEncoding = 4; lastKnownFileType = sourcecode.c.h; path = avfilter.h; sourceTree = "<group>"; };
		36BF2AFF1BF6130700154F78 /* avfiltergraph.h */ = {isa = PBXFileReference; fileEncoding = 4; lastKnownFileType = sourcecode.c.h; path = avfiltergraph.h; sourceTree = "<group>"; };
		36BF2B001BF6130700154F78 /* buffersink.h */ = {isa = PBXFileReference; fileEncoding = 4; lastKnownFileType = sourcecode.c.h; path = buffersink.h; sourceTree = "<group>"; };
		36BF2B011BF6130700154F78 /* buffersrc.h */ = {isa = PBXFileReference; fileEncoding = 4; lastKnownFileType = sourcecode.c.h; path = buffersrc.h; sourceTree = "<group>"; };
		36BF2B021BF6130700154F78 /* version.h */ = {isa = PBXFileReference; fileEncoding = 4; lastKnownFileType = sourcecode.c.h; path = version.h; sourceTree = "<group>"; };
		36BF2B041BF6130700154F78 /* avformat.h */ = {isa = PBXFileReference; fileEncoding = 4; lastKnownFileType = sourcecode.c.h; path = avformat.h; sourceTree = "<group>"; };
		36BF2B051BF6130700154F78 /* avio.h */ = {isa = PBXFileReference; fileEncoding = 4; lastKnownFileType = sourcecode.c.h; path = avio.h; sourceTree = "<group>"; };
		36BF2B061BF6130700154F78 /* version.h */ = {isa = PBXFileReference; fileEncoding = 4; lastKnownFileType = sourcecode.c.h; path = version.h; sourceTree = "<group>"; };
		36BF2B081BF6130700154F78 /* avresample.h */ = {isa = PBXFileReference; fileEncoding = 4; lastKnownFileType = sourcecode.c.h; path = avresample.h; sourceTree = "<group>"; };
		36BF2B091BF6130700154F78 /* version.h */ = {isa = PBXFileReference; fileEncoding = 4; lastKnownFileType = sourcecode.c.h; path = version.h; sourceTree = "<group>"; };
		36BF2B0B1BF6130700154F78 /* adler32.h */ = {isa = PBXFileReference; fileEncoding = 4; lastKnownFileType = sourcecode.c.h; path = adler32.h; sourceTree = "<group>"; };
		36BF2B0C1BF6130700154F78 /* aes.h */ = {isa = PBXFileReference; fileEncoding = 4; lastKnownFileType = sourcecode.c.h; path = aes.h; sourceTree = "<group>"; };
		36BF2B0D1BF6130700154F78 /* attributes.h */ = {isa = PBXFileReference; fileEncoding = 4; lastKnownFileType = sourcecode.c.h; path = attributes.h; sourceTree = "<group>"; };
		36BF2B0E1BF6130700154F78 /* audio_fifo.h */ = {isa = PBXFileReference; fileEncoding = 4; lastKnownFileType = sourcecode.c.h; path = audio_fifo.h; sourceTree = "<group>"; };
		36BF2B0F1BF6130700154F78 /* audioconvert.h */ = {isa = PBXFileReference; fileEncoding = 4; lastKnownFileType = sourcecode.c.h; path = audioconvert.h; sourceTree = "<group>"; };
		36BF2B101BF6130700154F78 /* avassert.h */ = {isa = PBXFileReference; fileEncoding = 4; lastKnownFileType = sourcecode.c.h; path = avassert.h; sourceTree = "<group>"; };
		36BF2B111BF6130700154F78 /* avconfig.h */ = {isa = PBXFileReference; fileEncoding = 4; lastKnownFileType = sourcecode.c.h; path = avconfig.h; sourceTree = "<group>"; };
		36BF2B121BF6130700154F78 /* avstring.h */ = {isa = PBXFileReference; fileEncoding = 4; lastKnownFileType = sourcecode.c.h; path = avstring.h; sourceTree = "<group>"; };
		36BF2B131BF6130700154F78 /* avutil.h */ = {isa = PBXFileReference; fileEncoding = 4; lastKnownFileType = sourcecode.c.h; path = avutil.h; sourceTree = "<group>"; };
		36BF2B141BF6130700154F78 /* base64.h */ = {isa = PBXFileReference; fileEncoding = 4; lastKnownFileType = sourcecode.c.h; path = base64.h; sourceTree = "<group>"; };
		36BF2B151BF6130700154F78 /* blowfish.h */ = {isa = PBXFileReference; fileEncoding = 4; lastKnownFileType = sourcecode.c.h; path = blowfish.h; sourceTree = "<group>"; };
		36BF2B161BF6130700154F78 /* bprint.h */ = {isa = PBXFileReference; fileEncoding = 4; lastKnownFileType = sourcecode.c.h; path = bprint.h; sourceTree = "<group>"; };
		36BF2B171BF6130700154F78 /* bswap.h */ = {isa = PBXFileReference; fileEncoding = 4; lastKnownFileType = sourcecode.c.h; path = bswap.h; sourceTree = "<group>"; };
		36BF2B181BF6130700154F78 /* buffer.h */ = {isa = PBXFileReference; fileEncoding = 4; lastKnownFileType = sourcecode.c.h; path = buffer.h; sourceTree = "<group>"; };
		36BF2B191BF6130700154F78 /* cast5.h */ = {isa = PBXFileReference; fileEncoding = 4; lastKnownFileType = sourcecode.c.h; path = cast5.h; sourceTree = "<group>"; };
		36BF2B1A1BF6130700154F78 /* channel_layout.h */ = {isa = PBXFileReference; fileEncoding = 4; lastKnownFileType = sourcecode.c.h; path = channel_layout.h; sourceTree = "<group>"; };
		36BF2B1B1BF6130700154F78 /* common.h */ = {isa = PBXFileReference; fileEncoding = 4; lastKnownFileType = sourcecode.c.h; path = common.h; sourceTree = "<group>"; };
		36BF2B1C1BF6130700154F78 /* cpu.h */ = {isa = PBXFileReference; fileEncoding = 4; lastKnownFileType = sourcecode.c.h; path = cpu.h; sourceTree = "<group>"; };
		36BF2B1D1BF6130700154F78 /* crc.h */ = {isa = PBXFileReference; fileEncoding = 4; lastKnownFileType = sourcecode.c.h; path = crc.h; sourceTree = "<group>"; };
		36BF2B1E1BF6130700154F78 /* dict.h */ = {isa = PBXFileReference; fileEncoding = 4; lastKnownFileType = sourcecode.c.h; path = dict.h; sourceTree = "<group>"; };
		36BF2B1F1BF6130700154F78 /* display.h */ = {isa = PBXFileReference; fileEncoding = 4; lastKnownFileType = sourcecode.c.h; path = display.h; sourceTree = "<group>"; };
		36BF2B201BF6130700154F78 /* downmix_info.h */ = {isa = PBXFileReference; fileEncoding = 4; lastKnownFileType = sourcecode.c.h; path = downmix_info.h; sourceTree = "<group>"; };
		36BF2B211BF6130700154F78 /* error.h */ = {isa = PBXFileReference; fileEncoding = 4; lastKnownFileType = sourcecode.c.h; path = error.h; sourceTree = "<group>"; };
		36BF2B221BF6130700154F78 /* eval.h */ = {isa = PBXFileReference; fileEncoding = 4; lastKnownFileType = sourcecode.c.h; path = eval.h; sourceTree = "<group>"; };
		36BF2B231BF6130700154F78 /* ffversion.h */ = {isa = PBXFileReference; fileEncoding = 4; lastKnownFileType = sourcecode.c.h; path = ffversion.h; sourceTree = "<group>"; };
		36BF2B241BF6130700154F78 /* fifo.h */ = {isa = PBXFileReference; fileEncoding = 4; lastKnownFileType = sourcecode.c.h; path = fifo.h; sourceTree = "<group>"; };
		36BF2B251BF6130700154F78 /* file.h */ = {isa = PBXFileReference; fileEncoding = 4; lastKnownFileType = sourcecode.c.h; path = file.h; sourceTree = "<group>"; };
		36BF2B261BF6130700154F78 /* frame.h */ = {isa = PBXFileReference; fileEncoding = 4; lastKnownFileType = sourcecode.c.h; path = frame.h; sourceTree = "<group>"; };
		36BF2B271BF6130700154F78 /* hash.h */ = {isa = PBXFileReference; fileEncoding = 4; lastKnownFileType = sourcecode.c.h; path = hash.h; sourceTree = "<group>"; };
		36BF2B281BF6130700154F78 /* hmac.h */ = {isa = PBXFileReference; fileEncoding = 4; lastKnownFileType = sourcecode.c.h; path = hmac.h; sourceTree = "<group>"; };
		36BF2B291BF6130700154F78 /* imgutils.h */ = {isa = PBXFileReference; fileEncoding = 4; lastKnownFileType = sourcecode.c.h; path = imgutils.h; sourceTree = "<group>"; };
		36BF2B2A1BF6130700154F78 /* intfloat.h */ = {isa = PBXFileReference; fileEncoding = 4; lastKnownFileType = sourcecode.c.h; path = intfloat.h; sourceTree = "<group>"; };
		36BF2B2B1BF6130700154F78 /* intreadwrite.h */ = {isa = PBXFileReference; fileEncoding = 4; lastKnownFileType = sourcecode.c.h; path = intreadwrite.h; sourceTree = "<group>"; };
		36BF2B2C1BF6130700154F78 /* lfg.h */ = {isa = PBXFileReference; fileEncoding = 4; lastKnownFileType = sourcecode.c.h; path = lfg.h; sourceTree = "<group>"; };
		36BF2B2D1BF6130700154F78 /* log.h */ = {isa = PBXFileReference; fileEncoding = 4; lastKnownFileType = sourcecode.c.h; path = log.h; sourceTree = "<group>"; };
		36BF2B2E1BF6130700154F78 /* macros.h */ = {isa = PBXFileReference; fileEncoding = 4; lastKnownFileType = sourcecode.c.h; path = macros.h; sourceTree = "<group>"; };
		36BF2B2F1BF6130700154F78 /* mathematics.h */ = {isa = PBXFileReference; fileEncoding = 4; lastKnownFileType = sourcecode.c.h; path = mathematics.h; sourceTree = "<group>"; };
		36BF2B301BF6130700154F78 /* md5.h */ = {isa = PBXFileReference; fileEncoding = 4; lastKnownFileType = sourcecode.c.h; path = md5.h; sourceTree = "<group>"; };
		36BF2B311BF6130700154F78 /* mem.h */ = {isa = PBXFileReference; fileEncoding = 4; lastKnownFileType = sourcecode.c.h; path = mem.h; sourceTree = "<group>"; };
		36BF2B321BF6130700154F78 /* motion_vector.h */ = {isa = PBXFileReference; fileEncoding = 4; lastKnownFileType = sourcecode.c.h; path = motion_vector.h; sourceTree = "<group>"; };
		36BF2B331BF6130700154F78 /* murmur3.h */ = {isa = PBXFileReference; fileEncoding = 4; lastKnownFileType = sourcecode.c.h; path = murmur3.h; sourceTree = "<group>"; };
		36BF2B341BF6130700154F78 /* old_pix_fmts.h */ = {isa = PBXFileReference; fileEncoding = 4; lastKnownFileType = sourcecode.c.h; path = old_pix_fmts.h; sourceTree = "<group>"; };
		36BF2B351BF6130700154F78 /* opt.h */ = {isa = PBXFileReference; fileEncoding = 4; lastKnownFileType = sourcecode.c.h; path = opt.h; sourceTree = "<group>"; };
		36BF2B361BF6130700154F78 /* parseutils.h */ = {isa = PBXFileReference; fileEncoding = 4; lastKnownFileType = sourcecode.c.h; path = parseutils.h; sourceTree = "<group>"; };
		36BF2B371BF6130700154F78 /* pixdesc.h */ = {isa = PBXFileReference; fileEncoding = 4; lastKnownFileType = sourcecode.c.h; path = pixdesc.h; sourceTree = "<group>"; };
		36BF2B381BF6130700154F78 /* pixelutils.h */ = {isa = PBXFileReference; fileEncoding = 4; lastKnownFileType = sourcecode.c.h; path = pixelutils.h; sourceTree = "<group>"; };
		36BF2B391BF6130700154F78 /* pixfmt.h */ = {isa = PBXFileReference; fileEncoding = 4; lastKnownFileType = sourcecode.c.h; path = pixfmt.h; sourceTree = "<group>"; };
		36BF2B3A1BF6130700154F78 /* random_seed.h */ = {isa = PBXFileReference; fileEncoding = 4; lastKnownFileType = sourcecode.c.h; path = random_seed.h; sourceTree = "<group>"; };
		36BF2B3B1BF6130700154F78 /* rational.h */ = {isa = PBXFileReference; fileEncoding = 4; lastKnownFileType = sourcecode.c.h; path = rational.h; sourceTree = "<group>"; };
		36BF2B3C1BF6130700154F78 /* replaygain.h */ = {isa = PBXFileReference; fileEncoding = 4; lastKnownFileType = sourcecode.c.h; path = replaygain.h; sourceTree = "<group>"; };
		36BF2B3D1BF6130700154F78 /* ripemd.h */ = {isa = PBXFileReference; fileEncoding = 4; lastKnownFileType = sourcecode.c.h; path = ripemd.h; sourceTree = "<group>"; };
		36BF2B3E1BF6130700154F78 /* samplefmt.h */ = {isa = PBXFileReference; fileEncoding = 4; lastKnownFileType = sourcecode.c.h; path = samplefmt.h; sourceTree = "<group>"; };
		36BF2B3F1BF6130700154F78 /* sha.h */ = {isa = PBXFileReference; fileEncoding = 4; lastKnownFileType = sourcecode.c.h; path = sha.h; sourceTree = "<group>"; };
		36BF2B401BF6130700154F78 /* sha512.h */ = {isa = PBXFileReference; fileEncoding = 4; lastKnownFileType = sourcecode.c.h; path = sha512.h; sourceTree = "<group>"; };
		36BF2B411BF6130700154F78 /* stereo3d.h */ = {isa = PBXFileReference; fileEncoding = 4; lastKnownFileType = sourcecode.c.h; path = stereo3d.h; sourceTree = "<group>"; };
		36BF2B421BF6130700154F78 /* threadmessage.h */ = {isa = PBXFileReference; fileEncoding = 4; lastKnownFileType = sourcecode.c.h; path = threadmessage.h; sourceTree = "<group>"; };
		36BF2B431BF6130700154F78 /* time.h */ = {isa = PBXFileReference; fileEncoding = 4; lastKnownFileType = sourcecode.c.h; path = time.h; sourceTree = "<group>"; };
		36BF2B441BF6130700154F78 /* timecode.h */ = {isa = PBXFileReference; fileEncoding = 4; lastKnownFileType = sourcecode.c.h; path = timecode.h; sourceTree = "<group>"; };
		36BF2B451BF6130700154F78 /* timestamp.h */ = {isa = PBXFileReference; fileEncoding = 4; lastKnownFileType = sourcecode.c.h; path = timestamp.h; sourceTree = "<group>"; };
		36BF2B461BF6130700154F78 /* version.h */ = {isa = PBXFileReference; fileEncoding = 4; lastKnownFileType = sourcecode.c.h; path = version.h; sourceTree = "<group>"; };
		36BF2B471BF6130700154F78 /* xtea.h */ = {isa = PBXFileReference; fileEncoding = 4; lastKnownFileType = sourcecode.c.h; path = xtea.h; sourceTree = "<group>"; };
		36BF2B491BF6130700154F78 /* postprocess.h */ = {isa = PBXFileReference; fileEncoding = 4; lastKnownFileType = sourcecode.c.h; path = postprocess.h; sourceTree = "<group>"; };
		36BF2B4A1BF6130700154F78 /* version.h */ = {isa = PBXFileReference; fileEncoding = 4; lastKnownFileType = sourcecode.c.h; path = version.h; sourceTree = "<group>"; };
		36BF2B4C1BF6130700154F78 /* swresample.h */ = {isa = PBXFileReference; fileEncoding = 4; lastKnownFileType = sourcecode.c.h; path = swresample.h; sourceTree = "<group>"; };
		36BF2B4D1BF6130700154F78 /* version.h */ = {isa = PBXFileReference; fileEncoding = 4; lastKnownFileType = sourcecode.c.h; path = version.h; sourceTree = "<group>"; };
		36BF2B4F1BF6130700154F78 /* swscale.h */ = {isa = PBXFileReference; fileEncoding = 4; lastKnownFileType = sourcecode.c.h; path = swscale.h; sourceTree = "<group>"; };
		36BF2B501BF6130700154F78 /* version.h */ = {isa = PBXFileReference; fileEncoding = 4; lastKnownFileType = sourcecode.c.h; path = version.h; sourceTree = "<group>"; };
		36BF2B521BF6130700154F78 /* libavcodec.a */ = {isa = PBXFileReference; lastKnownFileType = archive.ar; path = libavcodec.a; sourceTree = "<group>"; };
		36BF2B531BF6130700154F78 /* libavdevice.a */ = {isa = PBXFileReference; lastKnownFileType = archive.ar; path = libavdevice.a; sourceTree = "<group>"; };
		36BF2B541BF6130700154F78 /* libavfilter.a */ = {isa = PBXFileReference; lastKnownFileType = archive.ar; path = libavfilter.a; sourceTree = "<group>"; };
		36BF2B551BF6130700154F78 /* libavformat.a */ = {isa = PBXFileReference; lastKnownFileType = archive.ar; path = libavformat.a; sourceTree = "<group>"; };
		36BF2B561BF6130700154F78 /* libavresample.a */ = {isa = PBXFileReference; lastKnownFileType = archive.ar; path = libavresample.a; sourceTree = "<group>"; };
		36BF2B571BF6130700154F78 /* libavutil.a */ = {isa = PBXFileReference; lastKnownFileType = archive.ar; path = libavutil.a; sourceTree = "<group>"; };
		36BF2B581BF6130700154F78 /* libpostproc.a */ = {isa = PBXFileReference; lastKnownFileType = archive.ar; path = libpostproc.a; sourceTree = "<group>"; };
		36BF2B591BF6130700154F78 /* libswresample.a */ = {isa = PBXFileReference; lastKnownFileType = archive.ar; path = libswresample.a; sourceTree = "<group>"; };
		36BF2B5A1BF6130700154F78 /* libswscale.a */ = {isa = PBXFileReference; lastKnownFileType = archive.ar; path = libswscale.a; sourceTree = "<group>"; };
		36BF2B5B1BF6130700154F78 /* MovieGLView.h */ = {isa = PBXFileReference; fileEncoding = 4; lastKnownFileType = sourcecode.c.h; path = MovieGLView.h; sourceTree = "<group>"; };
		36BF2B5C1BF6130700154F78 /* MovieGLView.m */ = {isa = PBXFileReference; fileEncoding = 4; lastKnownFileType = sourcecode.c.objc; path = MovieGLView.m; sourceTree = "<group>"; };
		36BF2B5D1BF6130700154F78 /* VideoFrameExtractor.h */ = {isa = PBXFileReference; fileEncoding = 4; lastKnownFileType = sourcecode.c.h; path = VideoFrameExtractor.h; sourceTree = "<group>"; };
		36BF2B5E1BF6130700154F78 /* VideoFrameExtractor.m */ = {isa = PBXFileReference; fileEncoding = 4; lastKnownFileType = sourcecode.c.objc; path = VideoFrameExtractor.m; sourceTree = "<group>"; };
		36BF2B5F1BF6130700154F78 /* VideoPreviewer.h */ = {isa = PBXFileReference; fileEncoding = 4; lastKnownFileType = sourcecode.c.h; path = VideoPreviewer.h; sourceTree = "<group>"; };
		36BF2B601BF6130700154F78 /* VideoPreviewer.m */ = {isa = PBXFileReference; fileEncoding = 4; lastKnownFileType = sourcecode.c.objc; path = VideoPreviewer.m; sourceTree = "<group>"; };
		48B4C80D6368851034BE59B1 /* Pods_DroneSpike.framework */ = {isa = PBXFileReference; explicitFileType = wrapper.framework; includeInIndex = 0; path = Pods_DroneSpike.framework; sourceTree = BUILT_PRODUCTS_DIR; };
		550291631BF21DA6002F7FD1 /* JoystickViewController.swift */ = {isa = PBXFileReference; fileEncoding = 4; lastKnownFileType = sourcecode.swift; path = JoystickViewController.swift; sourceTree = "<group>"; };
		550291721BF26580002F7FD1 /* Fabric.framework */ = {isa = PBXFileReference; lastKnownFileType = wrapper.framework; path = Fabric.framework; sourceTree = "<group>"; };
		550291731BF26580002F7FD1 /* Crashlytics.framework */ = {isa = PBXFileReference; lastKnownFileType = wrapper.framework; path = Crashlytics.framework; sourceTree = "<group>"; };
		6679D6583CBEA7DF0A007FD1 /* Pods-DroneSpike.debug.xcconfig */ = {isa = PBXFileReference; includeInIndex = 1; lastKnownFileType = text.xcconfig; name = "Pods-DroneSpike.debug.xcconfig"; path = "Pods/Target Support Files/Pods-DroneSpike/Pods-DroneSpike.debug.xcconfig"; sourceTree = "<group>"; };
		8202A1081BF4F1F300234FB9 /* AudioToolbox.framework */ = {isa = PBXFileReference; lastKnownFileType = wrapper.framework; name = AudioToolbox.framework; path = System/Library/Frameworks/AudioToolbox.framework; sourceTree = SDKROOT; };
		82101A0F1BFD0B8E00D9D3C6 /* test.mov */ = {isa = PBXFileReference; lastKnownFileType = video.quicktime; path = test.mov; sourceTree = "<group>"; };
		82101A111BFD0F6300D9D3C6 /* test3.mov */ = {isa = PBXFileReference; lastKnownFileType = video.quicktime; path = test3.mov; sourceTree = "<group>"; };
		82101A1B1BFF5DF300D9D3C6 /* CamshiftUtil.h */ = {isa = PBXFileReference; fileEncoding = 4; lastKnownFileType = sourcecode.c.h; name = CamshiftUtil.h; path = Opencv/CamshiftUtil.h; sourceTree = "<group>"; };
		82101A1C1BFF5DF300D9D3C6 /* CamshiftUtil.mm */ = {isa = PBXFileReference; fileEncoding = 4; lastKnownFileType = sourcecode.cpp.objcpp; name = CamshiftUtil.mm; path = Opencv/CamshiftUtil.mm; sourceTree = "<group>"; };
		82340B581BFA42EC0005565F /* VideoMotionViewController.h */ = {isa = PBXFileReference; fileEncoding = 4; lastKnownFileType = sourcecode.c.h; path = VideoMotionViewController.h; sourceTree = "<group>"; };
		82340B591BFA42EC0005565F /* VideoMotionViewController.mm */ = {isa = PBXFileReference; fileEncoding = 4; lastKnownFileType = sourcecode.cpp.objcpp; path = VideoMotionViewController.mm; sourceTree = "<group>"; };
		82483A211BF4F406007CBC2C /* libjpeg.a */ = {isa = PBXFileReference; lastKnownFileType = archive.ar; path = libjpeg.a; sourceTree = "<group>"; };
		82483A231BF4F674007CBC2C /* DroneSpike-Prefix.pch */ = {isa = PBXFileReference; lastKnownFileType = sourcecode.c.h; path = "DroneSpike-Prefix.pch"; sourceTree = SOURCE_ROOT; };
		82483A241BF4FA90007CBC2C /* DetectVideoViewController.h */ = {isa = PBXFileReference; fileEncoding = 4; lastKnownFileType = sourcecode.c.h; path = DetectVideoViewController.h; sourceTree = "<group>"; };
		82483A251BF4FA90007CBC2C /* DetectVideoViewController.mm */ = {isa = PBXFileReference; fileEncoding = 4; lastKnownFileType = sourcecode.cpp.objcpp; path = DetectVideoViewController.mm; sourceTree = "<group>"; };
		82E9E2371BFB618900129800 /* ImageUtils.h */ = {isa = PBXFileReference; fileEncoding = 4; lastKnownFileType = sourcecode.c.h; path = ImageUtils.h; sourceTree = "<group>"; };
		82E9E2381BFB618900129800 /* ImageUtils.mm */ = {isa = PBXFileReference; fileEncoding = 4; lastKnownFileType = sourcecode.cpp.objcpp; path = ImageUtils.mm; sourceTree = "<group>"; };
		962FB20B1BF23B6B004FD44C /* HomeViewController.swift */ = {isa = PBXFileReference; fileEncoding = 4; lastKnownFileType = sourcecode.swift; path = HomeViewController.swift; sourceTree = "<group>"; };
		96524F361BF4EA9900C1A364 /* PlaybackViewController.swift */ = {isa = PBXFileReference; fileEncoding = 4; lastKnownFileType = sourcecode.swift; path = PlaybackViewController.swift; sourceTree = "<group>"; };
		F4BFB78E6ED95170A1C64597 /* Pods-DroneSpike.release.xcconfig */ = {isa = PBXFileReference; includeInIndex = 1; lastKnownFileType = text.xcconfig; name = "Pods-DroneSpike.release.xcconfig"; path = "Pods/Target Support Files/Pods-DroneSpike/Pods-DroneSpike.release.xcconfig"; sourceTree = "<group>"; };
/* End PBXFileReference section */

/* Begin PBXFrameworksBuildPhase section */
		36ADF7F71BF13E1E0021ED2F /* Frameworks */ = {
			isa = PBXFrameworksBuildPhase;
			buildActionMask = 2147483647;
			files = (
				361C09521BFCB752001AE0D5 /* libiconv.tbd in Frameworks */,
				361C09501BFCB74A001AE0D5 /* libbz2.tbd in Frameworks */,
				36BF2B631BF6130700154F78 /* libavcodec.a in Frameworks */,
				36BF2B641BF6130700154F78 /* libavdevice.a in Frameworks */,
				36BF2B651BF6130700154F78 /* libavfilter.a in Frameworks */,
				36BF2B661BF6130700154F78 /* libavformat.a in Frameworks */,
				36BF2B671BF6130700154F78 /* libavresample.a in Frameworks */,
				36BF2B681BF6130700154F78 /* libavutil.a in Frameworks */,
				36BF2B691BF6130700154F78 /* libpostproc.a in Frameworks */,
				36BF2B6A1BF6130700154F78 /* libswresample.a in Frameworks */,
				36BF2B6B1BF6130700154F78 /* libswscale.a in Frameworks */,
				82483A221BF4F406007CBC2C /* libjpeg.a in Frameworks */,
				82483A201BF4F296007CBC2C /* libstdc++.tbd in Frameworks */,
				8202A1091BF4F1F300234FB9 /* AudioToolbox.framework in Frameworks */,
				5541385D1BF39DE90081183C /* Crashlytics.framework in Frameworks */,
				5541385C1BF39DDE0081183C /* Fabric.framework in Frameworks */,
				36BF2B611BF6130700154F78 /* libDJIVTH264Decoder.a in Frameworks */,
				962FB20A1BF236D2004FD44C /* DJISDK.framework in Frameworks */,
				36ADF8371BF21A980021ED2F /* CoreLocation.framework in Frameworks */,
				36ADF8321BF13E700021ED2F /* libstdc++.6.0.9.tbd in Frameworks */,
				36ADF82E1BF13E3E0021ED2F /* libz.tbd in Frameworks */,
				2B52EB78768152F60E487539 /* Pods_DroneSpike.framework in Frameworks */,
			);
			runOnlyForDeploymentPostprocessing = 0;
		};
		36ADF80B1BF13E1E0021ED2F /* Frameworks */ = {
			isa = PBXFrameworksBuildPhase;
			buildActionMask = 2147483647;
			files = (
			);
			runOnlyForDeploymentPostprocessing = 0;
		};
		36ADF8161BF13E1E0021ED2F /* Frameworks */ = {
			isa = PBXFrameworksBuildPhase;
			buildActionMask = 2147483647;
			files = (
			);
			runOnlyForDeploymentPostprocessing = 0;
		};
/* End PBXFrameworksBuildPhase section */

/* Begin PBXGroup section */
		36ADF7F11BF13E1E0021ED2F = {
			isa = PBXGroup;
			children = (
				8202A1081BF4F1F300234FB9 /* AudioToolbox.framework */,
				36ADF7FC1BF13E1E0021ED2F /* DroneSpike */,
				36ADF8111BF13E1E0021ED2F /* DroneSpikeTests */,
				36ADF81C1BF13E1E0021ED2F /* DroneSpikeUITests */,
				9A6928EE8704BC9C136F7721 /* Frameworks */,
				827543E2FADEF679994BB8A8 /* Pods */,
				36ADF7FB1BF13E1E0021ED2F /* Products */,
				36B5C9B41BF51A3C000047E8 /* Recovered References */,
				82340B551BFA410B0005565F /* Resources */,
			);
			sourceTree = "<group>";
		};
		36ADF7FB1BF13E1E0021ED2F /* Products */ = {
			isa = PBXGroup;
			children = (
				36ADF7FA1BF13E1E0021ED2F /* DroneSpike.app */,
				36ADF80E1BF13E1E0021ED2F /* DroneSpikeTests.xctest */,
				36ADF8191BF13E1E0021ED2F /* DroneSpikeUITests.xctest */,
			);
			name = Products;
			sourceTree = "<group>";
		};
		36ADF7FC1BF13E1E0021ED2F /* DroneSpike */ = {
			isa = PBXGroup;
			children = (
				36BF2B731BFA165E00154F78 /* Opencv */,
				82E9E2361BFB616E00129800 /* Utils */,
				36D889B21BF3873C00457A2A /* Models */,
				962FB2061BF23620004FD44C /* Frameworks */,
				962FB2071BF23634004FD44C /* ProjectFiles */,
				96524F381BF4EE5500C1A364 /* Vendor */,
				962FB2091BF2363F004FD44C /* ViewControllers */,
				962FB2081BF2363B004FD44C /* Views */,
			);
			path = DroneSpike;
			sourceTree = "<group>";
		};
		36ADF8111BF13E1E0021ED2F /* DroneSpikeTests */ = {
			isa = PBXGroup;
			children = (
				36ADF8121BF13E1E0021ED2F /* DroneSpikeTests.swift */,
				36ADF8141BF13E1E0021ED2F /* Info.plist */,
			);
			path = DroneSpikeTests;
			sourceTree = "<group>";
		};
		36ADF81C1BF13E1E0021ED2F /* DroneSpikeUITests */ = {
			isa = PBXGroup;
			children = (
				36ADF81D1BF13E1E0021ED2F /* DroneSpikeUITests.swift */,
				36ADF81F1BF13E1E0021ED2F /* Info.plist */,
			);
			path = DroneSpikeUITests;
			sourceTree = "<group>";
		};
		36B5C9B41BF51A3C000047E8 /* Recovered References */ = {
			isa = PBXGroup;
			children = (
				F4BFB78E6ED95170A1C64597 /* Pods-DroneSpike.release.xcconfig */,
			);
			name = "Recovered References";
			sourceTree = "<group>";
		};
		36BF2AE21BF6130700154F78 /* VideoPreviewer */ = {
			isa = PBXGroup;
			children = (
				36BF2AE31BF6130700154F78 /* DJIH264Decoder */,
				36BF2AE81BF6130700154F78 /* DJILinkQueues.h */,
				36BF2AE91BF6130700154F78 /* DJILinkQueues.m */,
				36BF2AEA1BF6130700154F78 /* ffmpeg */,
				36BF2B5B1BF6130700154F78 /* MovieGLView.h */,
				36BF2B5C1BF6130700154F78 /* MovieGLView.m */,
				36BF2B5D1BF6130700154F78 /* VideoFrameExtractor.h */,
				36BF2B5E1BF6130700154F78 /* VideoFrameExtractor.m */,
				36BF2B5F1BF6130700154F78 /* VideoPreviewer.h */,
				36BF2B601BF6130700154F78 /* VideoPreviewer.m */,
			);
			path = VideoPreviewer;
			sourceTree = "<group>";
		};
		36BF2AE31BF6130700154F78 /* DJIH264Decoder */ = {
			isa = PBXGroup;
			children = (
				36BF2AE41BF6130700154F78 /* include */,
				36BF2AE61BF6130700154F78 /* lib */,
			);
			path = DJIH264Decoder;
			sourceTree = "<group>";
		};
		36BF2AE41BF6130700154F78 /* include */ = {
			isa = PBXGroup;
			children = (
				36BF2AE51BF6130700154F78 /* DJIVTH264DecoderPublic.h */,
			);
			path = include;
			sourceTree = "<group>";
		};
		36BF2AE61BF6130700154F78 /* lib */ = {
			isa = PBXGroup;
			children = (
				36BF2AE71BF6130700154F78 /* libDJIVTH264Decoder.a */,
			);
			path = lib;
			sourceTree = "<group>";
		};
		36BF2AEA1BF6130700154F78 /* ffmpeg */ = {
			isa = PBXGroup;
			children = (
				36BF2AEB1BF6130700154F78 /* include */,
				36BF2B511BF6130700154F78 /* lib */,
			);
			path = ffmpeg;
			sourceTree = "<group>";
		};
		36BF2AEB1BF6130700154F78 /* include */ = {
			isa = PBXGroup;
			children = (
				36BF2AEC1BF6130700154F78 /* libavcodec */,
				36BF2AF81BF6130700154F78 /* libavdevice */,
				36BF2AFB1BF6130700154F78 /* libavfilter */,
				36BF2B031BF6130700154F78 /* libavformat */,
				36BF2B071BF6130700154F78 /* libavresample */,
				36BF2B0A1BF6130700154F78 /* libavutil */,
				36BF2B481BF6130700154F78 /* libpostproc */,
				36BF2B4B1BF6130700154F78 /* libswresample */,
				36BF2B4E1BF6130700154F78 /* libswscale */,
			);
			path = include;
			sourceTree = "<group>";
		};
		36BF2AEC1BF6130700154F78 /* libavcodec */ = {
			isa = PBXGroup;
			children = (
				36BF2AED1BF6130700154F78 /* avcodec.h */,
				36BF2AEE1BF6130700154F78 /* avfft.h */,
				36BF2AEF1BF6130700154F78 /* dv_profile.h */,
				36BF2AF01BF6130700154F78 /* dxva2.h */,
				36BF2AF11BF6130700154F78 /* old_codec_ids.h */,
				36BF2AF21BF6130700154F78 /* vaapi.h */,
				36BF2AF31BF6130700154F78 /* vda.h */,
				36BF2AF41BF6130700154F78 /* vdpau.h */,
				36BF2AF51BF6130700154F78 /* version.h */,
				36BF2AF61BF6130700154F78 /* vorbis_parser.h */,
				36BF2AF71BF6130700154F78 /* xvmc.h */,
			);
			path = libavcodec;
			sourceTree = "<group>";
		};
		36BF2AF81BF6130700154F78 /* libavdevice */ = {
			isa = PBXGroup;
			children = (
				36BF2AF91BF6130700154F78 /* avdevice.h */,
				36BF2AFA1BF6130700154F78 /* version.h */,
			);
			path = libavdevice;
			sourceTree = "<group>";
		};
		36BF2AFB1BF6130700154F78 /* libavfilter */ = {
			isa = PBXGroup;
			children = (
				36BF2AFC1BF6130700154F78 /* asrc_abuffer.h */,
				36BF2AFD1BF6130700154F78 /* avcodec.h */,
				36BF2AFE1BF6130700154F78 /* avfilter.h */,
				36BF2AFF1BF6130700154F78 /* avfiltergraph.h */,
				36BF2B001BF6130700154F78 /* buffersink.h */,
				36BF2B011BF6130700154F78 /* buffersrc.h */,
				36BF2B021BF6130700154F78 /* version.h */,
			);
			path = libavfilter;
			sourceTree = "<group>";
		};
		36BF2B031BF6130700154F78 /* libavformat */ = {
			isa = PBXGroup;
			children = (
				36BF2B041BF6130700154F78 /* avformat.h */,
				36BF2B051BF6130700154F78 /* avio.h */,
				36BF2B061BF6130700154F78 /* version.h */,
			);
			path = libavformat;
			sourceTree = "<group>";
		};
		36BF2B071BF6130700154F78 /* libavresample */ = {
			isa = PBXGroup;
			children = (
				36BF2B081BF6130700154F78 /* avresample.h */,
				36BF2B091BF6130700154F78 /* version.h */,
			);
			path = libavresample;
			sourceTree = "<group>";
		};
		36BF2B0A1BF6130700154F78 /* libavutil */ = {
			isa = PBXGroup;
			children = (
				36BF2B0B1BF6130700154F78 /* adler32.h */,
				36BF2B0C1BF6130700154F78 /* aes.h */,
				36BF2B0D1BF6130700154F78 /* attributes.h */,
				36BF2B0E1BF6130700154F78 /* audio_fifo.h */,
				36BF2B0F1BF6130700154F78 /* audioconvert.h */,
				36BF2B101BF6130700154F78 /* avassert.h */,
				36BF2B111BF6130700154F78 /* avconfig.h */,
				36BF2B121BF6130700154F78 /* avstring.h */,
				36BF2B131BF6130700154F78 /* avutil.h */,
				36BF2B141BF6130700154F78 /* base64.h */,
				36BF2B151BF6130700154F78 /* blowfish.h */,
				36BF2B161BF6130700154F78 /* bprint.h */,
				36BF2B171BF6130700154F78 /* bswap.h */,
				36BF2B181BF6130700154F78 /* buffer.h */,
				36BF2B191BF6130700154F78 /* cast5.h */,
				36BF2B1A1BF6130700154F78 /* channel_layout.h */,
				36BF2B1B1BF6130700154F78 /* common.h */,
				36BF2B1C1BF6130700154F78 /* cpu.h */,
				36BF2B1D1BF6130700154F78 /* crc.h */,
				36BF2B1E1BF6130700154F78 /* dict.h */,
				36BF2B1F1BF6130700154F78 /* display.h */,
				36BF2B201BF6130700154F78 /* downmix_info.h */,
				36BF2B211BF6130700154F78 /* error.h */,
				36BF2B221BF6130700154F78 /* eval.h */,
				36BF2B231BF6130700154F78 /* ffversion.h */,
				36BF2B241BF6130700154F78 /* fifo.h */,
				36BF2B251BF6130700154F78 /* file.h */,
				36BF2B261BF6130700154F78 /* frame.h */,
				36BF2B271BF6130700154F78 /* hash.h */,
				36BF2B281BF6130700154F78 /* hmac.h */,
				36BF2B291BF6130700154F78 /* imgutils.h */,
				36BF2B2A1BF6130700154F78 /* intfloat.h */,
				36BF2B2B1BF6130700154F78 /* intreadwrite.h */,
				36BF2B2C1BF6130700154F78 /* lfg.h */,
				36BF2B2D1BF6130700154F78 /* log.h */,
				36BF2B2E1BF6130700154F78 /* macros.h */,
				36BF2B2F1BF6130700154F78 /* mathematics.h */,
				36BF2B301BF6130700154F78 /* md5.h */,
				36BF2B311BF6130700154F78 /* mem.h */,
				36BF2B321BF6130700154F78 /* motion_vector.h */,
				36BF2B331BF6130700154F78 /* murmur3.h */,
				36BF2B341BF6130700154F78 /* old_pix_fmts.h */,
				36BF2B351BF6130700154F78 /* opt.h */,
				36BF2B361BF6130700154F78 /* parseutils.h */,
				36BF2B371BF6130700154F78 /* pixdesc.h */,
				36BF2B381BF6130700154F78 /* pixelutils.h */,
				36BF2B391BF6130700154F78 /* pixfmt.h */,
				36BF2B3A1BF6130700154F78 /* random_seed.h */,
				36BF2B3B1BF6130700154F78 /* rational.h */,
				36BF2B3C1BF6130700154F78 /* replaygain.h */,
				36BF2B3D1BF6130700154F78 /* ripemd.h */,
				36BF2B3E1BF6130700154F78 /* samplefmt.h */,
				36BF2B3F1BF6130700154F78 /* sha.h */,
				36BF2B401BF6130700154F78 /* sha512.h */,
				36BF2B411BF6130700154F78 /* stereo3d.h */,
				36BF2B421BF6130700154F78 /* threadmessage.h */,
				36BF2B431BF6130700154F78 /* time.h */,
				36BF2B441BF6130700154F78 /* timecode.h */,
				36BF2B451BF6130700154F78 /* timestamp.h */,
				36BF2B461BF6130700154F78 /* version.h */,
				36BF2B471BF6130700154F78 /* xtea.h */,
			);
			path = libavutil;
			sourceTree = "<group>";
		};
		36BF2B481BF6130700154F78 /* libpostproc */ = {
			isa = PBXGroup;
			children = (
				36BF2B491BF6130700154F78 /* postprocess.h */,
				36BF2B4A1BF6130700154F78 /* version.h */,
			);
			path = libpostproc;
			sourceTree = "<group>";
		};
		36BF2B4B1BF6130700154F78 /* libswresample */ = {
			isa = PBXGroup;
			children = (
				36BF2B4C1BF6130700154F78 /* swresample.h */,
				36BF2B4D1BF6130700154F78 /* version.h */,
			);
			path = libswresample;
			sourceTree = "<group>";
		};
		36BF2B4E1BF6130700154F78 /* libswscale */ = {
			isa = PBXGroup;
			children = (
				36BF2B4F1BF6130700154F78 /* swscale.h */,
				36BF2B501BF6130700154F78 /* version.h */,
			);
			path = libswscale;
			sourceTree = "<group>";
		};
		36BF2B511BF6130700154F78 /* lib */ = {
			isa = PBXGroup;
			children = (
				36BF2B521BF6130700154F78 /* libavcodec.a */,
				36BF2B531BF6130700154F78 /* libavdevice.a */,
				36BF2B541BF6130700154F78 /* libavfilter.a */,
				36BF2B551BF6130700154F78 /* libavformat.a */,
				36BF2B561BF6130700154F78 /* libavresample.a */,
				36BF2B571BF6130700154F78 /* libavutil.a */,
				36BF2B581BF6130700154F78 /* libpostproc.a */,
				36BF2B591BF6130700154F78 /* libswresample.a */,
				36BF2B5A1BF6130700154F78 /* libswscale.a */,
			);
			path = lib;
			sourceTree = "<group>";
		};
		36BF2B731BFA165E00154F78 /* Opencv */ = {
			isa = PBXGroup;
			children = (
				361C09571BFCD7A6001AE0D5 /* CVConverters.h */,
				361C09581BFCD7A6001AE0D5 /* CVConverters.mm */,
				82101A1B1BFF5DF300D9D3C6 /* CamshiftUtil.h */,
				82101A1C1BFF5DF300D9D3C6 /* CamshiftUtil.mm */,
			);
			name = Opencv;
			sourceTree = "<group>";
		};
		36D889B21BF3873C00457A2A /* Models */ = {
			isa = PBXGroup;
			children = (
				361C09531BFCD79A001AE0D5 /* MissionControl.swift */,
				361C09541BFCD79A001AE0D5 /* Waypoint.swift */,
			);
			name = Models;
			sourceTree = "<group>";
		};
		82340B551BFA410B0005565F /* Resources */ = {
			isa = PBXGroup;
			children = (
				82101A111BFD0F6300D9D3C6 /* test3.mov */,
				82101A0F1BFD0B8E00D9D3C6 /* test.mov */,
			);
			name = Resources;
			sourceTree = "<group>";
		};
		827543E2FADEF679994BB8A8 /* Pods */ = {
			isa = PBXGroup;
			children = (
				6679D6583CBEA7DF0A007FD1 /* Pods-DroneSpike.debug.xcconfig */,
			);
			name = Pods;
			sourceTree = "<group>";
		};
		82E9E2361BFB616E00129800 /* Utils */ = {
			isa = PBXGroup;
			children = (
				82E9E2371BFB618900129800 /* ImageUtils.h */,
				82E9E2381BFB618900129800 /* ImageUtils.mm */,
			);
			path = Utils;
			sourceTree = "<group>";
		};
		962FB2061BF23620004FD44C /* Frameworks */ = {
			isa = PBXGroup;
			children = (
				82483A211BF4F406007CBC2C /* libjpeg.a */,
				36ADF8361BF21A980021ED2F /* CoreLocation.framework */,
				550291731BF26580002F7FD1 /* Crashlytics.framework */,
				36ADF82B1BF13E2F0021ED2F /* DJISDK.framework */,
				550291721BF26580002F7FD1 /* Fabric.framework */,
				36ADF8311BF13E700021ED2F /* libstdc++.6.0.9.tbd */,
				36ADF82F1BF13E4F0021ED2F /* libstdc++.tbd */,
				36ADF82D1BF13E3E0021ED2F /* libz.tbd */,
			);
			path = Frameworks;
			sourceTree = "<group>";
		};
		962FB2071BF23634004FD44C /* ProjectFiles */ = {
			isa = PBXGroup;
			children = (
				82483A231BF4F674007CBC2C /* DroneSpike-Prefix.pch */,
				36ADF7FD1BF13E1E0021ED2F /* AppDelegate.swift */,
				36ADF8041BF13E1E0021ED2F /* Assets.xcassets */,
				36ADF8331BF214FA0021ED2F /* DroneSpike-Bridging-Header.h */,
				36ADF8091BF13E1E0021ED2F /* Info.plist */,
			);
			path = ProjectFiles;
			sourceTree = "<group>";
		};
		962FB2081BF2363B004FD44C /* Views */ = {
			isa = PBXGroup;
			children = (
				36ADF8061BF13E1E0021ED2F /* LaunchScreen.storyboard */,
				36ADF8011BF13E1E0021ED2F /* Main.storyboard */,
			);
			path = Views;
			sourceTree = "<group>";
		};
		962FB2091BF2363F004FD44C /* ViewControllers */ = {
			isa = PBXGroup;
			children = (
				82483A241BF4FA90007CBC2C /* DetectVideoViewController.h */,
				82483A251BF4FA90007CBC2C /* DetectVideoViewController.mm */,
				962FB20B1BF23B6B004FD44C /* HomeViewController.swift */,
				550291631BF21DA6002F7FD1 /* JoystickViewController.swift */,
				96524F361BF4EA9900C1A364 /* PlaybackViewController.swift */,
				36ADF7FF1BF13E1E0021ED2F /* WaypointViewController.swift */,
				82340B581BFA42EC0005565F /* VideoMotionViewController.h */,
				82340B591BFA42EC0005565F /* VideoMotionViewController.mm */,
			);
			path = ViewControllers;
			sourceTree = "<group>";
		};
		96524F381BF4EE5500C1A364 /* Vendor */ = {
			isa = PBXGroup;
			children = (
				36BF2AE21BF6130700154F78 /* VideoPreviewer */,
			);
			path = Vendor;
			sourceTree = "<group>";
		};
		9A6928EE8704BC9C136F7721 /* Frameworks */ = {
			isa = PBXGroup;
			children = (
				361C09511BFCB752001AE0D5 /* libiconv.tbd */,
				361C094F1BFCB74A001AE0D5 /* libbz2.tbd */,
				366B68B01BFA3DB3003FE32F /* AssetsLibrary.framework */,
				48B4C80D6368851034BE59B1 /* Pods_DroneSpike.framework */,
			);
			name = Frameworks;
			sourceTree = "<group>";
		};
/* End PBXGroup section */

/* Begin PBXNativeTarget section */
		36ADF7F91BF13E1E0021ED2F /* DroneSpike */ = {
			isa = PBXNativeTarget;
			buildConfigurationList = 36ADF8221BF13E1E0021ED2F /* Build configuration list for PBXNativeTarget "DroneSpike" */;
			buildPhases = (
				88B424107B142E534E961C0A /* Check Pods Manifest.lock */,
				36ADF7F61BF13E1E0021ED2F /* Sources */,
				36ADF7F71BF13E1E0021ED2F /* Frameworks */,
				36ADF7F81BF13E1E0021ED2F /* Resources */,
				550291711BF2654E002F7FD1 /* Run Script */,
				5024A1585DF78445EFF28B59 /* Embed Pods Frameworks */,
				C0D518462E093AF102A5A40E /* Copy Pods Resources */,
			);
			buildRules = (
			);
			dependencies = (
			);
			name = DroneSpike;
			productName = DroneSpike;
			productReference = 36ADF7FA1BF13E1E0021ED2F /* DroneSpike.app */;
			productType = "com.apple.product-type.application";
		};
		36ADF80D1BF13E1E0021ED2F /* DroneSpikeTests */ = {
			isa = PBXNativeTarget;
			buildConfigurationList = 36ADF8251BF13E1E0021ED2F /* Build configuration list for PBXNativeTarget "DroneSpikeTests" */;
			buildPhases = (
				36ADF80A1BF13E1E0021ED2F /* Sources */,
				36ADF80B1BF13E1E0021ED2F /* Frameworks */,
				36ADF80C1BF13E1E0021ED2F /* Resources */,
			);
			buildRules = (
			);
			dependencies = (
				36ADF8101BF13E1E0021ED2F /* PBXTargetDependency */,
			);
			name = DroneSpikeTests;
			productName = DroneSpikeTests;
			productReference = 36ADF80E1BF13E1E0021ED2F /* DroneSpikeTests.xctest */;
			productType = "com.apple.product-type.bundle.unit-test";
		};
		36ADF8181BF13E1E0021ED2F /* DroneSpikeUITests */ = {
			isa = PBXNativeTarget;
			buildConfigurationList = 36ADF8281BF13E1E0021ED2F /* Build configuration list for PBXNativeTarget "DroneSpikeUITests" */;
			buildPhases = (
				36ADF8151BF13E1E0021ED2F /* Sources */,
				36ADF8161BF13E1E0021ED2F /* Frameworks */,
				36ADF8171BF13E1E0021ED2F /* Resources */,
			);
			buildRules = (
			);
			dependencies = (
				36ADF81B1BF13E1E0021ED2F /* PBXTargetDependency */,
			);
			name = DroneSpikeUITests;
			productName = DroneSpikeUITests;
			productReference = 36ADF8191BF13E1E0021ED2F /* DroneSpikeUITests.xctest */;
			productType = "com.apple.product-type.bundle.ui-testing";
		};
/* End PBXNativeTarget section */

/* Begin PBXProject section */
		36ADF7F21BF13E1E0021ED2F /* Project object */ = {
			isa = PBXProject;
			attributes = {
				LastSwiftUpdateCheck = 0710;
				LastUpgradeCheck = 0710;
				ORGANIZATIONNAME = "Bearch Inc";
				TargetAttributes = {
					36ADF7F91BF13E1E0021ED2F = {
						CreatedOnToolsVersion = 7.1;
					};
					36ADF80D1BF13E1E0021ED2F = {
						CreatedOnToolsVersion = 7.1;
						TestTargetID = 36ADF7F91BF13E1E0021ED2F;
					};
					36ADF8181BF13E1E0021ED2F = {
						CreatedOnToolsVersion = 7.1;
						TestTargetID = 36ADF7F91BF13E1E0021ED2F;
					};
				};
			};
			buildConfigurationList = 36ADF7F51BF13E1E0021ED2F /* Build configuration list for PBXProject "DroneSpike" */;
			compatibilityVersion = "Xcode 3.2";
			developmentRegion = English;
			hasScannedForEncodings = 0;
			knownRegions = (
				en,
				Base,
			);
			mainGroup = 36ADF7F11BF13E1E0021ED2F;
			productRefGroup = 36ADF7FB1BF13E1E0021ED2F /* Products */;
			projectDirPath = "";
			projectRoot = "";
			targets = (
				36ADF7F91BF13E1E0021ED2F /* DroneSpike */,
				36ADF80D1BF13E1E0021ED2F /* DroneSpikeTests */,
				36ADF8181BF13E1E0021ED2F /* DroneSpikeUITests */,
			);
		};
/* End PBXProject section */

/* Begin PBXResourcesBuildPhase section */
		36ADF7F81BF13E1E0021ED2F /* Resources */ = {
			isa = PBXResourcesBuildPhase;
			buildActionMask = 2147483647;
			files = (
				82101A101BFD0B8E00D9D3C6 /* test.mov in Resources */,
				36ADF8081BF13E1E0021ED2F /* LaunchScreen.storyboard in Resources */,
				82101A121BFD0F6300D9D3C6 /* test3.mov in Resources */,
				36ADF8051BF13E1E0021ED2F /* Assets.xcassets in Resources */,
				36ADF8031BF13E1E0021ED2F /* Main.storyboard in Resources */,
			);
			runOnlyForDeploymentPostprocessing = 0;
		};
		36ADF80C1BF13E1E0021ED2F /* Resources */ = {
			isa = PBXResourcesBuildPhase;
			buildActionMask = 2147483647;
			files = (
			);
			runOnlyForDeploymentPostprocessing = 0;
		};
		36ADF8171BF13E1E0021ED2F /* Resources */ = {
			isa = PBXResourcesBuildPhase;
			buildActionMask = 2147483647;
			files = (
			);
			runOnlyForDeploymentPostprocessing = 0;
		};
/* End PBXResourcesBuildPhase section */

/* Begin PBXShellScriptBuildPhase section */
		5024A1585DF78445EFF28B59 /* Embed Pods Frameworks */ = {
			isa = PBXShellScriptBuildPhase;
			buildActionMask = 2147483647;
			files = (
			);
			inputPaths = (
			);
			name = "Embed Pods Frameworks";
			outputPaths = (
			);
			runOnlyForDeploymentPostprocessing = 0;
			shellPath = /bin/sh;
			shellScript = "\"${SRCROOT}/Pods/Target Support Files/Pods-DroneSpike/Pods-DroneSpike-frameworks.sh\"\n";
			showEnvVarsInLog = 0;
		};
		550291711BF2654E002F7FD1 /* Run Script */ = {
			isa = PBXShellScriptBuildPhase;
			buildActionMask = 2147483647;
			files = (
			);
			inputPaths = (
			);
			name = "Run Script";
			outputPaths = (
			);
			runOnlyForDeploymentPostprocessing = 0;
			shellPath = /bin/sh;
			shellScript = "./DroneSpike/Frameworks/Fabric.framework/run d755fc6afce425dd611af6e6129b210edaa514ba 8cc8bb27b7b0cca83f23953ccd681dea7a61dc8e36791ce88768da1c16b4042b";
		};
		88B424107B142E534E961C0A /* Check Pods Manifest.lock */ = {
			isa = PBXShellScriptBuildPhase;
			buildActionMask = 2147483647;
			files = (
			);
			inputPaths = (
			);
			name = "Check Pods Manifest.lock";
			outputPaths = (
			);
			runOnlyForDeploymentPostprocessing = 0;
			shellPath = /bin/sh;
			shellScript = "diff \"${PODS_ROOT}/../Podfile.lock\" \"${PODS_ROOT}/Manifest.lock\" > /dev/null\nif [[ $? != 0 ]] ; then\n    cat << EOM\nerror: The sandbox is not in sync with the Podfile.lock. Run 'pod install' or update your CocoaPods installation.\nEOM\n    exit 1\nfi\n";
			showEnvVarsInLog = 0;
		};
		C0D518462E093AF102A5A40E /* Copy Pods Resources */ = {
			isa = PBXShellScriptBuildPhase;
			buildActionMask = 2147483647;
			files = (
			);
			inputPaths = (
			);
			name = "Copy Pods Resources";
			outputPaths = (
			);
			runOnlyForDeploymentPostprocessing = 0;
			shellPath = /bin/sh;
			shellScript = "\"${SRCROOT}/Pods/Target Support Files/Pods-DroneSpike/Pods-DroneSpike-resources.sh\"\n";
			showEnvVarsInLog = 0;
		};
/* End PBXShellScriptBuildPhase section */

/* Begin PBXSourcesBuildPhase section */
		36ADF7F61BF13E1E0021ED2F /* Sources */ = {
			isa = PBXSourcesBuildPhase;
			buildActionMask = 2147483647;
			files = (
				36BF2B6C1BF6130700154F78 /* MovieGLView.m in Sources */,
				82340B5A1BFA42EC0005565F /* VideoMotionViewController.mm in Sources */,
				36BF2B621BF6130700154F78 /* DJILinkQueues.m in Sources */,
				36ADF8001BF13E1E0021ED2F /* WaypointViewController.swift in Sources */,
				96524F371BF4EA9900C1A364 /* PlaybackViewController.swift in Sources */,
				361C09591BFCD7A6001AE0D5 /* CVConverters.mm in Sources */,
				82101A1D1BFF5DF300D9D3C6 /* CamshiftUtil.mm in Sources */,
				361C09551BFCD79A001AE0D5 /* MissionControl.swift in Sources */,
				550291641BF21DA6002F7FD1 /* JoystickViewController.swift in Sources */,
				36ADF7FE1BF13E1E0021ED2F /* AppDelegate.swift in Sources */,
				82483A261BF4FA90007CBC2C /* DetectVideoViewController.mm in Sources */,
				361C09561BFCD79A001AE0D5 /* Waypoint.swift in Sources */,
				962FB20C1BF23B6B004FD44C /* HomeViewController.swift in Sources */,
				36BF2B6D1BF6130700154F78 /* VideoFrameExtractor.m in Sources */,
				36BF2B6E1BF6130700154F78 /* VideoPreviewer.m in Sources */,
				82E9E2391BFB618900129800 /* ImageUtils.mm in Sources */,
			);
			runOnlyForDeploymentPostprocessing = 0;
		};
		36ADF80A1BF13E1E0021ED2F /* Sources */ = {
			isa = PBXSourcesBuildPhase;
			buildActionMask = 2147483647;
			files = (
				36ADF8131BF13E1E0021ED2F /* DroneSpikeTests.swift in Sources */,
			);
			runOnlyForDeploymentPostprocessing = 0;
		};
		36ADF8151BF13E1E0021ED2F /* Sources */ = {
			isa = PBXSourcesBuildPhase;
			buildActionMask = 2147483647;
			files = (
				36ADF81E1BF13E1E0021ED2F /* DroneSpikeUITests.swift in Sources */,
			);
			runOnlyForDeploymentPostprocessing = 0;
		};
/* End PBXSourcesBuildPhase section */

/* Begin PBXTargetDependency section */
		36ADF8101BF13E1E0021ED2F /* PBXTargetDependency */ = {
			isa = PBXTargetDependency;
			target = 36ADF7F91BF13E1E0021ED2F /* DroneSpike */;
			targetProxy = 36ADF80F1BF13E1E0021ED2F /* PBXContainerItemProxy */;
		};
		36ADF81B1BF13E1E0021ED2F /* PBXTargetDependency */ = {
			isa = PBXTargetDependency;
			target = 36ADF7F91BF13E1E0021ED2F /* DroneSpike */;
			targetProxy = 36ADF81A1BF13E1E0021ED2F /* PBXContainerItemProxy */;
		};
/* End PBXTargetDependency section */

/* Begin PBXVariantGroup section */
		36ADF8011BF13E1E0021ED2F /* Main.storyboard */ = {
			isa = PBXVariantGroup;
			children = (
				36ADF8021BF13E1E0021ED2F /* Base */,
			);
			name = Main.storyboard;
			path = .;
			sourceTree = "<group>";
		};
		36ADF8061BF13E1E0021ED2F /* LaunchScreen.storyboard */ = {
			isa = PBXVariantGroup;
			children = (
				36ADF8071BF13E1E0021ED2F /* Base */,
			);
			name = LaunchScreen.storyboard;
			path = .;
			sourceTree = "<group>";
		};
/* End PBXVariantGroup section */

/* Begin XCBuildConfiguration section */
		36ADF8201BF13E1E0021ED2F /* Debug */ = {
			isa = XCBuildConfiguration;
			buildSettings = {
				ALWAYS_SEARCH_USER_PATHS = NO;
				CLANG_CXX_LANGUAGE_STANDARD = "gnu++0x";
				CLANG_CXX_LIBRARY = "libc++";
				CLANG_ENABLE_MODULES = YES;
				CLANG_ENABLE_OBJC_ARC = YES;
				CLANG_WARN_BOOL_CONVERSION = YES;
				CLANG_WARN_CONSTANT_CONVERSION = YES;
				CLANG_WARN_DIRECT_OBJC_ISA_USAGE = YES_ERROR;
				CLANG_WARN_EMPTY_BODY = YES;
				CLANG_WARN_ENUM_CONVERSION = YES;
				CLANG_WARN_INT_CONVERSION = YES;
				CLANG_WARN_OBJC_ROOT_CLASS = YES_ERROR;
				CLANG_WARN_UNREACHABLE_CODE = YES;
				CLANG_WARN__DUPLICATE_METHOD_MATCH = YES;
				"CODE_SIGN_IDENTITY[sdk=iphoneos*]" = "iPhone Developer";
				COPY_PHASE_STRIP = NO;
				DEBUG_INFORMATION_FORMAT = "dwarf-with-dsym";
				ENABLE_STRICT_OBJC_MSGSEND = YES;
				ENABLE_TESTABILITY = YES;
				GCC_C_LANGUAGE_STANDARD = gnu99;
				GCC_DYNAMIC_NO_PIC = NO;
				GCC_NO_COMMON_BLOCKS = YES;
				GCC_OPTIMIZATION_LEVEL = 0;
				GCC_PREPROCESSOR_DEFINITIONS = (
					"DEBUG=1",
					"$(inherited)",
				);
				GCC_WARN_64_TO_32_BIT_CONVERSION = YES;
				GCC_WARN_ABOUT_RETURN_TYPE = YES_ERROR;
				GCC_WARN_UNDECLARED_SELECTOR = YES;
				GCC_WARN_UNINITIALIZED_AUTOS = YES_AGGRESSIVE;
				GCC_WARN_UNUSED_FUNCTION = YES;
				GCC_WARN_UNUSED_VARIABLE = YES;
				IPHONEOS_DEPLOYMENT_TARGET = 9.1;
				MTL_ENABLE_DEBUG_INFO = YES;
				ONLY_ACTIVE_ARCH = YES;
				SDKROOT = iphoneos;
				SWIFT_OPTIMIZATION_LEVEL = "-Onone";
				TARGETED_DEVICE_FAMILY = "1,2";
			};
			name = Debug;
		};
		36ADF8211BF13E1E0021ED2F /* Release */ = {
			isa = XCBuildConfiguration;
			buildSettings = {
				ALWAYS_SEARCH_USER_PATHS = NO;
				CLANG_CXX_LANGUAGE_STANDARD = "gnu++0x";
				CLANG_CXX_LIBRARY = "libc++";
				CLANG_ENABLE_MODULES = YES;
				CLANG_ENABLE_OBJC_ARC = YES;
				CLANG_WARN_BOOL_CONVERSION = YES;
				CLANG_WARN_CONSTANT_CONVERSION = YES;
				CLANG_WARN_DIRECT_OBJC_ISA_USAGE = YES_ERROR;
				CLANG_WARN_EMPTY_BODY = YES;
				CLANG_WARN_ENUM_CONVERSION = YES;
				CLANG_WARN_INT_CONVERSION = YES;
				CLANG_WARN_OBJC_ROOT_CLASS = YES_ERROR;
				CLANG_WARN_UNREACHABLE_CODE = YES;
				CLANG_WARN__DUPLICATE_METHOD_MATCH = YES;
				"CODE_SIGN_IDENTITY[sdk=iphoneos*]" = "iPhone Developer";
				COPY_PHASE_STRIP = NO;
				DEBUG_INFORMATION_FORMAT = "dwarf-with-dsym";
				ENABLE_NS_ASSERTIONS = NO;
				ENABLE_STRICT_OBJC_MSGSEND = YES;
				GCC_C_LANGUAGE_STANDARD = gnu99;
				GCC_NO_COMMON_BLOCKS = YES;
				GCC_WARN_64_TO_32_BIT_CONVERSION = YES;
				GCC_WARN_ABOUT_RETURN_TYPE = YES_ERROR;
				GCC_WARN_UNDECLARED_SELECTOR = YES;
				GCC_WARN_UNINITIALIZED_AUTOS = YES_AGGRESSIVE;
				GCC_WARN_UNUSED_FUNCTION = YES;
				GCC_WARN_UNUSED_VARIABLE = YES;
				IPHONEOS_DEPLOYMENT_TARGET = 9.1;
				MTL_ENABLE_DEBUG_INFO = NO;
				SDKROOT = iphoneos;
				TARGETED_DEVICE_FAMILY = "1,2";
				VALIDATE_PRODUCT = YES;
			};
			name = Release;
		};
		36ADF8231BF13E1E0021ED2F /* Debug */ = {
			isa = XCBuildConfiguration;
			baseConfigurationReference = 6679D6583CBEA7DF0A007FD1 /* Pods-DroneSpike.debug.xcconfig */;
			buildSettings = {
				ASSETCATALOG_COMPILER_APPICON_NAME = AppIcon;
				CLANG_ENABLE_MODULES = YES;
				ENABLE_BITCODE = NO;
				FRAMEWORK_SEARCH_PATHS = (
					"$(inherited)",
					"$(PROJECT_DIR)/DroneSpike",
					"$(PROJECT_DIR)/DroneSpike/Frameworks",
					"$(PROJECT_DIR)",
				);
				HEADER_SEARCH_PATHS = (
					"$(inherited)",
					"\"${PODS_ROOT}/Headers/Public\"",
					"\"${PODS_ROOT}/Headers/Public/OpenCV\"",
				);
				INFOPLIST_FILE = DroneSpike/ProjectFiles/Info.plist;
				LD_RUNPATH_SEARCH_PATHS = "$(inherited) @executable_path/Frameworks";
				LIBRARY_SEARCH_PATHS = (
					"$(inherited)",
					"$(PROJECT_DIR)/DroneSpike/Vendor/VideoPreviewer/ffmpeg/lib",
					"$(PROJECT_DIR)/DroneSpike/Frameworks",
					"$(PROJECT_DIR)/DroneSpike/Vendor/VideoPreviewer/DJIH264Decoder/lib",
				);
				PRODUCT_BUNDLE_IDENTIFIER = com.bearch.DroneSpike;
				PRODUCT_NAME = "$(TARGET_NAME)";
				SWIFT_OBJC_BRIDGING_HEADER = "DroneSpike/ProjectFiles/DroneSpike-Bridging-Header.h";
				SWIFT_OPTIMIZATION_LEVEL = "-Onone";
				USER_HEADER_SEARCH_PATHS = "$(PROJECT_DIR)/DroneSpike/Vendor/VideoPreviewer/ffmpeg/include $(PROJECT_DIR)/DroneSpike/Vendor/VideoPreviewer/DJIH264Decoder/include";
			};
			name = Debug;
		};
		36ADF8241BF13E1E0021ED2F /* Release */ = {
			isa = XCBuildConfiguration;
			baseConfigurationReference = F4BFB78E6ED95170A1C64597 /* Pods-DroneSpike.release.xcconfig */;
			buildSettings = {
				ASSETCATALOG_COMPILER_APPICON_NAME = AppIcon;
				CLANG_ENABLE_MODULES = YES;
				ENABLE_BITCODE = NO;
				FRAMEWORK_SEARCH_PATHS = (
					"$(inherited)",
					"$(PROJECT_DIR)/DroneSpike",
					"$(PROJECT_DIR)/DroneSpike/Frameworks",
					"$(PROJECT_DIR)",
				);
				HEADER_SEARCH_PATHS = (
					"$(inherited)",
					"\"${PODS_ROOT}/Headers/Public\"",
					"\"${PODS_ROOT}/Headers/Public/OpenCV\"",
				);
				INFOPLIST_FILE = DroneSpike/ProjectFiles/Info.plist;
				LD_RUNPATH_SEARCH_PATHS = "$(inherited) @executable_path/Frameworks";
				LIBRARY_SEARCH_PATHS = (
					"$(inherited)",
					"$(PROJECT_DIR)/DroneSpike/Vendor/VideoPreviewer/ffmpeg/lib",
					"$(PROJECT_DIR)/DroneSpike/Frameworks",
					"$(PROJECT_DIR)/DroneSpike/Vendor/VideoPreviewer/DJIH264Decoder/lib",
				);
				PRODUCT_BUNDLE_IDENTIFIER = com.bearch.DroneSpike;
				PRODUCT_NAME = "$(TARGET_NAME)";
				SWIFT_OBJC_BRIDGING_HEADER = "DroneSpike/ProjectFiles/DroneSpike-Bridging-Header.h";
				USER_HEADER_SEARCH_PATHS = "$(PROJECT_DIR)/DroneSpike/Vendor/VideoPreviewer/ffmpeg/include $(PROJECT_DIR)/DroneSpike/Vendor/VideoPreviewer/DJIH264Decoder/include";
			};
			name = Release;
		};
		36ADF8261BF13E1E0021ED2F /* Debug */ = {
			isa = XCBuildConfiguration;
			buildSettings = {
				BUNDLE_LOADER = "$(TEST_HOST)";
				INFOPLIST_FILE = DroneSpikeTests/Info.plist;
				LD_RUNPATH_SEARCH_PATHS = "$(inherited) @executable_path/Frameworks @loader_path/Frameworks";
				PRODUCT_BUNDLE_IDENTIFIER = com.bearch.DroneSpikeTests;
				PRODUCT_NAME = "$(TARGET_NAME)";
				TEST_HOST = "$(BUILT_PRODUCTS_DIR)/DroneSpike.app/DroneSpike";
			};
			name = Debug;
		};
		36ADF8271BF13E1E0021ED2F /* Release */ = {
			isa = XCBuildConfiguration;
			buildSettings = {
				BUNDLE_LOADER = "$(TEST_HOST)";
				INFOPLIST_FILE = DroneSpikeTests/Info.plist;
				LD_RUNPATH_SEARCH_PATHS = "$(inherited) @executable_path/Frameworks @loader_path/Frameworks";
				PRODUCT_BUNDLE_IDENTIFIER = com.bearch.DroneSpikeTests;
				PRODUCT_NAME = "$(TARGET_NAME)";
				TEST_HOST = "$(BUILT_PRODUCTS_DIR)/DroneSpike.app/DroneSpike";
			};
			name = Release;
		};
		36ADF8291BF13E1E0021ED2F /* Debug */ = {
			isa = XCBuildConfiguration;
			buildSettings = {
				INFOPLIST_FILE = DroneSpikeUITests/Info.plist;
				LD_RUNPATH_SEARCH_PATHS = "$(inherited) @executable_path/Frameworks @loader_path/Frameworks";
				PRODUCT_BUNDLE_IDENTIFIER = com.bearch.DroneSpikeUITests;
				PRODUCT_NAME = "$(TARGET_NAME)";
				TEST_TARGET_NAME = DroneSpike;
				USES_XCTRUNNER = YES;
			};
			name = Debug;
		};
		36ADF82A1BF13E1E0021ED2F /* Release */ = {
			isa = XCBuildConfiguration;
			buildSettings = {
				INFOPLIST_FILE = DroneSpikeUITests/Info.plist;
				LD_RUNPATH_SEARCH_PATHS = "$(inherited) @executable_path/Frameworks @loader_path/Frameworks";
				PRODUCT_BUNDLE_IDENTIFIER = com.bearch.DroneSpikeUITests;
				PRODUCT_NAME = "$(TARGET_NAME)";
				TEST_TARGET_NAME = DroneSpike;
				USES_XCTRUNNER = YES;
			};
			name = Release;
		};
/* End XCBuildConfiguration section */

/* Begin XCConfigurationList section */
		36ADF7F51BF13E1E0021ED2F /* Build configuration list for PBXProject "DroneSpike" */ = {
			isa = XCConfigurationList;
			buildConfigurations = (
				36ADF8201BF13E1E0021ED2F /* Debug */,
				36ADF8211BF13E1E0021ED2F /* Release */,
			);
			defaultConfigurationIsVisible = 0;
			defaultConfigurationName = Release;
		};
		36ADF8221BF13E1E0021ED2F /* Build configuration list for PBXNativeTarget "DroneSpike" */ = {
			isa = XCConfigurationList;
			buildConfigurations = (
				36ADF8231BF13E1E0021ED2F /* Debug */,
				36ADF8241BF13E1E0021ED2F /* Release */,
			);
			defaultConfigurationIsVisible = 0;
			defaultConfigurationName = Release;
		};
		36ADF8251BF13E1E0021ED2F /* Build configuration list for PBXNativeTarget "DroneSpikeTests" */ = {
			isa = XCConfigurationList;
			buildConfigurations = (
				36ADF8261BF13E1E0021ED2F /* Debug */,
				36ADF8271BF13E1E0021ED2F /* Release */,
			);
			defaultConfigurationIsVisible = 0;
			defaultConfigurationName = Release;
		};
		36ADF8281BF13E1E0021ED2F /* Build configuration list for PBXNativeTarget "DroneSpikeUITests" */ = {
			isa = XCConfigurationList;
			buildConfigurations = (
				36ADF8291BF13E1E0021ED2F /* Debug */,
				36ADF82A1BF13E1E0021ED2F /* Release */,
			);
			defaultConfigurationIsVisible = 0;
			defaultConfigurationName = Release;
		};
/* End XCConfigurationList section */
	};
	rootObject = 36ADF7F21BF13E1E0021ED2F /* Project object */;
}
